
Microsoft Visual Studio Solution File, Format Version 12.00
# Visual Studio Version 17
VisualStudioVersion = 17.5.2.0
MinimumVisualStudioVersion = 10.0.40219.1
Project("{2150E333-8FDC-42A3-9474-1A3956D46DE8}") = "Integration", "Integration", "{823D4020-332D-2C13-F261-6F510F11A57E}"
EndProject
Project("{2150E333-8FDC-42A3-9474-1A3956D46DE8}") = "Source", "Source", "{B8EFCA5F-814F-285C-A8CB-F00F14650265}"
EndProject
Project("{FAE04EC0-301F-11D3-BF4B-00C04F79EFBC}") = "Orleans.InProcess", "Integration\Orleans.InProcess\Orleans.InProcess.csproj", "{3653259B-57AF-F369-42CB-B9B49F566BFE}"
EndProject
Project("{FAE04EC0-301F-11D3-BF4B-00C04F79EFBC}") = "Base", "Integration\Base\Base.csproj", "{7AADAEA2-69A5-843B-59CB-03B0D8C43E08}"
EndProject
Project("{FAE04EC0-301F-11D3-BF4B-00C04F79EFBC}") = "Infrastructure.Specs", "Source\Infrastructure.Specs\Infrastructure.Specs.csproj", "{2095023D-346A-53D6-419B-B20D1D1FEBB6}"
EndProject
Project("{FAE04EC0-301F-11D3-BF4B-00C04F79EFBC}") = "Infrastructure", "Source\Infrastructure\Infrastructure.csproj", "{50DC35BE-E134-D5C5-525A-9568156CA08C}"
EndProject
Project("{FAE04EC0-301F-11D3-BF4B-00C04F79EFBC}") = "Api", "Source\Api\Api.csproj", "{AFA9D3DB-0091-4C33-701C-77F3D1BC8A94}"
EndProject
Project("{2150E333-8FDC-42A3-9474-1A3956D46DE8}") = "Clients", "Clients", "{A81B7D94-0155-67C9-365B-A79B854B2753}"
EndProject
Project("{FAE04EC0-301F-11D3-BF4B-00C04F79EFBC}") = "XUnit", "Source\Clients\XUnit\XUnit.csproj", "{1352D901-F3B9-AA5D-535A-F8378187D97B}"
EndProject
Project("{FAE04EC0-301F-11D3-BF4B-00C04F79EFBC}") = "Connections", "Source\Clients\Connections\Connections.csproj", "{44DAAF27-3E4D-538C-B747-C2026C230968}"
EndProject
Project("{FAE04EC0-301F-11D3-BF4B-00C04F79EFBC}") = "DotNET.Specs", "Source\Clients\DotNET.Specs\DotNET.Specs.csproj", "{A1F07A99-47E6-3E8E-CA6E-9EE396A123E6}"
EndProject
Project("{FAE04EC0-301F-11D3-BF4B-00C04F79EFBC}") = "AspNetCore", "Source\Clients\AspNetCore\AspNetCore.csproj", "{D38F458E-82FE-5F6F-80DD-613572E2CA10}"
EndProject
Project("{FAE04EC0-301F-11D3-BF4B-00C04F79EFBC}") = "Orleans.InProcess", "Source\Clients\Orleans.InProcess\Orleans.InProcess.csproj", "{BC1A95E9-07B6-04DA-0857-E55A4B592D48}"
EndProject
Project("{FAE04EC0-301F-11D3-BF4B-00C04F79EFBC}") = "Orleans", "Source\Clients\Orleans\Orleans.csproj", "{737D7D36-FC8F-AC3E-0922-64777BBCE241}"
EndProject
Project("{FAE04EC0-301F-11D3-BF4B-00C04F79EFBC}") = "DotNET", "Source\Clients\DotNET\DotNET.csproj", "{67A6AF77-F801-BA32-F6D6-60F3718E1D27}"
EndProject
Project("{FAE04EC0-301F-11D3-BF4B-00C04F79EFBC}") = "Orleans.XUnit", "Source\Clients\Orleans.XUnit\Orleans.XUnit.csproj", "{0BB2A734-3F74-1B6B-3B99-B7D1FBBD5515}"
EndProject
Project("{FAE04EC0-301F-11D3-BF4B-00C04F79EFBC}") = "AspNetCore.Specs", "Source\Clients\AspNetCore.Specs\AspNetCore.Specs.csproj", "{F138756B-AC28-9AF9-AFAD-49558A515529}"
EndProject
Project("{2150E333-8FDC-42A3-9474-1A3956D46DE8}") = "Kernel", "Kernel", "{98856D1C-6A95-76B7-5543-111401E783E3}"
EndProject
Project("{FAE04EC0-301F-11D3-BF4B-00C04F79EFBC}") = "Setup", "Source\Kernel\Setup\Setup.csproj", "{8C5F4AD1-B094-8F3E-FFEE-1475F2B3E211}"
EndProject
Project("{FAE04EC0-301F-11D3-BF4B-00C04F79EFBC}") = "Storage.Specs", "Source\Kernel\Storage.Specs\Storage.Specs.csproj", "{F67BD989-1887-3DA6-5F59-F89DFAA8BF4D}"
EndProject
Project("{FAE04EC0-301F-11D3-BF4B-00C04F79EFBC}") = "Storage.MongoDB", "Source\Kernel\Storage.MongoDB\Storage.MongoDB.csproj", "{0DA2DD17-E6FA-852A-0491-C1E385F9C75D}"
EndProject
Project("{FAE04EC0-301F-11D3-BF4B-00C04F79EFBC}") = "Projections.Specs", "Source\Kernel\Projections.Specs\Projections.Specs.csproj", "{EE15F9B3-05C4-C857-C0A1-DAFB14A2BF5F}"
EndProject
Project("{FAE04EC0-301F-11D3-BF4B-00C04F79EFBC}") = "Grains.Interfaces", "Source\Kernel\Grains.Interfaces\Grains.Interfaces.csproj", "{0F01AC9D-8FC5-1416-4C22-A519C7FAF990}"
EndProject
Project("{FAE04EC0-301F-11D3-BF4B-00C04F79EFBC}") = "Compliance", "Source\Kernel\Compliance\Compliance.csproj", "{991D98BF-3986-A093-FB22-9CA91AC2CD89}"
EndProject
Project("{FAE04EC0-301F-11D3-BF4B-00C04F79EFBC}") = "Events", "Source\Kernel\Events\Events.csproj", "{CC606400-B5A2-72A0-93C0-1D8485EF4B1C}"
EndProject
Project("{FAE04EC0-301F-11D3-BF4B-00C04F79EFBC}") = "Compliance.Specs", "Source\Kernel\Compliance.Specs\Compliance.Specs.csproj", "{8ABAE4B3-D2C0-A277-D101-870BD9DF776D}"
EndProject
Project("{FAE04EC0-301F-11D3-BF4B-00C04F79EFBC}") = "Grains", "Source\Kernel\Grains\Grains.csproj", "{32D52E1E-6EF7-C916-057E-60686212737F}"
EndProject
Project("{FAE04EC0-301F-11D3-BF4B-00C04F79EFBC}") = "Storage", "Source\Kernel\Storage\Storage.csproj", "{CD7E5A39-230B-B24C-4121-287EF8E8087A}"
EndProject
Project("{FAE04EC0-301F-11D3-BF4B-00C04F79EFBC}") = "Diagnostics", "Source\Kernel\Diagnostics\Diagnostics.csproj", "{0B05C6C0-FA97-5906-41C7-03BCD35E8225}"
EndProject
Project("{FAE04EC0-301F-11D3-BF4B-00C04F79EFBC}") = "Server", "Source\Kernel\Server\Server.csproj", "{3C73814C-4A68-E8E0-60EB-5ACE514BC6D6}"
EndProject
Project("{FAE04EC0-301F-11D3-BF4B-00C04F79EFBC}") = "Grains.Interfaces.Specs", "Source\Kernel\Grains.Interfaces.Specs\Grains.Interfaces.Specs.csproj", "{C682B68D-6E85-8EDE-3D5A-C7160420C364}"
EndProject
Project("{FAE04EC0-301F-11D3-BF4B-00C04F79EFBC}") = "Concepts.Specs", "Source\Kernel\Concepts.Specs\Concepts.Specs.csproj", "{DA61A519-8E05-3D2C-32B2-E7669D88D823}"
EndProject
Project("{FAE04EC0-301F-11D3-BF4B-00C04F79EFBC}") = "Services", "Source\Kernel\Services\Services.csproj", "{85C9DCEE-D83E-DABD-D6E6-4913C41B0266}"
EndProject
Project("{FAE04EC0-301F-11D3-BF4B-00C04F79EFBC}") = "Storage.MongoDB.Specs", "Source\Kernel\Storage.MongoDB.Specs\Storage.MongoDB.Specs.csproj", "{1FEAF2A9-E765-702E-6969-3D4E12D86CC8}"
EndProject
Project("{FAE04EC0-301F-11D3-BF4B-00C04F79EFBC}") = "Projections", "Source\Kernel\Projections\Projections.csproj", "{B3220051-1EBE-6F18-D720-E38104A641B8}"
EndProject
Project("{FAE04EC0-301F-11D3-BF4B-00C04F79EFBC}") = "Contracts", "Source\Kernel\Contracts\Contracts.csproj", "{DEC37D17-9493-8F6F-6FF6-EF083DF843D0}"
EndProject
Project("{FAE04EC0-301F-11D3-BF4B-00C04F79EFBC}") = "Concepts", "Source\Kernel\Concepts\Concepts.csproj", "{17E951AE-05D5-CC7D-5D22-B7E803062C91}"
EndProject
Project("{FAE04EC0-301F-11D3-BF4B-00C04F79EFBC}") = "Grains.Specs", "Source\Kernel\Grains.Specs\Grains.Specs.csproj", "{92667BFC-FC81-04EC-3AD1-4FE7C3C2AD8E}"
EndProject
Project("{2150E333-8FDC-42A3-9474-1A3956D46DE8}") = "Tools", "Tools", "{82952E8A-BE24-56EA-13F6-4DD522780281}"
EndProject
Project("{FAE04EC0-301F-11D3-BF4B-00C04F79EFBC}") = "GrpcClients", "Source\Tools\GrpcClients\GrpcClients.csproj", "{19BCFAFA-29AE-D6E8-5012-9928350E3986}"
EndProject
Project("{FAE04EC0-301F-11D3-BF4B-00C04F79EFBC}") = "AssemblyFixer", "Source\Tools\AssemblyFixer\AssemblyFixer.csproj", "{D898500F-4283-DEA3-BB5F-FC4894E875E1}"
EndProject
Project("{FAE04EC0-301F-11D3-BF4B-00C04F79EFBC}") = "ResourceEmbedder", "Source\Tools\ResourceEmbedder\ResourceEmbedder.csproj", "{6DAEDD17-3993-A51F-3B9E-4196844EABA3}"
EndProject
Project("{FAE04EC0-301F-11D3-BF4B-00C04F79EFBC}") = "InternalsVerifier", "Source\Tools\InternalsVerifier\InternalsVerifier.csproj", "{1CCED564-C2E3-53DC-7ECE-4104F4198726}"
EndProject
Project("{2150E333-8FDC-42A3-9474-1A3956D46DE8}") = "Workbench", "Workbench", "{D7176D0C-0D16-292F-90BB-32EF881BC90E}"
EndProject
Project("{FAE04EC0-301F-11D3-BF4B-00C04F79EFBC}") = "Embedded", "Source\Workbench\Embedded\Embedded.csproj", "{9640D867-F10B-C923-BCF3-32ED3577FF22}"
EndProject
Project("{FAE04EC0-301F-11D3-BF4B-00C04F79EFBC}") = "Configuration", "Source\Kernel\Configuration\Configuration.csproj", "{8AF5CFBE-3738-4FF3-92D7-8DB666BE2F7B}"
EndProject
Global
	GlobalSection(SolutionConfigurationPlatforms) = preSolution
		Debug|Any CPU = Debug|Any CPU
		Debug|x64 = Debug|x64
		Debug|x86 = Debug|x86
		Release|Any CPU = Release|Any CPU
		Release|x64 = Release|x64
		Release|x86 = Release|x86
	EndGlobalSection
	GlobalSection(ProjectConfigurationPlatforms) = postSolution
		{3653259B-57AF-F369-42CB-B9B49F566BFE}.Debug|Any CPU.ActiveCfg = Debug|Any CPU
		{3653259B-57AF-F369-42CB-B9B49F566BFE}.Debug|Any CPU.Build.0 = Debug|Any CPU
		{3653259B-57AF-F369-42CB-B9B49F566BFE}.Debug|x64.ActiveCfg = Debug|Any CPU
		{3653259B-57AF-F369-42CB-B9B49F566BFE}.Debug|x64.Build.0 = Debug|Any CPU
		{3653259B-57AF-F369-42CB-B9B49F566BFE}.Debug|x86.ActiveCfg = Debug|Any CPU
		{3653259B-57AF-F369-42CB-B9B49F566BFE}.Debug|x86.Build.0 = Debug|Any CPU
		{3653259B-57AF-F369-42CB-B9B49F566BFE}.Release|Any CPU.ActiveCfg = Release|Any CPU
		{3653259B-57AF-F369-42CB-B9B49F566BFE}.Release|Any CPU.Build.0 = Release|Any CPU
		{3653259B-57AF-F369-42CB-B9B49F566BFE}.Release|x64.ActiveCfg = Release|Any CPU
		{3653259B-57AF-F369-42CB-B9B49F566BFE}.Release|x64.Build.0 = Release|Any CPU
		{3653259B-57AF-F369-42CB-B9B49F566BFE}.Release|x86.ActiveCfg = Release|Any CPU
		{3653259B-57AF-F369-42CB-B9B49F566BFE}.Release|x86.Build.0 = Release|Any CPU
		{7AADAEA2-69A5-843B-59CB-03B0D8C43E08}.Debug|Any CPU.ActiveCfg = Debug|Any CPU
		{7AADAEA2-69A5-843B-59CB-03B0D8C43E08}.Debug|Any CPU.Build.0 = Debug|Any CPU
		{7AADAEA2-69A5-843B-59CB-03B0D8C43E08}.Debug|x64.ActiveCfg = Debug|Any CPU
		{7AADAEA2-69A5-843B-59CB-03B0D8C43E08}.Debug|x64.Build.0 = Debug|Any CPU
		{7AADAEA2-69A5-843B-59CB-03B0D8C43E08}.Debug|x86.ActiveCfg = Debug|Any CPU
		{7AADAEA2-69A5-843B-59CB-03B0D8C43E08}.Debug|x86.Build.0 = Debug|Any CPU
		{7AADAEA2-69A5-843B-59CB-03B0D8C43E08}.Release|Any CPU.ActiveCfg = Release|Any CPU
		{7AADAEA2-69A5-843B-59CB-03B0D8C43E08}.Release|Any CPU.Build.0 = Release|Any CPU
		{7AADAEA2-69A5-843B-59CB-03B0D8C43E08}.Release|x64.ActiveCfg = Release|Any CPU
		{7AADAEA2-69A5-843B-59CB-03B0D8C43E08}.Release|x64.Build.0 = Release|Any CPU
		{7AADAEA2-69A5-843B-59CB-03B0D8C43E08}.Release|x86.ActiveCfg = Release|Any CPU
		{7AADAEA2-69A5-843B-59CB-03B0D8C43E08}.Release|x86.Build.0 = Release|Any CPU
		{2095023D-346A-53D6-419B-B20D1D1FEBB6}.Debug|Any CPU.ActiveCfg = Debug|Any CPU
		{2095023D-346A-53D6-419B-B20D1D1FEBB6}.Debug|Any CPU.Build.0 = Debug|Any CPU
		{2095023D-346A-53D6-419B-B20D1D1FEBB6}.Debug|x64.ActiveCfg = Debug|Any CPU
		{2095023D-346A-53D6-419B-B20D1D1FEBB6}.Debug|x64.Build.0 = Debug|Any CPU
		{2095023D-346A-53D6-419B-B20D1D1FEBB6}.Debug|x86.ActiveCfg = Debug|Any CPU
		{2095023D-346A-53D6-419B-B20D1D1FEBB6}.Debug|x86.Build.0 = Debug|Any CPU
		{2095023D-346A-53D6-419B-B20D1D1FEBB6}.Release|Any CPU.ActiveCfg = Release|Any CPU
		{2095023D-346A-53D6-419B-B20D1D1FEBB6}.Release|Any CPU.Build.0 = Release|Any CPU
		{2095023D-346A-53D6-419B-B20D1D1FEBB6}.Release|x64.ActiveCfg = Release|Any CPU
		{2095023D-346A-53D6-419B-B20D1D1FEBB6}.Release|x64.Build.0 = Release|Any CPU
		{2095023D-346A-53D6-419B-B20D1D1FEBB6}.Release|x86.ActiveCfg = Release|Any CPU
		{2095023D-346A-53D6-419B-B20D1D1FEBB6}.Release|x86.Build.0 = Release|Any CPU
		{50DC35BE-E134-D5C5-525A-9568156CA08C}.Debug|Any CPU.ActiveCfg = Debug|Any CPU
		{50DC35BE-E134-D5C5-525A-9568156CA08C}.Debug|Any CPU.Build.0 = Debug|Any CPU
		{50DC35BE-E134-D5C5-525A-9568156CA08C}.Debug|x64.ActiveCfg = Debug|Any CPU
		{50DC35BE-E134-D5C5-525A-9568156CA08C}.Debug|x64.Build.0 = Debug|Any CPU
		{50DC35BE-E134-D5C5-525A-9568156CA08C}.Debug|x86.ActiveCfg = Debug|Any CPU
		{50DC35BE-E134-D5C5-525A-9568156CA08C}.Debug|x86.Build.0 = Debug|Any CPU
		{50DC35BE-E134-D5C5-525A-9568156CA08C}.Release|Any CPU.ActiveCfg = Release|Any CPU
		{50DC35BE-E134-D5C5-525A-9568156CA08C}.Release|Any CPU.Build.0 = Release|Any CPU
		{50DC35BE-E134-D5C5-525A-9568156CA08C}.Release|x64.ActiveCfg = Release|Any CPU
		{50DC35BE-E134-D5C5-525A-9568156CA08C}.Release|x64.Build.0 = Release|Any CPU
		{50DC35BE-E134-D5C5-525A-9568156CA08C}.Release|x86.ActiveCfg = Release|Any CPU
		{50DC35BE-E134-D5C5-525A-9568156CA08C}.Release|x86.Build.0 = Release|Any CPU
		{AFA9D3DB-0091-4C33-701C-77F3D1BC8A94}.Debug|Any CPU.ActiveCfg = Debug|Any CPU
		{AFA9D3DB-0091-4C33-701C-77F3D1BC8A94}.Debug|Any CPU.Build.0 = Debug|Any CPU
		{AFA9D3DB-0091-4C33-701C-77F3D1BC8A94}.Debug|x64.ActiveCfg = Debug|Any CPU
		{AFA9D3DB-0091-4C33-701C-77F3D1BC8A94}.Debug|x64.Build.0 = Debug|Any CPU
		{AFA9D3DB-0091-4C33-701C-77F3D1BC8A94}.Debug|x86.ActiveCfg = Debug|Any CPU
		{AFA9D3DB-0091-4C33-701C-77F3D1BC8A94}.Debug|x86.Build.0 = Debug|Any CPU
		{AFA9D3DB-0091-4C33-701C-77F3D1BC8A94}.Release|Any CPU.ActiveCfg = Release|Any CPU
		{AFA9D3DB-0091-4C33-701C-77F3D1BC8A94}.Release|Any CPU.Build.0 = Release|Any CPU
		{AFA9D3DB-0091-4C33-701C-77F3D1BC8A94}.Release|x64.ActiveCfg = Release|Any CPU
		{AFA9D3DB-0091-4C33-701C-77F3D1BC8A94}.Release|x64.Build.0 = Release|Any CPU
		{AFA9D3DB-0091-4C33-701C-77F3D1BC8A94}.Release|x86.ActiveCfg = Release|Any CPU
		{AFA9D3DB-0091-4C33-701C-77F3D1BC8A94}.Release|x86.Build.0 = Release|Any CPU
		{1352D901-F3B9-AA5D-535A-F8378187D97B}.Debug|Any CPU.ActiveCfg = Debug|Any CPU
		{1352D901-F3B9-AA5D-535A-F8378187D97B}.Debug|Any CPU.Build.0 = Debug|Any CPU
		{1352D901-F3B9-AA5D-535A-F8378187D97B}.Debug|x64.ActiveCfg = Debug|Any CPU
		{1352D901-F3B9-AA5D-535A-F8378187D97B}.Debug|x64.Build.0 = Debug|Any CPU
		{1352D901-F3B9-AA5D-535A-F8378187D97B}.Debug|x86.ActiveCfg = Debug|Any CPU
		{1352D901-F3B9-AA5D-535A-F8378187D97B}.Debug|x86.Build.0 = Debug|Any CPU
		{1352D901-F3B9-AA5D-535A-F8378187D97B}.Release|Any CPU.ActiveCfg = Release|Any CPU
		{1352D901-F3B9-AA5D-535A-F8378187D97B}.Release|Any CPU.Build.0 = Release|Any CPU
		{1352D901-F3B9-AA5D-535A-F8378187D97B}.Release|x64.ActiveCfg = Release|Any CPU
		{1352D901-F3B9-AA5D-535A-F8378187D97B}.Release|x64.Build.0 = Release|Any CPU
		{1352D901-F3B9-AA5D-535A-F8378187D97B}.Release|x86.ActiveCfg = Release|Any CPU
		{1352D901-F3B9-AA5D-535A-F8378187D97B}.Release|x86.Build.0 = Release|Any CPU
		{44DAAF27-3E4D-538C-B747-C2026C230968}.Debug|Any CPU.ActiveCfg = Debug|Any CPU
		{44DAAF27-3E4D-538C-B747-C2026C230968}.Debug|Any CPU.Build.0 = Debug|Any CPU
		{44DAAF27-3E4D-538C-B747-C2026C230968}.Debug|x64.ActiveCfg = Debug|Any CPU
		{44DAAF27-3E4D-538C-B747-C2026C230968}.Debug|x64.Build.0 = Debug|Any CPU
		{44DAAF27-3E4D-538C-B747-C2026C230968}.Debug|x86.ActiveCfg = Debug|Any CPU
		{44DAAF27-3E4D-538C-B747-C2026C230968}.Debug|x86.Build.0 = Debug|Any CPU
		{44DAAF27-3E4D-538C-B747-C2026C230968}.Release|Any CPU.ActiveCfg = Release|Any CPU
		{44DAAF27-3E4D-538C-B747-C2026C230968}.Release|Any CPU.Build.0 = Release|Any CPU
		{44DAAF27-3E4D-538C-B747-C2026C230968}.Release|x64.ActiveCfg = Release|Any CPU
		{44DAAF27-3E4D-538C-B747-C2026C230968}.Release|x64.Build.0 = Release|Any CPU
		{44DAAF27-3E4D-538C-B747-C2026C230968}.Release|x86.ActiveCfg = Release|Any CPU
		{44DAAF27-3E4D-538C-B747-C2026C230968}.Release|x86.Build.0 = Release|Any CPU
		{A1F07A99-47E6-3E8E-CA6E-9EE396A123E6}.Debug|Any CPU.ActiveCfg = Debug|Any CPU
		{A1F07A99-47E6-3E8E-CA6E-9EE396A123E6}.Debug|Any CPU.Build.0 = Debug|Any CPU
		{A1F07A99-47E6-3E8E-CA6E-9EE396A123E6}.Debug|x64.ActiveCfg = Debug|Any CPU
		{A1F07A99-47E6-3E8E-CA6E-9EE396A123E6}.Debug|x64.Build.0 = Debug|Any CPU
		{A1F07A99-47E6-3E8E-CA6E-9EE396A123E6}.Debug|x86.ActiveCfg = Debug|Any CPU
		{A1F07A99-47E6-3E8E-CA6E-9EE396A123E6}.Debug|x86.Build.0 = Debug|Any CPU
		{A1F07A99-47E6-3E8E-CA6E-9EE396A123E6}.Release|Any CPU.ActiveCfg = Release|Any CPU
		{A1F07A99-47E6-3E8E-CA6E-9EE396A123E6}.Release|Any CPU.Build.0 = Release|Any CPU
		{A1F07A99-47E6-3E8E-CA6E-9EE396A123E6}.Release|x64.ActiveCfg = Release|Any CPU
		{A1F07A99-47E6-3E8E-CA6E-9EE396A123E6}.Release|x64.Build.0 = Release|Any CPU
		{A1F07A99-47E6-3E8E-CA6E-9EE396A123E6}.Release|x86.ActiveCfg = Release|Any CPU
		{A1F07A99-47E6-3E8E-CA6E-9EE396A123E6}.Release|x86.Build.0 = Release|Any CPU
		{D38F458E-82FE-5F6F-80DD-613572E2CA10}.Debug|Any CPU.ActiveCfg = Debug|Any CPU
		{D38F458E-82FE-5F6F-80DD-613572E2CA10}.Debug|Any CPU.Build.0 = Debug|Any CPU
		{D38F458E-82FE-5F6F-80DD-613572E2CA10}.Debug|x64.ActiveCfg = Debug|Any CPU
		{D38F458E-82FE-5F6F-80DD-613572E2CA10}.Debug|x64.Build.0 = Debug|Any CPU
		{D38F458E-82FE-5F6F-80DD-613572E2CA10}.Debug|x86.ActiveCfg = Debug|Any CPU
		{D38F458E-82FE-5F6F-80DD-613572E2CA10}.Debug|x86.Build.0 = Debug|Any CPU
		{D38F458E-82FE-5F6F-80DD-613572E2CA10}.Release|Any CPU.ActiveCfg = Release|Any CPU
		{D38F458E-82FE-5F6F-80DD-613572E2CA10}.Release|Any CPU.Build.0 = Release|Any CPU
		{D38F458E-82FE-5F6F-80DD-613572E2CA10}.Release|x64.ActiveCfg = Release|Any CPU
		{D38F458E-82FE-5F6F-80DD-613572E2CA10}.Release|x64.Build.0 = Release|Any CPU
		{D38F458E-82FE-5F6F-80DD-613572E2CA10}.Release|x86.ActiveCfg = Release|Any CPU
		{D38F458E-82FE-5F6F-80DD-613572E2CA10}.Release|x86.Build.0 = Release|Any CPU
		{BC1A95E9-07B6-04DA-0857-E55A4B592D48}.Debug|Any CPU.ActiveCfg = Debug|Any CPU
		{BC1A95E9-07B6-04DA-0857-E55A4B592D48}.Debug|Any CPU.Build.0 = Debug|Any CPU
		{BC1A95E9-07B6-04DA-0857-E55A4B592D48}.Debug|x64.ActiveCfg = Debug|Any CPU
		{BC1A95E9-07B6-04DA-0857-E55A4B592D48}.Debug|x64.Build.0 = Debug|Any CPU
		{BC1A95E9-07B6-04DA-0857-E55A4B592D48}.Debug|x86.ActiveCfg = Debug|Any CPU
		{BC1A95E9-07B6-04DA-0857-E55A4B592D48}.Debug|x86.Build.0 = Debug|Any CPU
		{BC1A95E9-07B6-04DA-0857-E55A4B592D48}.Release|Any CPU.ActiveCfg = Release|Any CPU
		{BC1A95E9-07B6-04DA-0857-E55A4B592D48}.Release|Any CPU.Build.0 = Release|Any CPU
		{BC1A95E9-07B6-04DA-0857-E55A4B592D48}.Release|x64.ActiveCfg = Release|Any CPU
		{BC1A95E9-07B6-04DA-0857-E55A4B592D48}.Release|x64.Build.0 = Release|Any CPU
		{BC1A95E9-07B6-04DA-0857-E55A4B592D48}.Release|x86.ActiveCfg = Release|Any CPU
		{BC1A95E9-07B6-04DA-0857-E55A4B592D48}.Release|x86.Build.0 = Release|Any CPU
		{737D7D36-FC8F-AC3E-0922-64777BBCE241}.Debug|Any CPU.ActiveCfg = Debug|Any CPU
		{737D7D36-FC8F-AC3E-0922-64777BBCE241}.Debug|Any CPU.Build.0 = Debug|Any CPU
		{737D7D36-FC8F-AC3E-0922-64777BBCE241}.Debug|x64.ActiveCfg = Debug|Any CPU
		{737D7D36-FC8F-AC3E-0922-64777BBCE241}.Debug|x64.Build.0 = Debug|Any CPU
		{737D7D36-FC8F-AC3E-0922-64777BBCE241}.Debug|x86.ActiveCfg = Debug|Any CPU
		{737D7D36-FC8F-AC3E-0922-64777BBCE241}.Debug|x86.Build.0 = Debug|Any CPU
		{737D7D36-FC8F-AC3E-0922-64777BBCE241}.Release|Any CPU.ActiveCfg = Release|Any CPU
		{737D7D36-FC8F-AC3E-0922-64777BBCE241}.Release|Any CPU.Build.0 = Release|Any CPU
		{737D7D36-FC8F-AC3E-0922-64777BBCE241}.Release|x64.ActiveCfg = Release|Any CPU
		{737D7D36-FC8F-AC3E-0922-64777BBCE241}.Release|x64.Build.0 = Release|Any CPU
		{737D7D36-FC8F-AC3E-0922-64777BBCE241}.Release|x86.ActiveCfg = Release|Any CPU
		{737D7D36-FC8F-AC3E-0922-64777BBCE241}.Release|x86.Build.0 = Release|Any CPU
		{67A6AF77-F801-BA32-F6D6-60F3718E1D27}.Debug|Any CPU.ActiveCfg = Debug|Any CPU
		{67A6AF77-F801-BA32-F6D6-60F3718E1D27}.Debug|Any CPU.Build.0 = Debug|Any CPU
		{67A6AF77-F801-BA32-F6D6-60F3718E1D27}.Debug|x64.ActiveCfg = Debug|Any CPU
		{67A6AF77-F801-BA32-F6D6-60F3718E1D27}.Debug|x64.Build.0 = Debug|Any CPU
		{67A6AF77-F801-BA32-F6D6-60F3718E1D27}.Debug|x86.ActiveCfg = Debug|Any CPU
		{67A6AF77-F801-BA32-F6D6-60F3718E1D27}.Debug|x86.Build.0 = Debug|Any CPU
		{67A6AF77-F801-BA32-F6D6-60F3718E1D27}.Release|Any CPU.ActiveCfg = Release|Any CPU
		{67A6AF77-F801-BA32-F6D6-60F3718E1D27}.Release|Any CPU.Build.0 = Release|Any CPU
		{67A6AF77-F801-BA32-F6D6-60F3718E1D27}.Release|x64.ActiveCfg = Release|Any CPU
		{67A6AF77-F801-BA32-F6D6-60F3718E1D27}.Release|x64.Build.0 = Release|Any CPU
		{67A6AF77-F801-BA32-F6D6-60F3718E1D27}.Release|x86.ActiveCfg = Release|Any CPU
		{67A6AF77-F801-BA32-F6D6-60F3718E1D27}.Release|x86.Build.0 = Release|Any CPU
		{0BB2A734-3F74-1B6B-3B99-B7D1FBBD5515}.Debug|Any CPU.ActiveCfg = Debug|Any CPU
		{0BB2A734-3F74-1B6B-3B99-B7D1FBBD5515}.Debug|Any CPU.Build.0 = Debug|Any CPU
		{0BB2A734-3F74-1B6B-3B99-B7D1FBBD5515}.Debug|x64.ActiveCfg = Debug|Any CPU
		{0BB2A734-3F74-1B6B-3B99-B7D1FBBD5515}.Debug|x64.Build.0 = Debug|Any CPU
		{0BB2A734-3F74-1B6B-3B99-B7D1FBBD5515}.Debug|x86.ActiveCfg = Debug|Any CPU
		{0BB2A734-3F74-1B6B-3B99-B7D1FBBD5515}.Debug|x86.Build.0 = Debug|Any CPU
		{0BB2A734-3F74-1B6B-3B99-B7D1FBBD5515}.Release|Any CPU.ActiveCfg = Release|Any CPU
		{0BB2A734-3F74-1B6B-3B99-B7D1FBBD5515}.Release|Any CPU.Build.0 = Release|Any CPU
		{0BB2A734-3F74-1B6B-3B99-B7D1FBBD5515}.Release|x64.ActiveCfg = Release|Any CPU
		{0BB2A734-3F74-1B6B-3B99-B7D1FBBD5515}.Release|x64.Build.0 = Release|Any CPU
		{0BB2A734-3F74-1B6B-3B99-B7D1FBBD5515}.Release|x86.ActiveCfg = Release|Any CPU
		{0BB2A734-3F74-1B6B-3B99-B7D1FBBD5515}.Release|x86.Build.0 = Release|Any CPU
		{F138756B-AC28-9AF9-AFAD-49558A515529}.Debug|Any CPU.ActiveCfg = Debug|Any CPU
		{F138756B-AC28-9AF9-AFAD-49558A515529}.Debug|Any CPU.Build.0 = Debug|Any CPU
		{F138756B-AC28-9AF9-AFAD-49558A515529}.Debug|x64.ActiveCfg = Debug|Any CPU
		{F138756B-AC28-9AF9-AFAD-49558A515529}.Debug|x64.Build.0 = Debug|Any CPU
		{F138756B-AC28-9AF9-AFAD-49558A515529}.Debug|x86.ActiveCfg = Debug|Any CPU
		{F138756B-AC28-9AF9-AFAD-49558A515529}.Debug|x86.Build.0 = Debug|Any CPU
		{F138756B-AC28-9AF9-AFAD-49558A515529}.Release|Any CPU.ActiveCfg = Release|Any CPU
		{F138756B-AC28-9AF9-AFAD-49558A515529}.Release|Any CPU.Build.0 = Release|Any CPU
		{F138756B-AC28-9AF9-AFAD-49558A515529}.Release|x64.ActiveCfg = Release|Any CPU
		{F138756B-AC28-9AF9-AFAD-49558A515529}.Release|x64.Build.0 = Release|Any CPU
		{F138756B-AC28-9AF9-AFAD-49558A515529}.Release|x86.ActiveCfg = Release|Any CPU
		{F138756B-AC28-9AF9-AFAD-49558A515529}.Release|x86.Build.0 = Release|Any CPU
		{8C5F4AD1-B094-8F3E-FFEE-1475F2B3E211}.Debug|Any CPU.ActiveCfg = Debug|Any CPU
		{8C5F4AD1-B094-8F3E-FFEE-1475F2B3E211}.Debug|Any CPU.Build.0 = Debug|Any CPU
		{8C5F4AD1-B094-8F3E-FFEE-1475F2B3E211}.Debug|x64.ActiveCfg = Debug|Any CPU
		{8C5F4AD1-B094-8F3E-FFEE-1475F2B3E211}.Debug|x64.Build.0 = Debug|Any CPU
		{8C5F4AD1-B094-8F3E-FFEE-1475F2B3E211}.Debug|x86.ActiveCfg = Debug|Any CPU
		{8C5F4AD1-B094-8F3E-FFEE-1475F2B3E211}.Debug|x86.Build.0 = Debug|Any CPU
		{8C5F4AD1-B094-8F3E-FFEE-1475F2B3E211}.Release|Any CPU.ActiveCfg = Release|Any CPU
		{8C5F4AD1-B094-8F3E-FFEE-1475F2B3E211}.Release|Any CPU.Build.0 = Release|Any CPU
		{8C5F4AD1-B094-8F3E-FFEE-1475F2B3E211}.Release|x64.ActiveCfg = Release|Any CPU
		{8C5F4AD1-B094-8F3E-FFEE-1475F2B3E211}.Release|x64.Build.0 = Release|Any CPU
		{8C5F4AD1-B094-8F3E-FFEE-1475F2B3E211}.Release|x86.ActiveCfg = Release|Any CPU
		{8C5F4AD1-B094-8F3E-FFEE-1475F2B3E211}.Release|x86.Build.0 = Release|Any CPU
		{F67BD989-1887-3DA6-5F59-F89DFAA8BF4D}.Debug|Any CPU.ActiveCfg = Debug|Any CPU
		{F67BD989-1887-3DA6-5F59-F89DFAA8BF4D}.Debug|Any CPU.Build.0 = Debug|Any CPU
		{F67BD989-1887-3DA6-5F59-F89DFAA8BF4D}.Debug|x64.ActiveCfg = Debug|Any CPU
		{F67BD989-1887-3DA6-5F59-F89DFAA8BF4D}.Debug|x64.Build.0 = Debug|Any CPU
		{F67BD989-1887-3DA6-5F59-F89DFAA8BF4D}.Debug|x86.ActiveCfg = Debug|Any CPU
		{F67BD989-1887-3DA6-5F59-F89DFAA8BF4D}.Debug|x86.Build.0 = Debug|Any CPU
		{F67BD989-1887-3DA6-5F59-F89DFAA8BF4D}.Release|Any CPU.ActiveCfg = Release|Any CPU
		{F67BD989-1887-3DA6-5F59-F89DFAA8BF4D}.Release|Any CPU.Build.0 = Release|Any CPU
		{F67BD989-1887-3DA6-5F59-F89DFAA8BF4D}.Release|x64.ActiveCfg = Release|Any CPU
		{F67BD989-1887-3DA6-5F59-F89DFAA8BF4D}.Release|x64.Build.0 = Release|Any CPU
		{F67BD989-1887-3DA6-5F59-F89DFAA8BF4D}.Release|x86.ActiveCfg = Release|Any CPU
		{F67BD989-1887-3DA6-5F59-F89DFAA8BF4D}.Release|x86.Build.0 = Release|Any CPU
		{0DA2DD17-E6FA-852A-0491-C1E385F9C75D}.Debug|Any CPU.ActiveCfg = Debug|Any CPU
		{0DA2DD17-E6FA-852A-0491-C1E385F9C75D}.Debug|Any CPU.Build.0 = Debug|Any CPU
		{0DA2DD17-E6FA-852A-0491-C1E385F9C75D}.Debug|x64.ActiveCfg = Debug|Any CPU
		{0DA2DD17-E6FA-852A-0491-C1E385F9C75D}.Debug|x64.Build.0 = Debug|Any CPU
		{0DA2DD17-E6FA-852A-0491-C1E385F9C75D}.Debug|x86.ActiveCfg = Debug|Any CPU
		{0DA2DD17-E6FA-852A-0491-C1E385F9C75D}.Debug|x86.Build.0 = Debug|Any CPU
		{0DA2DD17-E6FA-852A-0491-C1E385F9C75D}.Release|Any CPU.ActiveCfg = Release|Any CPU
		{0DA2DD17-E6FA-852A-0491-C1E385F9C75D}.Release|Any CPU.Build.0 = Release|Any CPU
		{0DA2DD17-E6FA-852A-0491-C1E385F9C75D}.Release|x64.ActiveCfg = Release|Any CPU
		{0DA2DD17-E6FA-852A-0491-C1E385F9C75D}.Release|x64.Build.0 = Release|Any CPU
		{0DA2DD17-E6FA-852A-0491-C1E385F9C75D}.Release|x86.ActiveCfg = Release|Any CPU
		{0DA2DD17-E6FA-852A-0491-C1E385F9C75D}.Release|x86.Build.0 = Release|Any CPU
		{EE15F9B3-05C4-C857-C0A1-DAFB14A2BF5F}.Debug|Any CPU.ActiveCfg = Debug|Any CPU
		{EE15F9B3-05C4-C857-C0A1-DAFB14A2BF5F}.Debug|Any CPU.Build.0 = Debug|Any CPU
		{EE15F9B3-05C4-C857-C0A1-DAFB14A2BF5F}.Debug|x64.ActiveCfg = Debug|Any CPU
		{EE15F9B3-05C4-C857-C0A1-DAFB14A2BF5F}.Debug|x64.Build.0 = Debug|Any CPU
		{EE15F9B3-05C4-C857-C0A1-DAFB14A2BF5F}.Debug|x86.ActiveCfg = Debug|Any CPU
		{EE15F9B3-05C4-C857-C0A1-DAFB14A2BF5F}.Debug|x86.Build.0 = Debug|Any CPU
		{EE15F9B3-05C4-C857-C0A1-DAFB14A2BF5F}.Release|Any CPU.ActiveCfg = Release|Any CPU
		{EE15F9B3-05C4-C857-C0A1-DAFB14A2BF5F}.Release|Any CPU.Build.0 = Release|Any CPU
		{EE15F9B3-05C4-C857-C0A1-DAFB14A2BF5F}.Release|x64.ActiveCfg = Release|Any CPU
		{EE15F9B3-05C4-C857-C0A1-DAFB14A2BF5F}.Release|x64.Build.0 = Release|Any CPU
		{EE15F9B3-05C4-C857-C0A1-DAFB14A2BF5F}.Release|x86.ActiveCfg = Release|Any CPU
		{EE15F9B3-05C4-C857-C0A1-DAFB14A2BF5F}.Release|x86.Build.0 = Release|Any CPU
		{0F01AC9D-8FC5-1416-4C22-A519C7FAF990}.Debug|Any CPU.ActiveCfg = Debug|Any CPU
		{0F01AC9D-8FC5-1416-4C22-A519C7FAF990}.Debug|Any CPU.Build.0 = Debug|Any CPU
		{0F01AC9D-8FC5-1416-4C22-A519C7FAF990}.Debug|x64.ActiveCfg = Debug|Any CPU
		{0F01AC9D-8FC5-1416-4C22-A519C7FAF990}.Debug|x64.Build.0 = Debug|Any CPU
		{0F01AC9D-8FC5-1416-4C22-A519C7FAF990}.Debug|x86.ActiveCfg = Debug|Any CPU
		{0F01AC9D-8FC5-1416-4C22-A519C7FAF990}.Debug|x86.Build.0 = Debug|Any CPU
		{0F01AC9D-8FC5-1416-4C22-A519C7FAF990}.Release|Any CPU.ActiveCfg = Release|Any CPU
		{0F01AC9D-8FC5-1416-4C22-A519C7FAF990}.Release|Any CPU.Build.0 = Release|Any CPU
		{0F01AC9D-8FC5-1416-4C22-A519C7FAF990}.Release|x64.ActiveCfg = Release|Any CPU
		{0F01AC9D-8FC5-1416-4C22-A519C7FAF990}.Release|x64.Build.0 = Release|Any CPU
		{0F01AC9D-8FC5-1416-4C22-A519C7FAF990}.Release|x86.ActiveCfg = Release|Any CPU
		{0F01AC9D-8FC5-1416-4C22-A519C7FAF990}.Release|x86.Build.0 = Release|Any CPU
		{991D98BF-3986-A093-FB22-9CA91AC2CD89}.Debug|Any CPU.ActiveCfg = Debug|Any CPU
		{991D98BF-3986-A093-FB22-9CA91AC2CD89}.Debug|Any CPU.Build.0 = Debug|Any CPU
		{991D98BF-3986-A093-FB22-9CA91AC2CD89}.Debug|x64.ActiveCfg = Debug|Any CPU
		{991D98BF-3986-A093-FB22-9CA91AC2CD89}.Debug|x64.Build.0 = Debug|Any CPU
		{991D98BF-3986-A093-FB22-9CA91AC2CD89}.Debug|x86.ActiveCfg = Debug|Any CPU
		{991D98BF-3986-A093-FB22-9CA91AC2CD89}.Debug|x86.Build.0 = Debug|Any CPU
		{991D98BF-3986-A093-FB22-9CA91AC2CD89}.Release|Any CPU.ActiveCfg = Release|Any CPU
		{991D98BF-3986-A093-FB22-9CA91AC2CD89}.Release|Any CPU.Build.0 = Release|Any CPU
		{991D98BF-3986-A093-FB22-9CA91AC2CD89}.Release|x64.ActiveCfg = Release|Any CPU
		{991D98BF-3986-A093-FB22-9CA91AC2CD89}.Release|x64.Build.0 = Release|Any CPU
		{991D98BF-3986-A093-FB22-9CA91AC2CD89}.Release|x86.ActiveCfg = Release|Any CPU
		{991D98BF-3986-A093-FB22-9CA91AC2CD89}.Release|x86.Build.0 = Release|Any CPU
		{CC606400-B5A2-72A0-93C0-1D8485EF4B1C}.Debug|Any CPU.ActiveCfg = Debug|Any CPU
		{CC606400-B5A2-72A0-93C0-1D8485EF4B1C}.Debug|Any CPU.Build.0 = Debug|Any CPU
		{CC606400-B5A2-72A0-93C0-1D8485EF4B1C}.Debug|x64.ActiveCfg = Debug|Any CPU
		{CC606400-B5A2-72A0-93C0-1D8485EF4B1C}.Debug|x64.Build.0 = Debug|Any CPU
		{CC606400-B5A2-72A0-93C0-1D8485EF4B1C}.Debug|x86.ActiveCfg = Debug|Any CPU
		{CC606400-B5A2-72A0-93C0-1D8485EF4B1C}.Debug|x86.Build.0 = Debug|Any CPU
		{CC606400-B5A2-72A0-93C0-1D8485EF4B1C}.Release|Any CPU.ActiveCfg = Release|Any CPU
		{CC606400-B5A2-72A0-93C0-1D8485EF4B1C}.Release|Any CPU.Build.0 = Release|Any CPU
		{CC606400-B5A2-72A0-93C0-1D8485EF4B1C}.Release|x64.ActiveCfg = Release|Any CPU
		{CC606400-B5A2-72A0-93C0-1D8485EF4B1C}.Release|x64.Build.0 = Release|Any CPU
		{CC606400-B5A2-72A0-93C0-1D8485EF4B1C}.Release|x86.ActiveCfg = Release|Any CPU
		{CC606400-B5A2-72A0-93C0-1D8485EF4B1C}.Release|x86.Build.0 = Release|Any CPU
		{8ABAE4B3-D2C0-A277-D101-870BD9DF776D}.Debug|Any CPU.ActiveCfg = Debug|Any CPU
		{8ABAE4B3-D2C0-A277-D101-870BD9DF776D}.Debug|Any CPU.Build.0 = Debug|Any CPU
		{8ABAE4B3-D2C0-A277-D101-870BD9DF776D}.Debug|x64.ActiveCfg = Debug|Any CPU
		{8ABAE4B3-D2C0-A277-D101-870BD9DF776D}.Debug|x64.Build.0 = Debug|Any CPU
		{8ABAE4B3-D2C0-A277-D101-870BD9DF776D}.Debug|x86.ActiveCfg = Debug|Any CPU
		{8ABAE4B3-D2C0-A277-D101-870BD9DF776D}.Debug|x86.Build.0 = Debug|Any CPU
		{8ABAE4B3-D2C0-A277-D101-870BD9DF776D}.Release|Any CPU.ActiveCfg = Release|Any CPU
		{8ABAE4B3-D2C0-A277-D101-870BD9DF776D}.Release|Any CPU.Build.0 = Release|Any CPU
		{8ABAE4B3-D2C0-A277-D101-870BD9DF776D}.Release|x64.ActiveCfg = Release|Any CPU
		{8ABAE4B3-D2C0-A277-D101-870BD9DF776D}.Release|x64.Build.0 = Release|Any CPU
		{8ABAE4B3-D2C0-A277-D101-870BD9DF776D}.Release|x86.ActiveCfg = Release|Any CPU
		{8ABAE4B3-D2C0-A277-D101-870BD9DF776D}.Release|x86.Build.0 = Release|Any CPU
		{32D52E1E-6EF7-C916-057E-60686212737F}.Debug|Any CPU.ActiveCfg = Debug|Any CPU
		{32D52E1E-6EF7-C916-057E-60686212737F}.Debug|Any CPU.Build.0 = Debug|Any CPU
		{32D52E1E-6EF7-C916-057E-60686212737F}.Debug|x64.ActiveCfg = Debug|Any CPU
		{32D52E1E-6EF7-C916-057E-60686212737F}.Debug|x64.Build.0 = Debug|Any CPU
		{32D52E1E-6EF7-C916-057E-60686212737F}.Debug|x86.ActiveCfg = Debug|Any CPU
		{32D52E1E-6EF7-C916-057E-60686212737F}.Debug|x86.Build.0 = Debug|Any CPU
		{32D52E1E-6EF7-C916-057E-60686212737F}.Release|Any CPU.ActiveCfg = Release|Any CPU
		{32D52E1E-6EF7-C916-057E-60686212737F}.Release|Any CPU.Build.0 = Release|Any CPU
		{32D52E1E-6EF7-C916-057E-60686212737F}.Release|x64.ActiveCfg = Release|Any CPU
		{32D52E1E-6EF7-C916-057E-60686212737F}.Release|x64.Build.0 = Release|Any CPU
		{32D52E1E-6EF7-C916-057E-60686212737F}.Release|x86.ActiveCfg = Release|Any CPU
		{32D52E1E-6EF7-C916-057E-60686212737F}.Release|x86.Build.0 = Release|Any CPU
		{CD7E5A39-230B-B24C-4121-287EF8E8087A}.Debug|Any CPU.ActiveCfg = Debug|Any CPU
		{CD7E5A39-230B-B24C-4121-287EF8E8087A}.Debug|Any CPU.Build.0 = Debug|Any CPU
		{CD7E5A39-230B-B24C-4121-287EF8E8087A}.Debug|x64.ActiveCfg = Debug|Any CPU
		{CD7E5A39-230B-B24C-4121-287EF8E8087A}.Debug|x64.Build.0 = Debug|Any CPU
		{CD7E5A39-230B-B24C-4121-287EF8E8087A}.Debug|x86.ActiveCfg = Debug|Any CPU
		{CD7E5A39-230B-B24C-4121-287EF8E8087A}.Debug|x86.Build.0 = Debug|Any CPU
		{CD7E5A39-230B-B24C-4121-287EF8E8087A}.Release|Any CPU.ActiveCfg = Release|Any CPU
		{CD7E5A39-230B-B24C-4121-287EF8E8087A}.Release|Any CPU.Build.0 = Release|Any CPU
		{CD7E5A39-230B-B24C-4121-287EF8E8087A}.Release|x64.ActiveCfg = Release|Any CPU
		{CD7E5A39-230B-B24C-4121-287EF8E8087A}.Release|x64.Build.0 = Release|Any CPU
		{CD7E5A39-230B-B24C-4121-287EF8E8087A}.Release|x86.ActiveCfg = Release|Any CPU
		{CD7E5A39-230B-B24C-4121-287EF8E8087A}.Release|x86.Build.0 = Release|Any CPU
		{0B05C6C0-FA97-5906-41C7-03BCD35E8225}.Debug|Any CPU.ActiveCfg = Debug|Any CPU
		{0B05C6C0-FA97-5906-41C7-03BCD35E8225}.Debug|Any CPU.Build.0 = Debug|Any CPU
		{0B05C6C0-FA97-5906-41C7-03BCD35E8225}.Debug|x64.ActiveCfg = Debug|Any CPU
		{0B05C6C0-FA97-5906-41C7-03BCD35E8225}.Debug|x64.Build.0 = Debug|Any CPU
		{0B05C6C0-FA97-5906-41C7-03BCD35E8225}.Debug|x86.ActiveCfg = Debug|Any CPU
		{0B05C6C0-FA97-5906-41C7-03BCD35E8225}.Debug|x86.Build.0 = Debug|Any CPU
		{0B05C6C0-FA97-5906-41C7-03BCD35E8225}.Release|Any CPU.ActiveCfg = Release|Any CPU
		{0B05C6C0-FA97-5906-41C7-03BCD35E8225}.Release|Any CPU.Build.0 = Release|Any CPU
		{0B05C6C0-FA97-5906-41C7-03BCD35E8225}.Release|x64.ActiveCfg = Release|Any CPU
		{0B05C6C0-FA97-5906-41C7-03BCD35E8225}.Release|x64.Build.0 = Release|Any CPU
		{0B05C6C0-FA97-5906-41C7-03BCD35E8225}.Release|x86.ActiveCfg = Release|Any CPU
		{0B05C6C0-FA97-5906-41C7-03BCD35E8225}.Release|x86.Build.0 = Release|Any CPU
		{3C73814C-4A68-E8E0-60EB-5ACE514BC6D6}.Debug|Any CPU.ActiveCfg = Debug|Any CPU
		{3C73814C-4A68-E8E0-60EB-5ACE514BC6D6}.Debug|Any CPU.Build.0 = Debug|Any CPU
		{3C73814C-4A68-E8E0-60EB-5ACE514BC6D6}.Debug|x64.ActiveCfg = Debug|Any CPU
		{3C73814C-4A68-E8E0-60EB-5ACE514BC6D6}.Debug|x64.Build.0 = Debug|Any CPU
		{3C73814C-4A68-E8E0-60EB-5ACE514BC6D6}.Debug|x86.ActiveCfg = Debug|Any CPU
		{3C73814C-4A68-E8E0-60EB-5ACE514BC6D6}.Debug|x86.Build.0 = Debug|Any CPU
		{3C73814C-4A68-E8E0-60EB-5ACE514BC6D6}.Release|Any CPU.ActiveCfg = Release|Any CPU
		{3C73814C-4A68-E8E0-60EB-5ACE514BC6D6}.Release|Any CPU.Build.0 = Release|Any CPU
		{3C73814C-4A68-E8E0-60EB-5ACE514BC6D6}.Release|x64.ActiveCfg = Release|Any CPU
		{3C73814C-4A68-E8E0-60EB-5ACE514BC6D6}.Release|x64.Build.0 = Release|Any CPU
		{3C73814C-4A68-E8E0-60EB-5ACE514BC6D6}.Release|x86.ActiveCfg = Release|Any CPU
		{3C73814C-4A68-E8E0-60EB-5ACE514BC6D6}.Release|x86.Build.0 = Release|Any CPU
		{C682B68D-6E85-8EDE-3D5A-C7160420C364}.Debug|Any CPU.ActiveCfg = Debug|Any CPU
		{C682B68D-6E85-8EDE-3D5A-C7160420C364}.Debug|Any CPU.Build.0 = Debug|Any CPU
		{C682B68D-6E85-8EDE-3D5A-C7160420C364}.Debug|x64.ActiveCfg = Debug|Any CPU
		{C682B68D-6E85-8EDE-3D5A-C7160420C364}.Debug|x64.Build.0 = Debug|Any CPU
		{C682B68D-6E85-8EDE-3D5A-C7160420C364}.Debug|x86.ActiveCfg = Debug|Any CPU
		{C682B68D-6E85-8EDE-3D5A-C7160420C364}.Debug|x86.Build.0 = Debug|Any CPU
		{C682B68D-6E85-8EDE-3D5A-C7160420C364}.Release|Any CPU.ActiveCfg = Release|Any CPU
		{C682B68D-6E85-8EDE-3D5A-C7160420C364}.Release|Any CPU.Build.0 = Release|Any CPU
		{C682B68D-6E85-8EDE-3D5A-C7160420C364}.Release|x64.ActiveCfg = Release|Any CPU
		{C682B68D-6E85-8EDE-3D5A-C7160420C364}.Release|x64.Build.0 = Release|Any CPU
		{C682B68D-6E85-8EDE-3D5A-C7160420C364}.Release|x86.ActiveCfg = Release|Any CPU
		{C682B68D-6E85-8EDE-3D5A-C7160420C364}.Release|x86.Build.0 = Release|Any CPU
		{DA61A519-8E05-3D2C-32B2-E7669D88D823}.Debug|Any CPU.ActiveCfg = Debug|Any CPU
		{DA61A519-8E05-3D2C-32B2-E7669D88D823}.Debug|Any CPU.Build.0 = Debug|Any CPU
		{DA61A519-8E05-3D2C-32B2-E7669D88D823}.Debug|x64.ActiveCfg = Debug|Any CPU
		{DA61A519-8E05-3D2C-32B2-E7669D88D823}.Debug|x64.Build.0 = Debug|Any CPU
		{DA61A519-8E05-3D2C-32B2-E7669D88D823}.Debug|x86.ActiveCfg = Debug|Any CPU
		{DA61A519-8E05-3D2C-32B2-E7669D88D823}.Debug|x86.Build.0 = Debug|Any CPU
		{DA61A519-8E05-3D2C-32B2-E7669D88D823}.Release|Any CPU.ActiveCfg = Release|Any CPU
		{DA61A519-8E05-3D2C-32B2-E7669D88D823}.Release|Any CPU.Build.0 = Release|Any CPU
		{DA61A519-8E05-3D2C-32B2-E7669D88D823}.Release|x64.ActiveCfg = Release|Any CPU
		{DA61A519-8E05-3D2C-32B2-E7669D88D823}.Release|x64.Build.0 = Release|Any CPU
		{DA61A519-8E05-3D2C-32B2-E7669D88D823}.Release|x86.ActiveCfg = Release|Any CPU
		{DA61A519-8E05-3D2C-32B2-E7669D88D823}.Release|x86.Build.0 = Release|Any CPU
		{85C9DCEE-D83E-DABD-D6E6-4913C41B0266}.Debug|Any CPU.ActiveCfg = Debug|Any CPU
		{85C9DCEE-D83E-DABD-D6E6-4913C41B0266}.Debug|Any CPU.Build.0 = Debug|Any CPU
		{85C9DCEE-D83E-DABD-D6E6-4913C41B0266}.Debug|x64.ActiveCfg = Debug|Any CPU
		{85C9DCEE-D83E-DABD-D6E6-4913C41B0266}.Debug|x64.Build.0 = Debug|Any CPU
		{85C9DCEE-D83E-DABD-D6E6-4913C41B0266}.Debug|x86.ActiveCfg = Debug|Any CPU
		{85C9DCEE-D83E-DABD-D6E6-4913C41B0266}.Debug|x86.Build.0 = Debug|Any CPU
		{85C9DCEE-D83E-DABD-D6E6-4913C41B0266}.Release|Any CPU.ActiveCfg = Release|Any CPU
		{85C9DCEE-D83E-DABD-D6E6-4913C41B0266}.Release|Any CPU.Build.0 = Release|Any CPU
		{85C9DCEE-D83E-DABD-D6E6-4913C41B0266}.Release|x64.ActiveCfg = Release|Any CPU
		{85C9DCEE-D83E-DABD-D6E6-4913C41B0266}.Release|x64.Build.0 = Release|Any CPU
		{85C9DCEE-D83E-DABD-D6E6-4913C41B0266}.Release|x86.ActiveCfg = Release|Any CPU
		{85C9DCEE-D83E-DABD-D6E6-4913C41B0266}.Release|x86.Build.0 = Release|Any CPU
		{1FEAF2A9-E765-702E-6969-3D4E12D86CC8}.Debug|Any CPU.ActiveCfg = Debug|Any CPU
		{1FEAF2A9-E765-702E-6969-3D4E12D86CC8}.Debug|Any CPU.Build.0 = Debug|Any CPU
		{1FEAF2A9-E765-702E-6969-3D4E12D86CC8}.Debug|x64.ActiveCfg = Debug|Any CPU
		{1FEAF2A9-E765-702E-6969-3D4E12D86CC8}.Debug|x64.Build.0 = Debug|Any CPU
		{1FEAF2A9-E765-702E-6969-3D4E12D86CC8}.Debug|x86.ActiveCfg = Debug|Any CPU
		{1FEAF2A9-E765-702E-6969-3D4E12D86CC8}.Debug|x86.Build.0 = Debug|Any CPU
		{1FEAF2A9-E765-702E-6969-3D4E12D86CC8}.Release|Any CPU.ActiveCfg = Release|Any CPU
		{1FEAF2A9-E765-702E-6969-3D4E12D86CC8}.Release|Any CPU.Build.0 = Release|Any CPU
		{1FEAF2A9-E765-702E-6969-3D4E12D86CC8}.Release|x64.ActiveCfg = Release|Any CPU
		{1FEAF2A9-E765-702E-6969-3D4E12D86CC8}.Release|x64.Build.0 = Release|Any CPU
		{1FEAF2A9-E765-702E-6969-3D4E12D86CC8}.Release|x86.ActiveCfg = Release|Any CPU
		{1FEAF2A9-E765-702E-6969-3D4E12D86CC8}.Release|x86.Build.0 = Release|Any CPU
		{B3220051-1EBE-6F18-D720-E38104A641B8}.Debug|Any CPU.ActiveCfg = Debug|Any CPU
		{B3220051-1EBE-6F18-D720-E38104A641B8}.Debug|Any CPU.Build.0 = Debug|Any CPU
		{B3220051-1EBE-6F18-D720-E38104A641B8}.Debug|x64.ActiveCfg = Debug|Any CPU
		{B3220051-1EBE-6F18-D720-E38104A641B8}.Debug|x64.Build.0 = Debug|Any CPU
		{B3220051-1EBE-6F18-D720-E38104A641B8}.Debug|x86.ActiveCfg = Debug|Any CPU
		{B3220051-1EBE-6F18-D720-E38104A641B8}.Debug|x86.Build.0 = Debug|Any CPU
		{B3220051-1EBE-6F18-D720-E38104A641B8}.Release|Any CPU.ActiveCfg = Release|Any CPU
		{B3220051-1EBE-6F18-D720-E38104A641B8}.Release|Any CPU.Build.0 = Release|Any CPU
		{B3220051-1EBE-6F18-D720-E38104A641B8}.Release|x64.ActiveCfg = Release|Any CPU
		{B3220051-1EBE-6F18-D720-E38104A641B8}.Release|x64.Build.0 = Release|Any CPU
		{B3220051-1EBE-6F18-D720-E38104A641B8}.Release|x86.ActiveCfg = Release|Any CPU
		{B3220051-1EBE-6F18-D720-E38104A641B8}.Release|x86.Build.0 = Release|Any CPU
		{DEC37D17-9493-8F6F-6FF6-EF083DF843D0}.Debug|Any CPU.ActiveCfg = Debug|Any CPU
		{DEC37D17-9493-8F6F-6FF6-EF083DF843D0}.Debug|Any CPU.Build.0 = Debug|Any CPU
		{DEC37D17-9493-8F6F-6FF6-EF083DF843D0}.Debug|x64.ActiveCfg = Debug|Any CPU
		{DEC37D17-9493-8F6F-6FF6-EF083DF843D0}.Debug|x64.Build.0 = Debug|Any CPU
		{DEC37D17-9493-8F6F-6FF6-EF083DF843D0}.Debug|x86.ActiveCfg = Debug|Any CPU
		{DEC37D17-9493-8F6F-6FF6-EF083DF843D0}.Debug|x86.Build.0 = Debug|Any CPU
		{DEC37D17-9493-8F6F-6FF6-EF083DF843D0}.Release|Any CPU.ActiveCfg = Release|Any CPU
		{DEC37D17-9493-8F6F-6FF6-EF083DF843D0}.Release|Any CPU.Build.0 = Release|Any CPU
		{DEC37D17-9493-8F6F-6FF6-EF083DF843D0}.Release|x64.ActiveCfg = Release|Any CPU
		{DEC37D17-9493-8F6F-6FF6-EF083DF843D0}.Release|x64.Build.0 = Release|Any CPU
		{DEC37D17-9493-8F6F-6FF6-EF083DF843D0}.Release|x86.ActiveCfg = Release|Any CPU
		{DEC37D17-9493-8F6F-6FF6-EF083DF843D0}.Release|x86.Build.0 = Release|Any CPU
		{17E951AE-05D5-CC7D-5D22-B7E803062C91}.Debug|Any CPU.ActiveCfg = Debug|Any CPU
		{17E951AE-05D5-CC7D-5D22-B7E803062C91}.Debug|Any CPU.Build.0 = Debug|Any CPU
		{17E951AE-05D5-CC7D-5D22-B7E803062C91}.Debug|x64.ActiveCfg = Debug|Any CPU
		{17E951AE-05D5-CC7D-5D22-B7E803062C91}.Debug|x64.Build.0 = Debug|Any CPU
		{17E951AE-05D5-CC7D-5D22-B7E803062C91}.Debug|x86.ActiveCfg = Debug|Any CPU
		{17E951AE-05D5-CC7D-5D22-B7E803062C91}.Debug|x86.Build.0 = Debug|Any CPU
		{17E951AE-05D5-CC7D-5D22-B7E803062C91}.Release|Any CPU.ActiveCfg = Release|Any CPU
		{17E951AE-05D5-CC7D-5D22-B7E803062C91}.Release|Any CPU.Build.0 = Release|Any CPU
		{17E951AE-05D5-CC7D-5D22-B7E803062C91}.Release|x64.ActiveCfg = Release|Any CPU
		{17E951AE-05D5-CC7D-5D22-B7E803062C91}.Release|x64.Build.0 = Release|Any CPU
		{17E951AE-05D5-CC7D-5D22-B7E803062C91}.Release|x86.ActiveCfg = Release|Any CPU
		{17E951AE-05D5-CC7D-5D22-B7E803062C91}.Release|x86.Build.0 = Release|Any CPU
		{92667BFC-FC81-04EC-3AD1-4FE7C3C2AD8E}.Debug|Any CPU.ActiveCfg = Debug|Any CPU
		{92667BFC-FC81-04EC-3AD1-4FE7C3C2AD8E}.Debug|Any CPU.Build.0 = Debug|Any CPU
		{92667BFC-FC81-04EC-3AD1-4FE7C3C2AD8E}.Debug|x64.ActiveCfg = Debug|Any CPU
		{92667BFC-FC81-04EC-3AD1-4FE7C3C2AD8E}.Debug|x64.Build.0 = Debug|Any CPU
		{92667BFC-FC81-04EC-3AD1-4FE7C3C2AD8E}.Debug|x86.ActiveCfg = Debug|Any CPU
		{92667BFC-FC81-04EC-3AD1-4FE7C3C2AD8E}.Debug|x86.Build.0 = Debug|Any CPU
		{92667BFC-FC81-04EC-3AD1-4FE7C3C2AD8E}.Release|Any CPU.ActiveCfg = Release|Any CPU
		{92667BFC-FC81-04EC-3AD1-4FE7C3C2AD8E}.Release|Any CPU.Build.0 = Release|Any CPU
		{92667BFC-FC81-04EC-3AD1-4FE7C3C2AD8E}.Release|x64.ActiveCfg = Release|Any CPU
		{92667BFC-FC81-04EC-3AD1-4FE7C3C2AD8E}.Release|x64.Build.0 = Release|Any CPU
		{92667BFC-FC81-04EC-3AD1-4FE7C3C2AD8E}.Release|x86.ActiveCfg = Release|Any CPU
		{92667BFC-FC81-04EC-3AD1-4FE7C3C2AD8E}.Release|x86.Build.0 = Release|Any CPU
		{19BCFAFA-29AE-D6E8-5012-9928350E3986}.Debug|Any CPU.ActiveCfg = Debug|Any CPU
		{19BCFAFA-29AE-D6E8-5012-9928350E3986}.Debug|Any CPU.Build.0 = Debug|Any CPU
		{19BCFAFA-29AE-D6E8-5012-9928350E3986}.Debug|x64.ActiveCfg = Debug|Any CPU
		{19BCFAFA-29AE-D6E8-5012-9928350E3986}.Debug|x64.Build.0 = Debug|Any CPU
		{19BCFAFA-29AE-D6E8-5012-9928350E3986}.Debug|x86.ActiveCfg = Debug|Any CPU
		{19BCFAFA-29AE-D6E8-5012-9928350E3986}.Debug|x86.Build.0 = Debug|Any CPU
		{19BCFAFA-29AE-D6E8-5012-9928350E3986}.Release|Any CPU.ActiveCfg = Release|Any CPU
		{19BCFAFA-29AE-D6E8-5012-9928350E3986}.Release|Any CPU.Build.0 = Release|Any CPU
		{19BCFAFA-29AE-D6E8-5012-9928350E3986}.Release|x64.ActiveCfg = Release|Any CPU
		{19BCFAFA-29AE-D6E8-5012-9928350E3986}.Release|x64.Build.0 = Release|Any CPU
		{19BCFAFA-29AE-D6E8-5012-9928350E3986}.Release|x86.ActiveCfg = Release|Any CPU
		{19BCFAFA-29AE-D6E8-5012-9928350E3986}.Release|x86.Build.0 = Release|Any CPU
		{D898500F-4283-DEA3-BB5F-FC4894E875E1}.Debug|Any CPU.ActiveCfg = Debug|Any CPU
		{D898500F-4283-DEA3-BB5F-FC4894E875E1}.Debug|Any CPU.Build.0 = Debug|Any CPU
		{D898500F-4283-DEA3-BB5F-FC4894E875E1}.Debug|x64.ActiveCfg = Debug|Any CPU
		{D898500F-4283-DEA3-BB5F-FC4894E875E1}.Debug|x64.Build.0 = Debug|Any CPU
		{D898500F-4283-DEA3-BB5F-FC4894E875E1}.Debug|x86.ActiveCfg = Debug|Any CPU
		{D898500F-4283-DEA3-BB5F-FC4894E875E1}.Debug|x86.Build.0 = Debug|Any CPU
		{D898500F-4283-DEA3-BB5F-FC4894E875E1}.Release|Any CPU.ActiveCfg = Release|Any CPU
		{D898500F-4283-DEA3-BB5F-FC4894E875E1}.Release|Any CPU.Build.0 = Release|Any CPU
		{D898500F-4283-DEA3-BB5F-FC4894E875E1}.Release|x64.ActiveCfg = Release|Any CPU
		{D898500F-4283-DEA3-BB5F-FC4894E875E1}.Release|x64.Build.0 = Release|Any CPU
		{D898500F-4283-DEA3-BB5F-FC4894E875E1}.Release|x86.ActiveCfg = Release|Any CPU
		{D898500F-4283-DEA3-BB5F-FC4894E875E1}.Release|x86.Build.0 = Release|Any CPU
		{6DAEDD17-3993-A51F-3B9E-4196844EABA3}.Debug|Any CPU.ActiveCfg = Debug|Any CPU
		{6DAEDD17-3993-A51F-3B9E-4196844EABA3}.Debug|Any CPU.Build.0 = Debug|Any CPU
		{6DAEDD17-3993-A51F-3B9E-4196844EABA3}.Debug|x64.ActiveCfg = Debug|Any CPU
		{6DAEDD17-3993-A51F-3B9E-4196844EABA3}.Debug|x64.Build.0 = Debug|Any CPU
		{6DAEDD17-3993-A51F-3B9E-4196844EABA3}.Debug|x86.ActiveCfg = Debug|Any CPU
		{6DAEDD17-3993-A51F-3B9E-4196844EABA3}.Debug|x86.Build.0 = Debug|Any CPU
		{6DAEDD17-3993-A51F-3B9E-4196844EABA3}.Release|Any CPU.ActiveCfg = Release|Any CPU
		{6DAEDD17-3993-A51F-3B9E-4196844EABA3}.Release|Any CPU.Build.0 = Release|Any CPU
		{6DAEDD17-3993-A51F-3B9E-4196844EABA3}.Release|x64.ActiveCfg = Release|Any CPU
		{6DAEDD17-3993-A51F-3B9E-4196844EABA3}.Release|x64.Build.0 = Release|Any CPU
		{6DAEDD17-3993-A51F-3B9E-4196844EABA3}.Release|x86.ActiveCfg = Release|Any CPU
		{6DAEDD17-3993-A51F-3B9E-4196844EABA3}.Release|x86.Build.0 = Release|Any CPU
		{1CCED564-C2E3-53DC-7ECE-4104F4198726}.Debug|Any CPU.ActiveCfg = Debug|Any CPU
		{1CCED564-C2E3-53DC-7ECE-4104F4198726}.Debug|Any CPU.Build.0 = Debug|Any CPU
		{1CCED564-C2E3-53DC-7ECE-4104F4198726}.Debug|x64.ActiveCfg = Debug|Any CPU
		{1CCED564-C2E3-53DC-7ECE-4104F4198726}.Debug|x64.Build.0 = Debug|Any CPU
		{1CCED564-C2E3-53DC-7ECE-4104F4198726}.Debug|x86.ActiveCfg = Debug|Any CPU
		{1CCED564-C2E3-53DC-7ECE-4104F4198726}.Debug|x86.Build.0 = Debug|Any CPU
		{1CCED564-C2E3-53DC-7ECE-4104F4198726}.Release|Any CPU.ActiveCfg = Release|Any CPU
		{1CCED564-C2E3-53DC-7ECE-4104F4198726}.Release|Any CPU.Build.0 = Release|Any CPU
		{1CCED564-C2E3-53DC-7ECE-4104F4198726}.Release|x64.ActiveCfg = Release|Any CPU
		{1CCED564-C2E3-53DC-7ECE-4104F4198726}.Release|x64.Build.0 = Release|Any CPU
		{1CCED564-C2E3-53DC-7ECE-4104F4198726}.Release|x86.ActiveCfg = Release|Any CPU
		{1CCED564-C2E3-53DC-7ECE-4104F4198726}.Release|x86.Build.0 = Release|Any CPU
		{9640D867-F10B-C923-BCF3-32ED3577FF22}.Debug|Any CPU.ActiveCfg = Debug|Any CPU
		{9640D867-F10B-C923-BCF3-32ED3577FF22}.Debug|Any CPU.Build.0 = Debug|Any CPU
		{9640D867-F10B-C923-BCF3-32ED3577FF22}.Debug|x64.ActiveCfg = Debug|Any CPU
		{9640D867-F10B-C923-BCF3-32ED3577FF22}.Debug|x64.Build.0 = Debug|Any CPU
		{9640D867-F10B-C923-BCF3-32ED3577FF22}.Debug|x86.ActiveCfg = Debug|Any CPU
		{9640D867-F10B-C923-BCF3-32ED3577FF22}.Debug|x86.Build.0 = Debug|Any CPU
		{9640D867-F10B-C923-BCF3-32ED3577FF22}.Release|Any CPU.ActiveCfg = Release|Any CPU
		{9640D867-F10B-C923-BCF3-32ED3577FF22}.Release|Any CPU.Build.0 = Release|Any CPU
		{9640D867-F10B-C923-BCF3-32ED3577FF22}.Release|x64.ActiveCfg = Release|Any CPU
		{9640D867-F10B-C923-BCF3-32ED3577FF22}.Release|x64.Build.0 = Release|Any CPU
		{9640D867-F10B-C923-BCF3-32ED3577FF22}.Release|x86.ActiveCfg = Release|Any CPU
		{9640D867-F10B-C923-BCF3-32ED3577FF22}.Release|x86.Build.0 = Release|Any CPU
		{8AF5CFBE-3738-4FF3-92D7-8DB666BE2F7B}.Debug|Any CPU.ActiveCfg = Debug|Any CPU
		{8AF5CFBE-3738-4FF3-92D7-8DB666BE2F7B}.Debug|Any CPU.Build.0 = Debug|Any CPU
		{8AF5CFBE-3738-4FF3-92D7-8DB666BE2F7B}.Debug|x64.ActiveCfg = Debug|Any CPU
		{8AF5CFBE-3738-4FF3-92D7-8DB666BE2F7B}.Debug|x64.Build.0 = Debug|Any CPU
		{8AF5CFBE-3738-4FF3-92D7-8DB666BE2F7B}.Debug|x86.ActiveCfg = Debug|Any CPU
		{8AF5CFBE-3738-4FF3-92D7-8DB666BE2F7B}.Debug|x86.Build.0 = Debug|Any CPU
		{8AF5CFBE-3738-4FF3-92D7-8DB666BE2F7B}.Release|Any CPU.ActiveCfg = Release|Any CPU
		{8AF5CFBE-3738-4FF3-92D7-8DB666BE2F7B}.Release|Any CPU.Build.0 = Release|Any CPU
		{8AF5CFBE-3738-4FF3-92D7-8DB666BE2F7B}.Release|x64.ActiveCfg = Release|Any CPU
		{8AF5CFBE-3738-4FF3-92D7-8DB666BE2F7B}.Release|x64.Build.0 = Release|Any CPU
		{8AF5CFBE-3738-4FF3-92D7-8DB666BE2F7B}.Release|x86.ActiveCfg = Release|Any CPU
		{8AF5CFBE-3738-4FF3-92D7-8DB666BE2F7B}.Release|x86.Build.0 = Release|Any CPU
	EndGlobalSection
	GlobalSection(SolutionProperties) = preSolution
		HideSolutionNode = FALSE
	EndGlobalSection
	GlobalSection(NestedProjects) = preSolution
		{3653259B-57AF-F369-42CB-B9B49F566BFE} = {823D4020-332D-2C13-F261-6F510F11A57E}
		{7AADAEA2-69A5-843B-59CB-03B0D8C43E08} = {823D4020-332D-2C13-F261-6F510F11A57E}
		{2095023D-346A-53D6-419B-B20D1D1FEBB6} = {B8EFCA5F-814F-285C-A8CB-F00F14650265}
		{50DC35BE-E134-D5C5-525A-9568156CA08C} = {B8EFCA5F-814F-285C-A8CB-F00F14650265}
		{AFA9D3DB-0091-4C33-701C-77F3D1BC8A94} = {B8EFCA5F-814F-285C-A8CB-F00F14650265}
		{A81B7D94-0155-67C9-365B-A79B854B2753} = {B8EFCA5F-814F-285C-A8CB-F00F14650265}
		{1352D901-F3B9-AA5D-535A-F8378187D97B} = {A81B7D94-0155-67C9-365B-A79B854B2753}
		{44DAAF27-3E4D-538C-B747-C2026C230968} = {A81B7D94-0155-67C9-365B-A79B854B2753}
		{A1F07A99-47E6-3E8E-CA6E-9EE396A123E6} = {A81B7D94-0155-67C9-365B-A79B854B2753}
		{D38F458E-82FE-5F6F-80DD-613572E2CA10} = {A81B7D94-0155-67C9-365B-A79B854B2753}
		{BC1A95E9-07B6-04DA-0857-E55A4B592D48} = {A81B7D94-0155-67C9-365B-A79B854B2753}
		{737D7D36-FC8F-AC3E-0922-64777BBCE241} = {A81B7D94-0155-67C9-365B-A79B854B2753}
		{67A6AF77-F801-BA32-F6D6-60F3718E1D27} = {A81B7D94-0155-67C9-365B-A79B854B2753}
		{0BB2A734-3F74-1B6B-3B99-B7D1FBBD5515} = {A81B7D94-0155-67C9-365B-A79B854B2753}
		{F138756B-AC28-9AF9-AFAD-49558A515529} = {A81B7D94-0155-67C9-365B-A79B854B2753}
		{98856D1C-6A95-76B7-5543-111401E783E3} = {B8EFCA5F-814F-285C-A8CB-F00F14650265}
		{8C5F4AD1-B094-8F3E-FFEE-1475F2B3E211} = {98856D1C-6A95-76B7-5543-111401E783E3}
		{F67BD989-1887-3DA6-5F59-F89DFAA8BF4D} = {98856D1C-6A95-76B7-5543-111401E783E3}
		{0DA2DD17-E6FA-852A-0491-C1E385F9C75D} = {98856D1C-6A95-76B7-5543-111401E783E3}
		{EE15F9B3-05C4-C857-C0A1-DAFB14A2BF5F} = {98856D1C-6A95-76B7-5543-111401E783E3}
		{0F01AC9D-8FC5-1416-4C22-A519C7FAF990} = {98856D1C-6A95-76B7-5543-111401E783E3}
		{991D98BF-3986-A093-FB22-9CA91AC2CD89} = {98856D1C-6A95-76B7-5543-111401E783E3}
		{CC606400-B5A2-72A0-93C0-1D8485EF4B1C} = {98856D1C-6A95-76B7-5543-111401E783E3}
		{8ABAE4B3-D2C0-A277-D101-870BD9DF776D} = {98856D1C-6A95-76B7-5543-111401E783E3}
		{32D52E1E-6EF7-C916-057E-60686212737F} = {98856D1C-6A95-76B7-5543-111401E783E3}
		{CD7E5A39-230B-B24C-4121-287EF8E8087A} = {98856D1C-6A95-76B7-5543-111401E783E3}
		{0B05C6C0-FA97-5906-41C7-03BCD35E8225} = {98856D1C-6A95-76B7-5543-111401E783E3}
		{3C73814C-4A68-E8E0-60EB-5ACE514BC6D6} = {98856D1C-6A95-76B7-5543-111401E783E3}
		{C682B68D-6E85-8EDE-3D5A-C7160420C364} = {98856D1C-6A95-76B7-5543-111401E783E3}
		{DA61A519-8E05-3D2C-32B2-E7669D88D823} = {98856D1C-6A95-76B7-5543-111401E783E3}
		{85C9DCEE-D83E-DABD-D6E6-4913C41B0266} = {98856D1C-6A95-76B7-5543-111401E783E3}
		{1FEAF2A9-E765-702E-6969-3D4E12D86CC8} = {98856D1C-6A95-76B7-5543-111401E783E3}
		{B3220051-1EBE-6F18-D720-E38104A641B8} = {98856D1C-6A95-76B7-5543-111401E783E3}
		{DEC37D17-9493-8F6F-6FF6-EF083DF843D0} = {98856D1C-6A95-76B7-5543-111401E783E3}
		{17E951AE-05D5-CC7D-5D22-B7E803062C91} = {98856D1C-6A95-76B7-5543-111401E783E3}
		{92667BFC-FC81-04EC-3AD1-4FE7C3C2AD8E} = {98856D1C-6A95-76B7-5543-111401E783E3}
		{82952E8A-BE24-56EA-13F6-4DD522780281} = {B8EFCA5F-814F-285C-A8CB-F00F14650265}
		{19BCFAFA-29AE-D6E8-5012-9928350E3986} = {82952E8A-BE24-56EA-13F6-4DD522780281}
		{D898500F-4283-DEA3-BB5F-FC4894E875E1} = {82952E8A-BE24-56EA-13F6-4DD522780281}
		{6DAEDD17-3993-A51F-3B9E-4196844EABA3} = {82952E8A-BE24-56EA-13F6-4DD522780281}
		{1CCED564-C2E3-53DC-7ECE-4104F4198726} = {82952E8A-BE24-56EA-13F6-4DD522780281}
		{D7176D0C-0D16-292F-90BB-32EF881BC90E} = {B8EFCA5F-814F-285C-A8CB-F00F14650265}
		{9640D867-F10B-C923-BCF3-32ED3577FF22} = {D7176D0C-0D16-292F-90BB-32EF881BC90E}
		{8AF5CFBE-3738-4FF3-92D7-8DB666BE2F7B} = {98856D1C-6A95-76B7-5543-111401E783E3}
	EndGlobalSection
	GlobalSection(ExtensibilityGlobals) = postSolution
		SolutionGuid = {F38B0FB4-248F-4398-8BD2-6A0D72D141FE}
	EndGlobalSection
EndGlobal
