
Microsoft Visual Studio Solution File, Format Version 12.00
# Visual Studio Version 17
VisualStudioVersion = 17.0.31903.59
MinimumVisualStudioVersion = 10.0.40219.1
Project("{2150E333-8FDC-42A3-9474-1A3956D46DE8}") = "Integration", "Integration", "{823D4020-332D-2C13-F261-6F510F11A57E}"
EndProject
Project("{FAE04EC0-301F-11D3-BF4B-00C04F79EFBC}") = "Orleans.InProcess", "Integration\Orleans.InProcess\Orleans.InProcess.csproj", "{CBD394FD-8B9A-4AB0-86E7-3A10F5F710DB}"
EndProject
Project("{2150E333-8FDC-42A3-9474-1A3956D46DE8}") = "Source", "Source", "{B8EFCA5F-814F-285C-A8CB-F00F14650265}"
EndProject
Project("{FAE04EC0-301F-11D3-BF4B-00C04F79EFBC}") = "Api", "Source\Api\Api.csproj", "{E66B6CEE-C231-4FFD-AEFB-FFFE02EB5B71}"
EndProject
Project("{FAE04EC0-301F-11D3-BF4B-00C04F79EFBC}") = "AspNetCore.Specs", "Source\Clients\AspNetCore.Specs\AspNetCore.Specs.csproj", "{9E3560EC-DBA7-4918-BF68-15EA9F96DF17}"
EndProject
Project("{FAE04EC0-301F-11D3-BF4B-00C04F79EFBC}") = "AspNetCore", "Source\Clients\AspNetCore\AspNetCore.csproj", "{E187A1A3-76D6-4DFE-9119-9FBB365081BE}"
EndProject
Project("{FAE04EC0-301F-11D3-BF4B-00C04F79EFBC}") = "Connections", "Source\Clients\Connections\Connections.csproj", "{3F5D6F69-8810-4D05-914C-1440251569AA}"
EndProject
Project("{FAE04EC0-301F-11D3-BF4B-00C04F79EFBC}") = "DotNET.Specs", "Source\Clients\DotNET.Specs\DotNET.Specs.csproj", "{759DFC09-76F6-47BB-BE6C-A9E80916E52C}"
EndProject
Project("{FAE04EC0-301F-11D3-BF4B-00C04F79EFBC}") = "DotNET", "Source\Clients\DotNET\DotNET.csproj", "{E4B200E6-44C9-4130-A705-66E5619B33EF}"
EndProject
Project("{FAE04EC0-301F-11D3-BF4B-00C04F79EFBC}") = "Orleans.InProcess", "Source\Clients\Orleans.InProcess\Orleans.InProcess.csproj", "{F5725DE8-DC19-4514-8182-853C0B4EDB18}"
EndProject
Project("{FAE04EC0-301F-11D3-BF4B-00C04F79EFBC}") = "Orleans.XUnit", "Source\Clients\Orleans.XUnit\Orleans.XUnit.csproj", "{821E5325-4977-453B-818E-7DBB56365847}"
EndProject
Project("{FAE04EC0-301F-11D3-BF4B-00C04F79EFBC}") = "Orleans", "Source\Clients\Orleans\Orleans.csproj", "{0C0A0AEA-33E9-402C-AA5F-63B616CE6106}"
EndProject
Project("{FAE04EC0-301F-11D3-BF4B-00C04F79EFBC}") = "XUnit.Integration", "Source\Clients\XUnit.Integration\XUnit.Integration.csproj", "{15D948EC-71B9-4091-B8C8-B5752525FB4A}"
EndProject
Project("{FAE04EC0-301F-11D3-BF4B-00C04F79EFBC}") = "XUnit", "Source\Clients\XUnit\XUnit.csproj", "{0FCEA263-B5A3-48A9-AF25-E8294F4C64C4}"
EndProject
Project("{FAE04EC0-301F-11D3-BF4B-00C04F79EFBC}") = "Infrastructure.Specs", "Source\Infrastructure.Specs\Infrastructure.Specs.csproj", "{0A017BD0-F6BC-4843-9B2E-9FE2EA3EACAD}"
EndProject
Project("{FAE04EC0-301F-11D3-BF4B-00C04F79EFBC}") = "Infrastructure", "Source\Infrastructure\Infrastructure.csproj", "{A9FF048A-3E14-4621-BA8D-892C0175AB39}"
EndProject
Project("{FAE04EC0-301F-11D3-BF4B-00C04F79EFBC}") = "Compliance.Specs", "Source\Kernel\Compliance.Specs\Compliance.Specs.csproj", "{5E770656-7F52-4445-91FE-A99530CB8C04}"
EndProject
Project("{FAE04EC0-301F-11D3-BF4B-00C04F79EFBC}") = "Compliance", "Source\Kernel\Compliance\Compliance.csproj", "{0A399781-B7DD-45F0-A4C4-E59F5916DE29}"
EndProject
Project("{FAE04EC0-301F-11D3-BF4B-00C04F79EFBC}") = "Concepts.Specs", "Source\Kernel\Concepts.Specs\Concepts.Specs.csproj", "{57C32815-3FBE-42D9-94DC-2777D86A7875}"
EndProject
Project("{FAE04EC0-301F-11D3-BF4B-00C04F79EFBC}") = "Concepts", "Source\Kernel\Concepts\Concepts.csproj", "{18DA25F2-3D8F-4DCE-992C-FB4E6D90E92F}"
EndProject
Project("{FAE04EC0-301F-11D3-BF4B-00C04F79EFBC}") = "Configuration", "Source\Kernel\Configuration\Configuration.csproj", "{9FF6B562-F19E-40AE-BA5B-697529850B7D}"
EndProject
Project("{FAE04EC0-301F-11D3-BF4B-00C04F79EFBC}") = "Contracts", "Source\Kernel\Contracts\Contracts.csproj", "{EDE9D919-E58C-49B1-8FC9-062CEDD59FB7}"
EndProject
Project("{FAE04EC0-301F-11D3-BF4B-00C04F79EFBC}") = "Diagnostics", "Source\Kernel\Diagnostics\Diagnostics.csproj", "{53B909A8-20CF-4536-B167-A38C15F5B71F}"
EndProject
Project("{FAE04EC0-301F-11D3-BF4B-00C04F79EFBC}") = "Events", "Source\Kernel\Events\Events.csproj", "{23167B71-5D8E-4C5C-97AC-BE67A4611DB3}"
EndProject
Project("{FAE04EC0-301F-11D3-BF4B-00C04F79EFBC}") = "Grains.Interfaces.Specs", "Source\Kernel\Grains.Interfaces.Specs\Grains.Interfaces.Specs.csproj", "{54282EFC-7422-4A03-8EBA-99BF889495ED}"
EndProject
Project("{FAE04EC0-301F-11D3-BF4B-00C04F79EFBC}") = "Grains.Interfaces", "Source\Kernel\Grains.Interfaces\Grains.Interfaces.csproj", "{2521A038-1ECE-46E9-92CC-5491F213EB00}"
EndProject
Project("{FAE04EC0-301F-11D3-BF4B-00C04F79EFBC}") = "Grains.Specs", "Source\Kernel\Grains.Specs\Grains.Specs.csproj", "{982E4490-782D-4672-9ABB-84A25D04B49D}"
EndProject
Project("{FAE04EC0-301F-11D3-BF4B-00C04F79EFBC}") = "Grains", "Source\Kernel\Grains\Grains.csproj", "{8A02BE65-A91D-4E1E-92F4-70C577CA0081}"
EndProject
Project("{FAE04EC0-301F-11D3-BF4B-00C04F79EFBC}") = "Projections.Specs", "Source\Kernel\Projections.Specs\Projections.Specs.csproj", "{0BC0D1D1-1040-4B51-8361-2F413C4C6224}"
EndProject
Project("{FAE04EC0-301F-11D3-BF4B-00C04F79EFBC}") = "Projections", "Source\Kernel\Projections\Projections.csproj", "{155FD9CD-91D3-4A44-8E9A-4B088A9008A2}"
EndProject
Project("{FAE04EC0-301F-11D3-BF4B-00C04F79EFBC}") = "Server", "Source\Kernel\Server\Server.csproj", "{BCF04A99-7125-4D3B-B422-87946AB8CA12}"
EndProject
Project("{FAE04EC0-301F-11D3-BF4B-00C04F79EFBC}") = "Services", "Source\Kernel\Services\Services.csproj", "{66843A4F-544E-42D2-A2A7-3A90499598CC}"
EndProject
Project("{FAE04EC0-301F-11D3-BF4B-00C04F79EFBC}") = "Setup", "Source\Kernel\Setup\Setup.csproj", "{A55BA271-A9D9-4DBD-B4B5-38DDE86501BA}"
EndProject
Project("{FAE04EC0-301F-11D3-BF4B-00C04F79EFBC}") = "Storage.MongoDB.Specs", "Source\Kernel\Storage.MongoDB.Specs\Storage.MongoDB.Specs.csproj", "{437ADAE7-C343-4DC4-B653-AA44BC140715}"
EndProject
Project("{FAE04EC0-301F-11D3-BF4B-00C04F79EFBC}") = "Storage.MongoDB", "Source\Kernel\Storage.MongoDB\Storage.MongoDB.csproj", "{7F823E13-F110-4297-B399-5F5C5E18D296}"
EndProject
Project("{FAE04EC0-301F-11D3-BF4B-00C04F79EFBC}") = "Storage.Specs", "Source\Kernel\Storage.Specs\Storage.Specs.csproj", "{14D0E9AE-2C0A-4E9C-AFFC-859D82947107}"
EndProject
Project("{FAE04EC0-301F-11D3-BF4B-00C04F79EFBC}") = "Storage", "Source\Kernel\Storage\Storage.csproj", "{93358D18-9F6C-4A63-9550-604C78EB9DBF}"
EndProject
Project("{FAE04EC0-301F-11D3-BF4B-00C04F79EFBC}") = "AssemblyFixer", "Source\Tools\AssemblyFixer\AssemblyFixer.csproj", "{F44269C0-B2DD-4D4D-A3A7-8A1A0390F47C}"
EndProject
Project("{FAE04EC0-301F-11D3-BF4B-00C04F79EFBC}") = "GrpcClients", "Source\Tools\GrpcClients\GrpcClients.csproj", "{9777AAE7-5BE9-49F3-8689-8E394593E5C0}"
EndProject
Project("{FAE04EC0-301F-11D3-BF4B-00C04F79EFBC}") = "InternalsVerifier", "Source\Tools\InternalsVerifier\InternalsVerifier.csproj", "{61AF8566-637D-45DB-B1BC-6BB43F20709D}"
EndProject
Project("{FAE04EC0-301F-11D3-BF4B-00C04F79EFBC}") = "ResourceEmbedder", "Source\Tools\ResourceEmbedder\ResourceEmbedder.csproj", "{28EB48F7-86E5-4BC0-8D57-6766645BFA79}"
EndProject
Project("{FAE04EC0-301F-11D3-BF4B-00C04F79EFBC}") = "Embedded", "Source\Workbench\Embedded\Embedded.csproj", "{DCCBACD0-1169-40F5-81D1-80FFF69C18D9}"
EndProject
Global
	GlobalSection(SolutionConfigurationPlatforms) = preSolution
		Debug|Any CPU = Debug|Any CPU
		Debug|x64 = Debug|x64
		Debug|x86 = Debug|x86
		Release|Any CPU = Release|Any CPU
		Release|x64 = Release|x64
		Release|x86 = Release|x86
	EndGlobalSection
	GlobalSection(ProjectConfigurationPlatforms) = postSolution
		{CBD394FD-8B9A-4AB0-86E7-3A10F5F710DB}.Debug|Any CPU.ActiveCfg = Debug|Any CPU
		{CBD394FD-8B9A-4AB0-86E7-3A10F5F710DB}.Debug|Any CPU.Build.0 = Debug|Any CPU
		{CBD394FD-8B9A-4AB0-86E7-3A10F5F710DB}.Debug|x64.ActiveCfg = Debug|Any CPU
		{CBD394FD-8B9A-4AB0-86E7-3A10F5F710DB}.Debug|x64.Build.0 = Debug|Any CPU
		{CBD394FD-8B9A-4AB0-86E7-3A10F5F710DB}.Debug|x86.ActiveCfg = Debug|Any CPU
		{CBD394FD-8B9A-4AB0-86E7-3A10F5F710DB}.Debug|x86.Build.0 = Debug|Any CPU
		{CBD394FD-8B9A-4AB0-86E7-3A10F5F710DB}.Release|Any CPU.ActiveCfg = Release|Any CPU
		{CBD394FD-8B9A-4AB0-86E7-3A10F5F710DB}.Release|Any CPU.Build.0 = Release|Any CPU
		{CBD394FD-8B9A-4AB0-86E7-3A10F5F710DB}.Release|x64.ActiveCfg = Release|Any CPU
		{CBD394FD-8B9A-4AB0-86E7-3A10F5F710DB}.Release|x64.Build.0 = Release|Any CPU
		{CBD394FD-8B9A-4AB0-86E7-3A10F5F710DB}.Release|x86.ActiveCfg = Release|Any CPU
		{CBD394FD-8B9A-4AB0-86E7-3A10F5F710DB}.Release|x86.Build.0 = Release|Any CPU
		{E66B6CEE-C231-4FFD-AEFB-FFFE02EB5B71}.Debug|Any CPU.ActiveCfg = Debug|Any CPU
		{E66B6CEE-C231-4FFD-AEFB-FFFE02EB5B71}.Debug|Any CPU.Build.0 = Debug|Any CPU
		{E66B6CEE-C231-4FFD-AEFB-FFFE02EB5B71}.Debug|x64.ActiveCfg = Debug|Any CPU
		{E66B6CEE-C231-4FFD-AEFB-FFFE02EB5B71}.Debug|x64.Build.0 = Debug|Any CPU
		{E66B6CEE-C231-4FFD-AEFB-FFFE02EB5B71}.Debug|x86.ActiveCfg = Debug|Any CPU
		{E66B6CEE-C231-4FFD-AEFB-FFFE02EB5B71}.Debug|x86.Build.0 = Debug|Any CPU
		{E66B6CEE-C231-4FFD-AEFB-FFFE02EB5B71}.Release|Any CPU.ActiveCfg = Release|Any CPU
		{E66B6CEE-C231-4FFD-AEFB-FFFE02EB5B71}.Release|Any CPU.Build.0 = Release|Any CPU
		{E66B6CEE-C231-4FFD-AEFB-FFFE02EB5B71}.Release|x64.ActiveCfg = Release|Any CPU
		{E66B6CEE-C231-4FFD-AEFB-FFFE02EB5B71}.Release|x64.Build.0 = Release|Any CPU
		{E66B6CEE-C231-4FFD-AEFB-FFFE02EB5B71}.Release|x86.ActiveCfg = Release|Any CPU
		{E66B6CEE-C231-4FFD-AEFB-FFFE02EB5B71}.Release|x86.Build.0 = Release|Any CPU
		{9E3560EC-DBA7-4918-BF68-15EA9F96DF17}.Debug|Any CPU.ActiveCfg = Debug|Any CPU
		{9E3560EC-DBA7-4918-BF68-15EA9F96DF17}.Debug|Any CPU.Build.0 = Debug|Any CPU
		{9E3560EC-DBA7-4918-BF68-15EA9F96DF17}.Debug|x64.ActiveCfg = Debug|Any CPU
		{9E3560EC-DBA7-4918-BF68-15EA9F96DF17}.Debug|x64.Build.0 = Debug|Any CPU
		{9E3560EC-DBA7-4918-BF68-15EA9F96DF17}.Debug|x86.ActiveCfg = Debug|Any CPU
		{9E3560EC-DBA7-4918-BF68-15EA9F96DF17}.Debug|x86.Build.0 = Debug|Any CPU
		{9E3560EC-DBA7-4918-BF68-15EA9F96DF17}.Release|Any CPU.ActiveCfg = Release|Any CPU
		{9E3560EC-DBA7-4918-BF68-15EA9F96DF17}.Release|Any CPU.Build.0 = Release|Any CPU
		{9E3560EC-DBA7-4918-BF68-15EA9F96DF17}.Release|x64.ActiveCfg = Release|Any CPU
		{9E3560EC-DBA7-4918-BF68-15EA9F96DF17}.Release|x64.Build.0 = Release|Any CPU
		{9E3560EC-DBA7-4918-BF68-15EA9F96DF17}.Release|x86.ActiveCfg = Release|Any CPU
		{9E3560EC-DBA7-4918-BF68-15EA9F96DF17}.Release|x86.Build.0 = Release|Any CPU
		{E187A1A3-76D6-4DFE-9119-9FBB365081BE}.Debug|Any CPU.ActiveCfg = Debug|Any CPU
		{E187A1A3-76D6-4DFE-9119-9FBB365081BE}.Debug|Any CPU.Build.0 = Debug|Any CPU
		{E187A1A3-76D6-4DFE-9119-9FBB365081BE}.Debug|x64.ActiveCfg = Debug|Any CPU
		{E187A1A3-76D6-4DFE-9119-9FBB365081BE}.Debug|x64.Build.0 = Debug|Any CPU
		{E187A1A3-76D6-4DFE-9119-9FBB365081BE}.Debug|x86.ActiveCfg = Debug|Any CPU
		{E187A1A3-76D6-4DFE-9119-9FBB365081BE}.Debug|x86.Build.0 = Debug|Any CPU
		{E187A1A3-76D6-4DFE-9119-9FBB365081BE}.Release|Any CPU.ActiveCfg = Release|Any CPU
		{E187A1A3-76D6-4DFE-9119-9FBB365081BE}.Release|Any CPU.Build.0 = Release|Any CPU
		{E187A1A3-76D6-4DFE-9119-9FBB365081BE}.Release|x64.ActiveCfg = Release|Any CPU
		{E187A1A3-76D6-4DFE-9119-9FBB365081BE}.Release|x64.Build.0 = Release|Any CPU
		{E187A1A3-76D6-4DFE-9119-9FBB365081BE}.Release|x86.ActiveCfg = Release|Any CPU
		{E187A1A3-76D6-4DFE-9119-9FBB365081BE}.Release|x86.Build.0 = Release|Any CPU
		{3F5D6F69-8810-4D05-914C-1440251569AA}.Debug|Any CPU.ActiveCfg = Debug|Any CPU
		{3F5D6F69-8810-4D05-914C-1440251569AA}.Debug|Any CPU.Build.0 = Debug|Any CPU
		{3F5D6F69-8810-4D05-914C-1440251569AA}.Debug|x64.ActiveCfg = Debug|Any CPU
		{3F5D6F69-8810-4D05-914C-1440251569AA}.Debug|x64.Build.0 = Debug|Any CPU
		{3F5D6F69-8810-4D05-914C-1440251569AA}.Debug|x86.ActiveCfg = Debug|Any CPU
		{3F5D6F69-8810-4D05-914C-1440251569AA}.Debug|x86.Build.0 = Debug|Any CPU
		{3F5D6F69-8810-4D05-914C-1440251569AA}.Release|Any CPU.ActiveCfg = Release|Any CPU
		{3F5D6F69-8810-4D05-914C-1440251569AA}.Release|Any CPU.Build.0 = Release|Any CPU
		{3F5D6F69-8810-4D05-914C-1440251569AA}.Release|x64.ActiveCfg = Release|Any CPU
		{3F5D6F69-8810-4D05-914C-1440251569AA}.Release|x64.Build.0 = Release|Any CPU
		{3F5D6F69-8810-4D05-914C-1440251569AA}.Release|x86.ActiveCfg = Release|Any CPU
		{3F5D6F69-8810-4D05-914C-1440251569AA}.Release|x86.Build.0 = Release|Any CPU
		{759DFC09-76F6-47BB-BE6C-A9E80916E52C}.Debug|Any CPU.ActiveCfg = Debug|Any CPU
		{759DFC09-76F6-47BB-BE6C-A9E80916E52C}.Debug|Any CPU.Build.0 = Debug|Any CPU
		{759DFC09-76F6-47BB-BE6C-A9E80916E52C}.Debug|x64.ActiveCfg = Debug|Any CPU
		{759DFC09-76F6-47BB-BE6C-A9E80916E52C}.Debug|x64.Build.0 = Debug|Any CPU
		{759DFC09-76F6-47BB-BE6C-A9E80916E52C}.Debug|x86.ActiveCfg = Debug|Any CPU
		{759DFC09-76F6-47BB-BE6C-A9E80916E52C}.Debug|x86.Build.0 = Debug|Any CPU
		{759DFC09-76F6-47BB-BE6C-A9E80916E52C}.Release|Any CPU.ActiveCfg = Release|Any CPU
		{759DFC09-76F6-47BB-BE6C-A9E80916E52C}.Release|Any CPU.Build.0 = Release|Any CPU
		{759DFC09-76F6-47BB-BE6C-A9E80916E52C}.Release|x64.ActiveCfg = Release|Any CPU
		{759DFC09-76F6-47BB-BE6C-A9E80916E52C}.Release|x64.Build.0 = Release|Any CPU
		{759DFC09-76F6-47BB-BE6C-A9E80916E52C}.Release|x86.ActiveCfg = Release|Any CPU
		{759DFC09-76F6-47BB-BE6C-A9E80916E52C}.Release|x86.Build.0 = Release|Any CPU
		{E4B200E6-44C9-4130-A705-66E5619B33EF}.Debug|Any CPU.ActiveCfg = Debug|Any CPU
		{E4B200E6-44C9-4130-A705-66E5619B33EF}.Debug|Any CPU.Build.0 = Debug|Any CPU
		{E4B200E6-44C9-4130-A705-66E5619B33EF}.Debug|x64.ActiveCfg = Debug|Any CPU
		{E4B200E6-44C9-4130-A705-66E5619B33EF}.Debug|x64.Build.0 = Debug|Any CPU
		{E4B200E6-44C9-4130-A705-66E5619B33EF}.Debug|x86.ActiveCfg = Debug|Any CPU
		{E4B200E6-44C9-4130-A705-66E5619B33EF}.Debug|x86.Build.0 = Debug|Any CPU
		{E4B200E6-44C9-4130-A705-66E5619B33EF}.Release|Any CPU.ActiveCfg = Release|Any CPU
		{E4B200E6-44C9-4130-A705-66E5619B33EF}.Release|Any CPU.Build.0 = Release|Any CPU
		{E4B200E6-44C9-4130-A705-66E5619B33EF}.Release|x64.ActiveCfg = Release|Any CPU
		{E4B200E6-44C9-4130-A705-66E5619B33EF}.Release|x64.Build.0 = Release|Any CPU
		{E4B200E6-44C9-4130-A705-66E5619B33EF}.Release|x86.ActiveCfg = Release|Any CPU
		{E4B200E6-44C9-4130-A705-66E5619B33EF}.Release|x86.Build.0 = Release|Any CPU
		{F5725DE8-DC19-4514-8182-853C0B4EDB18}.Debug|Any CPU.ActiveCfg = Debug|Any CPU
		{F5725DE8-DC19-4514-8182-853C0B4EDB18}.Debug|Any CPU.Build.0 = Debug|Any CPU
		{F5725DE8-DC19-4514-8182-853C0B4EDB18}.Debug|x64.ActiveCfg = Debug|Any CPU
		{F5725DE8-DC19-4514-8182-853C0B4EDB18}.Debug|x64.Build.0 = Debug|Any CPU
		{F5725DE8-DC19-4514-8182-853C0B4EDB18}.Debug|x86.ActiveCfg = Debug|Any CPU
		{F5725DE8-DC19-4514-8182-853C0B4EDB18}.Debug|x86.Build.0 = Debug|Any CPU
		{F5725DE8-DC19-4514-8182-853C0B4EDB18}.Release|Any CPU.ActiveCfg = Release|Any CPU
		{F5725DE8-DC19-4514-8182-853C0B4EDB18}.Release|Any CPU.Build.0 = Release|Any CPU
		{F5725DE8-DC19-4514-8182-853C0B4EDB18}.Release|x64.ActiveCfg = Release|Any CPU
		{F5725DE8-DC19-4514-8182-853C0B4EDB18}.Release|x64.Build.0 = Release|Any CPU
		{F5725DE8-DC19-4514-8182-853C0B4EDB18}.Release|x86.ActiveCfg = Release|Any CPU
		{F5725DE8-DC19-4514-8182-853C0B4EDB18}.Release|x86.Build.0 = Release|Any CPU
		{821E5325-4977-453B-818E-7DBB56365847}.Debug|Any CPU.ActiveCfg = Debug|Any CPU
		{821E5325-4977-453B-818E-7DBB56365847}.Debug|Any CPU.Build.0 = Debug|Any CPU
		{821E5325-4977-453B-818E-7DBB56365847}.Debug|x64.ActiveCfg = Debug|Any CPU
		{821E5325-4977-453B-818E-7DBB56365847}.Debug|x64.Build.0 = Debug|Any CPU
		{821E5325-4977-453B-818E-7DBB56365847}.Debug|x86.ActiveCfg = Debug|Any CPU
		{821E5325-4977-453B-818E-7DBB56365847}.Debug|x86.Build.0 = Debug|Any CPU
		{821E5325-4977-453B-818E-7DBB56365847}.Release|Any CPU.ActiveCfg = Release|Any CPU
		{821E5325-4977-453B-818E-7DBB56365847}.Release|Any CPU.Build.0 = Release|Any CPU
		{821E5325-4977-453B-818E-7DBB56365847}.Release|x64.ActiveCfg = Release|Any CPU
		{821E5325-4977-453B-818E-7DBB56365847}.Release|x64.Build.0 = Release|Any CPU
		{821E5325-4977-453B-818E-7DBB56365847}.Release|x86.ActiveCfg = Release|Any CPU
		{821E5325-4977-453B-818E-7DBB56365847}.Release|x86.Build.0 = Release|Any CPU
		{0C0A0AEA-33E9-402C-AA5F-63B616CE6106}.Debug|Any CPU.ActiveCfg = Debug|Any CPU
		{0C0A0AEA-33E9-402C-AA5F-63B616CE6106}.Debug|Any CPU.Build.0 = Debug|Any CPU
		{0C0A0AEA-33E9-402C-AA5F-63B616CE6106}.Debug|x64.ActiveCfg = Debug|Any CPU
		{0C0A0AEA-33E9-402C-AA5F-63B616CE6106}.Debug|x64.Build.0 = Debug|Any CPU
		{0C0A0AEA-33E9-402C-AA5F-63B616CE6106}.Debug|x86.ActiveCfg = Debug|Any CPU
		{0C0A0AEA-33E9-402C-AA5F-63B616CE6106}.Debug|x86.Build.0 = Debug|Any CPU
		{0C0A0AEA-33E9-402C-AA5F-63B616CE6106}.Release|Any CPU.ActiveCfg = Release|Any CPU
		{0C0A0AEA-33E9-402C-AA5F-63B616CE6106}.Release|Any CPU.Build.0 = Release|Any CPU
		{0C0A0AEA-33E9-402C-AA5F-63B616CE6106}.Release|x64.ActiveCfg = Release|Any CPU
		{0C0A0AEA-33E9-402C-AA5F-63B616CE6106}.Release|x64.Build.0 = Release|Any CPU
		{0C0A0AEA-33E9-402C-AA5F-63B616CE6106}.Release|x86.ActiveCfg = Release|Any CPU
		{0C0A0AEA-33E9-402C-AA5F-63B616CE6106}.Release|x86.Build.0 = Release|Any CPU
		{15D948EC-71B9-4091-B8C8-B5752525FB4A}.Debug|Any CPU.ActiveCfg = Debug|Any CPU
		{15D948EC-71B9-4091-B8C8-B5752525FB4A}.Debug|Any CPU.Build.0 = Debug|Any CPU
		{15D948EC-71B9-4091-B8C8-B5752525FB4A}.Debug|x64.ActiveCfg = Debug|Any CPU
		{15D948EC-71B9-4091-B8C8-B5752525FB4A}.Debug|x64.Build.0 = Debug|Any CPU
		{15D948EC-71B9-4091-B8C8-B5752525FB4A}.Debug|x86.ActiveCfg = Debug|Any CPU
		{15D948EC-71B9-4091-B8C8-B5752525FB4A}.Debug|x86.Build.0 = Debug|Any CPU
		{15D948EC-71B9-4091-B8C8-B5752525FB4A}.Release|Any CPU.ActiveCfg = Release|Any CPU
		{15D948EC-71B9-4091-B8C8-B5752525FB4A}.Release|Any CPU.Build.0 = Release|Any CPU
		{15D948EC-71B9-4091-B8C8-B5752525FB4A}.Release|x64.ActiveCfg = Release|Any CPU
		{15D948EC-71B9-4091-B8C8-B5752525FB4A}.Release|x64.Build.0 = Release|Any CPU
		{15D948EC-71B9-4091-B8C8-B5752525FB4A}.Release|x86.ActiveCfg = Release|Any CPU
		{15D948EC-71B9-4091-B8C8-B5752525FB4A}.Release|x86.Build.0 = Release|Any CPU
		{0FCEA263-B5A3-48A9-AF25-E8294F4C64C4}.Debug|Any CPU.ActiveCfg = Debug|Any CPU
		{0FCEA263-B5A3-48A9-AF25-E8294F4C64C4}.Debug|Any CPU.Build.0 = Debug|Any CPU
		{0FCEA263-B5A3-48A9-AF25-E8294F4C64C4}.Debug|x64.ActiveCfg = Debug|Any CPU
		{0FCEA263-B5A3-48A9-AF25-E8294F4C64C4}.Debug|x64.Build.0 = Debug|Any CPU
		{0FCEA263-B5A3-48A9-AF25-E8294F4C64C4}.Debug|x86.ActiveCfg = Debug|Any CPU
		{0FCEA263-B5A3-48A9-AF25-E8294F4C64C4}.Debug|x86.Build.0 = Debug|Any CPU
		{0FCEA263-B5A3-48A9-AF25-E8294F4C64C4}.Release|Any CPU.ActiveCfg = Release|Any CPU
		{0FCEA263-B5A3-48A9-AF25-E8294F4C64C4}.Release|Any CPU.Build.0 = Release|Any CPU
		{0FCEA263-B5A3-48A9-AF25-E8294F4C64C4}.Release|x64.ActiveCfg = Release|Any CPU
		{0FCEA263-B5A3-48A9-AF25-E8294F4C64C4}.Release|x64.Build.0 = Release|Any CPU
		{0FCEA263-B5A3-48A9-AF25-E8294F4C64C4}.Release|x86.ActiveCfg = Release|Any CPU
		{0FCEA263-B5A3-48A9-AF25-E8294F4C64C4}.Release|x86.Build.0 = Release|Any CPU
		{0A017BD0-F6BC-4843-9B2E-9FE2EA3EACAD}.Debug|Any CPU.ActiveCfg = Debug|Any CPU
		{0A017BD0-F6BC-4843-9B2E-9FE2EA3EACAD}.Debug|Any CPU.Build.0 = Debug|Any CPU
		{0A017BD0-F6BC-4843-9B2E-9FE2EA3EACAD}.Debug|x64.ActiveCfg = Debug|Any CPU
		{0A017BD0-F6BC-4843-9B2E-9FE2EA3EACAD}.Debug|x64.Build.0 = Debug|Any CPU
		{0A017BD0-F6BC-4843-9B2E-9FE2EA3EACAD}.Debug|x86.ActiveCfg = Debug|Any CPU
		{0A017BD0-F6BC-4843-9B2E-9FE2EA3EACAD}.Debug|x86.Build.0 = Debug|Any CPU
		{0A017BD0-F6BC-4843-9B2E-9FE2EA3EACAD}.Release|Any CPU.ActiveCfg = Release|Any CPU
		{0A017BD0-F6BC-4843-9B2E-9FE2EA3EACAD}.Release|Any CPU.Build.0 = Release|Any CPU
		{0A017BD0-F6BC-4843-9B2E-9FE2EA3EACAD}.Release|x64.ActiveCfg = Release|Any CPU
		{0A017BD0-F6BC-4843-9B2E-9FE2EA3EACAD}.Release|x64.Build.0 = Release|Any CPU
		{0A017BD0-F6BC-4843-9B2E-9FE2EA3EACAD}.Release|x86.ActiveCfg = Release|Any CPU
		{0A017BD0-F6BC-4843-9B2E-9FE2EA3EACAD}.Release|x86.Build.0 = Release|Any CPU
		{A9FF048A-3E14-4621-BA8D-892C0175AB39}.Debug|Any CPU.ActiveCfg = Debug|Any CPU
		{A9FF048A-3E14-4621-BA8D-892C0175AB39}.Debug|Any CPU.Build.0 = Debug|Any CPU
		{A9FF048A-3E14-4621-BA8D-892C0175AB39}.Debug|x64.ActiveCfg = Debug|Any CPU
		{A9FF048A-3E14-4621-BA8D-892C0175AB39}.Debug|x64.Build.0 = Debug|Any CPU
		{A9FF048A-3E14-4621-BA8D-892C0175AB39}.Debug|x86.ActiveCfg = Debug|Any CPU
		{A9FF048A-3E14-4621-BA8D-892C0175AB39}.Debug|x86.Build.0 = Debug|Any CPU
		{A9FF048A-3E14-4621-BA8D-892C0175AB39}.Release|Any CPU.ActiveCfg = Release|Any CPU
		{A9FF048A-3E14-4621-BA8D-892C0175AB39}.Release|Any CPU.Build.0 = Release|Any CPU
		{A9FF048A-3E14-4621-BA8D-892C0175AB39}.Release|x64.ActiveCfg = Release|Any CPU
		{A9FF048A-3E14-4621-BA8D-892C0175AB39}.Release|x64.Build.0 = Release|Any CPU
		{A9FF048A-3E14-4621-BA8D-892C0175AB39}.Release|x86.ActiveCfg = Release|Any CPU
		{A9FF048A-3E14-4621-BA8D-892C0175AB39}.Release|x86.Build.0 = Release|Any CPU
		{5E770656-7F52-4445-91FE-A99530CB8C04}.Debug|Any CPU.ActiveCfg = Debug|Any CPU
		{5E770656-7F52-4445-91FE-A99530CB8C04}.Debug|Any CPU.Build.0 = Debug|Any CPU
		{5E770656-7F52-4445-91FE-A99530CB8C04}.Debug|x64.ActiveCfg = Debug|Any CPU
		{5E770656-7F52-4445-91FE-A99530CB8C04}.Debug|x64.Build.0 = Debug|Any CPU
		{5E770656-7F52-4445-91FE-A99530CB8C04}.Debug|x86.ActiveCfg = Debug|Any CPU
		{5E770656-7F52-4445-91FE-A99530CB8C04}.Debug|x86.Build.0 = Debug|Any CPU
		{5E770656-7F52-4445-91FE-A99530CB8C04}.Release|Any CPU.ActiveCfg = Release|Any CPU
		{5E770656-7F52-4445-91FE-A99530CB8C04}.Release|Any CPU.Build.0 = Release|Any CPU
		{5E770656-7F52-4445-91FE-A99530CB8C04}.Release|x64.ActiveCfg = Release|Any CPU
		{5E770656-7F52-4445-91FE-A99530CB8C04}.Release|x64.Build.0 = Release|Any CPU
		{5E770656-7F52-4445-91FE-A99530CB8C04}.Release|x86.ActiveCfg = Release|Any CPU
		{5E770656-7F52-4445-91FE-A99530CB8C04}.Release|x86.Build.0 = Release|Any CPU
		{0A399781-B7DD-45F0-A4C4-E59F5916DE29}.Debug|Any CPU.ActiveCfg = Debug|Any CPU
		{0A399781-B7DD-45F0-A4C4-E59F5916DE29}.Debug|Any CPU.Build.0 = Debug|Any CPU
		{0A399781-B7DD-45F0-A4C4-E59F5916DE29}.Debug|x64.ActiveCfg = Debug|Any CPU
		{0A399781-B7DD-45F0-A4C4-E59F5916DE29}.Debug|x64.Build.0 = Debug|Any CPU
		{0A399781-B7DD-45F0-A4C4-E59F5916DE29}.Debug|x86.ActiveCfg = Debug|Any CPU
		{0A399781-B7DD-45F0-A4C4-E59F5916DE29}.Debug|x86.Build.0 = Debug|Any CPU
		{0A399781-B7DD-45F0-A4C4-E59F5916DE29}.Release|Any CPU.ActiveCfg = Release|Any CPU
		{0A399781-B7DD-45F0-A4C4-E59F5916DE29}.Release|Any CPU.Build.0 = Release|Any CPU
		{0A399781-B7DD-45F0-A4C4-E59F5916DE29}.Release|x64.ActiveCfg = Release|Any CPU
		{0A399781-B7DD-45F0-A4C4-E59F5916DE29}.Release|x64.Build.0 = Release|Any CPU
		{0A399781-B7DD-45F0-A4C4-E59F5916DE29}.Release|x86.ActiveCfg = Release|Any CPU
		{0A399781-B7DD-45F0-A4C4-E59F5916DE29}.Release|x86.Build.0 = Release|Any CPU
		{57C32815-3FBE-42D9-94DC-2777D86A7875}.Debug|Any CPU.ActiveCfg = Debug|Any CPU
		{57C32815-3FBE-42D9-94DC-2777D86A7875}.Debug|Any CPU.Build.0 = Debug|Any CPU
		{57C32815-3FBE-42D9-94DC-2777D86A7875}.Debug|x64.ActiveCfg = Debug|Any CPU
		{57C32815-3FBE-42D9-94DC-2777D86A7875}.Debug|x64.Build.0 = Debug|Any CPU
		{57C32815-3FBE-42D9-94DC-2777D86A7875}.Debug|x86.ActiveCfg = Debug|Any CPU
		{57C32815-3FBE-42D9-94DC-2777D86A7875}.Debug|x86.Build.0 = Debug|Any CPU
		{57C32815-3FBE-42D9-94DC-2777D86A7875}.Release|Any CPU.ActiveCfg = Release|Any CPU
		{57C32815-3FBE-42D9-94DC-2777D86A7875}.Release|Any CPU.Build.0 = Release|Any CPU
		{57C32815-3FBE-42D9-94DC-2777D86A7875}.Release|x64.ActiveCfg = Release|Any CPU
		{57C32815-3FBE-42D9-94DC-2777D86A7875}.Release|x64.Build.0 = Release|Any CPU
		{57C32815-3FBE-42D9-94DC-2777D86A7875}.Release|x86.ActiveCfg = Release|Any CPU
		{57C32815-3FBE-42D9-94DC-2777D86A7875}.Release|x86.Build.0 = Release|Any CPU
		{18DA25F2-3D8F-4DCE-992C-FB4E6D90E92F}.Debug|Any CPU.ActiveCfg = Debug|Any CPU
		{18DA25F2-3D8F-4DCE-992C-FB4E6D90E92F}.Debug|Any CPU.Build.0 = Debug|Any CPU
		{18DA25F2-3D8F-4DCE-992C-FB4E6D90E92F}.Debug|x64.ActiveCfg = Debug|Any CPU
		{18DA25F2-3D8F-4DCE-992C-FB4E6D90E92F}.Debug|x64.Build.0 = Debug|Any CPU
		{18DA25F2-3D8F-4DCE-992C-FB4E6D90E92F}.Debug|x86.ActiveCfg = Debug|Any CPU
		{18DA25F2-3D8F-4DCE-992C-FB4E6D90E92F}.Debug|x86.Build.0 = Debug|Any CPU
		{18DA25F2-3D8F-4DCE-992C-FB4E6D90E92F}.Release|Any CPU.ActiveCfg = Release|Any CPU
		{18DA25F2-3D8F-4DCE-992C-FB4E6D90E92F}.Release|Any CPU.Build.0 = Release|Any CPU
		{18DA25F2-3D8F-4DCE-992C-FB4E6D90E92F}.Release|x64.ActiveCfg = Release|Any CPU
		{18DA25F2-3D8F-4DCE-992C-FB4E6D90E92F}.Release|x64.Build.0 = Release|Any CPU
		{18DA25F2-3D8F-4DCE-992C-FB4E6D90E92F}.Release|x86.ActiveCfg = Release|Any CPU
		{18DA25F2-3D8F-4DCE-992C-FB4E6D90E92F}.Release|x86.Build.0 = Release|Any CPU
		{9FF6B562-F19E-40AE-BA5B-697529850B7D}.Debug|Any CPU.ActiveCfg = Debug|Any CPU
		{9FF6B562-F19E-40AE-BA5B-697529850B7D}.Debug|Any CPU.Build.0 = Debug|Any CPU
		{9FF6B562-F19E-40AE-BA5B-697529850B7D}.Debug|x64.ActiveCfg = Debug|Any CPU
		{9FF6B562-F19E-40AE-BA5B-697529850B7D}.Debug|x64.Build.0 = Debug|Any CPU
		{9FF6B562-F19E-40AE-BA5B-697529850B7D}.Debug|x86.ActiveCfg = Debug|Any CPU
		{9FF6B562-F19E-40AE-BA5B-697529850B7D}.Debug|x86.Build.0 = Debug|Any CPU
		{9FF6B562-F19E-40AE-BA5B-697529850B7D}.Release|Any CPU.ActiveCfg = Release|Any CPU
		{9FF6B562-F19E-40AE-BA5B-697529850B7D}.Release|Any CPU.Build.0 = Release|Any CPU
		{9FF6B562-F19E-40AE-BA5B-697529850B7D}.Release|x64.ActiveCfg = Release|Any CPU
		{9FF6B562-F19E-40AE-BA5B-697529850B7D}.Release|x64.Build.0 = Release|Any CPU
		{9FF6B562-F19E-40AE-BA5B-697529850B7D}.Release|x86.ActiveCfg = Release|Any CPU
		{9FF6B562-F19E-40AE-BA5B-697529850B7D}.Release|x86.Build.0 = Release|Any CPU
		{EDE9D919-E58C-49B1-8FC9-062CEDD59FB7}.Debug|Any CPU.ActiveCfg = Debug|Any CPU
		{EDE9D919-E58C-49B1-8FC9-062CEDD59FB7}.Debug|Any CPU.Build.0 = Debug|Any CPU
		{EDE9D919-E58C-49B1-8FC9-062CEDD59FB7}.Debug|x64.ActiveCfg = Debug|Any CPU
		{EDE9D919-E58C-49B1-8FC9-062CEDD59FB7}.Debug|x64.Build.0 = Debug|Any CPU
		{EDE9D919-E58C-49B1-8FC9-062CEDD59FB7}.Debug|x86.ActiveCfg = Debug|Any CPU
		{EDE9D919-E58C-49B1-8FC9-062CEDD59FB7}.Debug|x86.Build.0 = Debug|Any CPU
		{EDE9D919-E58C-49B1-8FC9-062CEDD59FB7}.Release|Any CPU.ActiveCfg = Release|Any CPU
		{EDE9D919-E58C-49B1-8FC9-062CEDD59FB7}.Release|Any CPU.Build.0 = Release|Any CPU
		{EDE9D919-E58C-49B1-8FC9-062CEDD59FB7}.Release|x64.ActiveCfg = Release|Any CPU
		{EDE9D919-E58C-49B1-8FC9-062CEDD59FB7}.Release|x64.Build.0 = Release|Any CPU
		{EDE9D919-E58C-49B1-8FC9-062CEDD59FB7}.Release|x86.ActiveCfg = Release|Any CPU
		{EDE9D919-E58C-49B1-8FC9-062CEDD59FB7}.Release|x86.Build.0 = Release|Any CPU
		{53B909A8-20CF-4536-B167-A38C15F5B71F}.Debug|Any CPU.ActiveCfg = Debug|Any CPU
		{53B909A8-20CF-4536-B167-A38C15F5B71F}.Debug|Any CPU.Build.0 = Debug|Any CPU
		{53B909A8-20CF-4536-B167-A38C15F5B71F}.Debug|x64.ActiveCfg = Debug|Any CPU
		{53B909A8-20CF-4536-B167-A38C15F5B71F}.Debug|x64.Build.0 = Debug|Any CPU
		{53B909A8-20CF-4536-B167-A38C15F5B71F}.Debug|x86.ActiveCfg = Debug|Any CPU
		{53B909A8-20CF-4536-B167-A38C15F5B71F}.Debug|x86.Build.0 = Debug|Any CPU
		{53B909A8-20CF-4536-B167-A38C15F5B71F}.Release|Any CPU.ActiveCfg = Release|Any CPU
		{53B909A8-20CF-4536-B167-A38C15F5B71F}.Release|Any CPU.Build.0 = Release|Any CPU
		{53B909A8-20CF-4536-B167-A38C15F5B71F}.Release|x64.ActiveCfg = Release|Any CPU
		{53B909A8-20CF-4536-B167-A38C15F5B71F}.Release|x64.Build.0 = Release|Any CPU
		{53B909A8-20CF-4536-B167-A38C15F5B71F}.Release|x86.ActiveCfg = Release|Any CPU
		{53B909A8-20CF-4536-B167-A38C15F5B71F}.Release|x86.Build.0 = Release|Any CPU
		{23167B71-5D8E-4C5C-97AC-BE67A4611DB3}.Debug|Any CPU.ActiveCfg = Debug|Any CPU
		{23167B71-5D8E-4C5C-97AC-BE67A4611DB3}.Debug|Any CPU.Build.0 = Debug|Any CPU
		{23167B71-5D8E-4C5C-97AC-BE67A4611DB3}.Debug|x64.ActiveCfg = Debug|Any CPU
		{23167B71-5D8E-4C5C-97AC-BE67A4611DB3}.Debug|x64.Build.0 = Debug|Any CPU
		{23167B71-5D8E-4C5C-97AC-BE67A4611DB3}.Debug|x86.ActiveCfg = Debug|Any CPU
		{23167B71-5D8E-4C5C-97AC-BE67A4611DB3}.Debug|x86.Build.0 = Debug|Any CPU
		{23167B71-5D8E-4C5C-97AC-BE67A4611DB3}.Release|Any CPU.ActiveCfg = Release|Any CPU
		{23167B71-5D8E-4C5C-97AC-BE67A4611DB3}.Release|Any CPU.Build.0 = Release|Any CPU
		{23167B71-5D8E-4C5C-97AC-BE67A4611DB3}.Release|x64.ActiveCfg = Release|Any CPU
		{23167B71-5D8E-4C5C-97AC-BE67A4611DB3}.Release|x64.Build.0 = Release|Any CPU
		{23167B71-5D8E-4C5C-97AC-BE67A4611DB3}.Release|x86.ActiveCfg = Release|Any CPU
		{23167B71-5D8E-4C5C-97AC-BE67A4611DB3}.Release|x86.Build.0 = Release|Any CPU
		{54282EFC-7422-4A03-8EBA-99BF889495ED}.Debug|Any CPU.ActiveCfg = Debug|Any CPU
		{54282EFC-7422-4A03-8EBA-99BF889495ED}.Debug|Any CPU.Build.0 = Debug|Any CPU
		{54282EFC-7422-4A03-8EBA-99BF889495ED}.Debug|x64.ActiveCfg = Debug|Any CPU
		{54282EFC-7422-4A03-8EBA-99BF889495ED}.Debug|x64.Build.0 = Debug|Any CPU
		{54282EFC-7422-4A03-8EBA-99BF889495ED}.Debug|x86.ActiveCfg = Debug|Any CPU
		{54282EFC-7422-4A03-8EBA-99BF889495ED}.Debug|x86.Build.0 = Debug|Any CPU
		{54282EFC-7422-4A03-8EBA-99BF889495ED}.Release|Any CPU.ActiveCfg = Release|Any CPU
		{54282EFC-7422-4A03-8EBA-99BF889495ED}.Release|Any CPU.Build.0 = Release|Any CPU
		{54282EFC-7422-4A03-8EBA-99BF889495ED}.Release|x64.ActiveCfg = Release|Any CPU
		{54282EFC-7422-4A03-8EBA-99BF889495ED}.Release|x64.Build.0 = Release|Any CPU
		{54282EFC-7422-4A03-8EBA-99BF889495ED}.Release|x86.ActiveCfg = Release|Any CPU
		{54282EFC-7422-4A03-8EBA-99BF889495ED}.Release|x86.Build.0 = Release|Any CPU
		{2521A038-1ECE-46E9-92CC-5491F213EB00}.Debug|Any CPU.ActiveCfg = Debug|Any CPU
		{2521A038-1ECE-46E9-92CC-5491F213EB00}.Debug|Any CPU.Build.0 = Debug|Any CPU
		{2521A038-1ECE-46E9-92CC-5491F213EB00}.Debug|x64.ActiveCfg = Debug|Any CPU
		{2521A038-1ECE-46E9-92CC-5491F213EB00}.Debug|x64.Build.0 = Debug|Any CPU
		{2521A038-1ECE-46E9-92CC-5491F213EB00}.Debug|x86.ActiveCfg = Debug|Any CPU
		{2521A038-1ECE-46E9-92CC-5491F213EB00}.Debug|x86.Build.0 = Debug|Any CPU
		{2521A038-1ECE-46E9-92CC-5491F213EB00}.Release|Any CPU.ActiveCfg = Release|Any CPU
		{2521A038-1ECE-46E9-92CC-5491F213EB00}.Release|Any CPU.Build.0 = Release|Any CPU
		{2521A038-1ECE-46E9-92CC-5491F213EB00}.Release|x64.ActiveCfg = Release|Any CPU
		{2521A038-1ECE-46E9-92CC-5491F213EB00}.Release|x64.Build.0 = Release|Any CPU
		{2521A038-1ECE-46E9-92CC-5491F213EB00}.Release|x86.ActiveCfg = Release|Any CPU
		{2521A038-1ECE-46E9-92CC-5491F213EB00}.Release|x86.Build.0 = Release|Any CPU
		{982E4490-782D-4672-9ABB-84A25D04B49D}.Debug|Any CPU.ActiveCfg = Debug|Any CPU
		{982E4490-782D-4672-9ABB-84A25D04B49D}.Debug|Any CPU.Build.0 = Debug|Any CPU
		{982E4490-782D-4672-9ABB-84A25D04B49D}.Debug|x64.ActiveCfg = Debug|Any CPU
		{982E4490-782D-4672-9ABB-84A25D04B49D}.Debug|x64.Build.0 = Debug|Any CPU
		{982E4490-782D-4672-9ABB-84A25D04B49D}.Debug|x86.ActiveCfg = Debug|Any CPU
		{982E4490-782D-4672-9ABB-84A25D04B49D}.Debug|x86.Build.0 = Debug|Any CPU
		{982E4490-782D-4672-9ABB-84A25D04B49D}.Release|Any CPU.ActiveCfg = Release|Any CPU
		{982E4490-782D-4672-9ABB-84A25D04B49D}.Release|Any CPU.Build.0 = Release|Any CPU
		{982E4490-782D-4672-9ABB-84A25D04B49D}.Release|x64.ActiveCfg = Release|Any CPU
		{982E4490-782D-4672-9ABB-84A25D04B49D}.Release|x64.Build.0 = Release|Any CPU
		{982E4490-782D-4672-9ABB-84A25D04B49D}.Release|x86.ActiveCfg = Release|Any CPU
		{982E4490-782D-4672-9ABB-84A25D04B49D}.Release|x86.Build.0 = Release|Any CPU
		{8A02BE65-A91D-4E1E-92F4-70C577CA0081}.Debug|Any CPU.ActiveCfg = Debug|Any CPU
		{8A02BE65-A91D-4E1E-92F4-70C577CA0081}.Debug|Any CPU.Build.0 = Debug|Any CPU
		{8A02BE65-A91D-4E1E-92F4-70C577CA0081}.Debug|x64.ActiveCfg = Debug|Any CPU
		{8A02BE65-A91D-4E1E-92F4-70C577CA0081}.Debug|x64.Build.0 = Debug|Any CPU
		{8A02BE65-A91D-4E1E-92F4-70C577CA0081}.Debug|x86.ActiveCfg = Debug|Any CPU
		{8A02BE65-A91D-4E1E-92F4-70C577CA0081}.Debug|x86.Build.0 = Debug|Any CPU
		{8A02BE65-A91D-4E1E-92F4-70C577CA0081}.Release|Any CPU.ActiveCfg = Release|Any CPU
		{8A02BE65-A91D-4E1E-92F4-70C577CA0081}.Release|Any CPU.Build.0 = Release|Any CPU
		{8A02BE65-A91D-4E1E-92F4-70C577CA0081}.Release|x64.ActiveCfg = Release|Any CPU
		{8A02BE65-A91D-4E1E-92F4-70C577CA0081}.Release|x64.Build.0 = Release|Any CPU
		{8A02BE65-A91D-4E1E-92F4-70C577CA0081}.Release|x86.ActiveCfg = Release|Any CPU
		{8A02BE65-A91D-4E1E-92F4-70C577CA0081}.Release|x86.Build.0 = Release|Any CPU
		{0BC0D1D1-1040-4B51-8361-2F413C4C6224}.Debug|Any CPU.ActiveCfg = Debug|Any CPU
		{0BC0D1D1-1040-4B51-8361-2F413C4C6224}.Debug|Any CPU.Build.0 = Debug|Any CPU
		{0BC0D1D1-1040-4B51-8361-2F413C4C6224}.Debug|x64.ActiveCfg = Debug|Any CPU
		{0BC0D1D1-1040-4B51-8361-2F413C4C6224}.Debug|x64.Build.0 = Debug|Any CPU
		{0BC0D1D1-1040-4B51-8361-2F413C4C6224}.Debug|x86.ActiveCfg = Debug|Any CPU
		{0BC0D1D1-1040-4B51-8361-2F413C4C6224}.Debug|x86.Build.0 = Debug|Any CPU
		{0BC0D1D1-1040-4B51-8361-2F413C4C6224}.Release|Any CPU.ActiveCfg = Release|Any CPU
		{0BC0D1D1-1040-4B51-8361-2F413C4C6224}.Release|Any CPU.Build.0 = Release|Any CPU
		{0BC0D1D1-1040-4B51-8361-2F413C4C6224}.Release|x64.ActiveCfg = Release|Any CPU
		{0BC0D1D1-1040-4B51-8361-2F413C4C6224}.Release|x64.Build.0 = Release|Any CPU
		{0BC0D1D1-1040-4B51-8361-2F413C4C6224}.Release|x86.ActiveCfg = Release|Any CPU
		{0BC0D1D1-1040-4B51-8361-2F413C4C6224}.Release|x86.Build.0 = Release|Any CPU
		{155FD9CD-91D3-4A44-8E9A-4B088A9008A2}.Debug|Any CPU.ActiveCfg = Debug|Any CPU
		{155FD9CD-91D3-4A44-8E9A-4B088A9008A2}.Debug|Any CPU.Build.0 = Debug|Any CPU
		{155FD9CD-91D3-4A44-8E9A-4B088A9008A2}.Debug|x64.ActiveCfg = Debug|Any CPU
		{155FD9CD-91D3-4A44-8E9A-4B088A9008A2}.Debug|x64.Build.0 = Debug|Any CPU
		{155FD9CD-91D3-4A44-8E9A-4B088A9008A2}.Debug|x86.ActiveCfg = Debug|Any CPU
		{155FD9CD-91D3-4A44-8E9A-4B088A9008A2}.Debug|x86.Build.0 = Debug|Any CPU
		{155FD9CD-91D3-4A44-8E9A-4B088A9008A2}.Release|Any CPU.ActiveCfg = Release|Any CPU
		{155FD9CD-91D3-4A44-8E9A-4B088A9008A2}.Release|Any CPU.Build.0 = Release|Any CPU
		{155FD9CD-91D3-4A44-8E9A-4B088A9008A2}.Release|x64.ActiveCfg = Release|Any CPU
		{155FD9CD-91D3-4A44-8E9A-4B088A9008A2}.Release|x64.Build.0 = Release|Any CPU
		{155FD9CD-91D3-4A44-8E9A-4B088A9008A2}.Release|x86.ActiveCfg = Release|Any CPU
		{155FD9CD-91D3-4A44-8E9A-4B088A9008A2}.Release|x86.Build.0 = Release|Any CPU
		{BCF04A99-7125-4D3B-B422-87946AB8CA12}.Debug|Any CPU.ActiveCfg = Debug|Any CPU
		{BCF04A99-7125-4D3B-B422-87946AB8CA12}.Debug|Any CPU.Build.0 = Debug|Any CPU
		{BCF04A99-7125-4D3B-B422-87946AB8CA12}.Debug|x64.ActiveCfg = Debug|Any CPU
		{BCF04A99-7125-4D3B-B422-87946AB8CA12}.Debug|x64.Build.0 = Debug|Any CPU
		{BCF04A99-7125-4D3B-B422-87946AB8CA12}.Debug|x86.ActiveCfg = Debug|Any CPU
		{BCF04A99-7125-4D3B-B422-87946AB8CA12}.Debug|x86.Build.0 = Debug|Any CPU
		{BCF04A99-7125-4D3B-B422-87946AB8CA12}.Release|Any CPU.ActiveCfg = Release|Any CPU
		{BCF04A99-7125-4D3B-B422-87946AB8CA12}.Release|Any CPU.Build.0 = Release|Any CPU
		{BCF04A99-7125-4D3B-B422-87946AB8CA12}.Release|x64.ActiveCfg = Release|Any CPU
		{BCF04A99-7125-4D3B-B422-87946AB8CA12}.Release|x64.Build.0 = Release|Any CPU
		{BCF04A99-7125-4D3B-B422-87946AB8CA12}.Release|x86.ActiveCfg = Release|Any CPU
		{BCF04A99-7125-4D3B-B422-87946AB8CA12}.Release|x86.Build.0 = Release|Any CPU
		{66843A4F-544E-42D2-A2A7-3A90499598CC}.Debug|Any CPU.ActiveCfg = Debug|Any CPU
		{66843A4F-544E-42D2-A2A7-3A90499598CC}.Debug|Any CPU.Build.0 = Debug|Any CPU
		{66843A4F-544E-42D2-A2A7-3A90499598CC}.Debug|x64.ActiveCfg = Debug|Any CPU
		{66843A4F-544E-42D2-A2A7-3A90499598CC}.Debug|x64.Build.0 = Debug|Any CPU
		{66843A4F-544E-42D2-A2A7-3A90499598CC}.Debug|x86.ActiveCfg = Debug|Any CPU
		{66843A4F-544E-42D2-A2A7-3A90499598CC}.Debug|x86.Build.0 = Debug|Any CPU
		{66843A4F-544E-42D2-A2A7-3A90499598CC}.Release|Any CPU.ActiveCfg = Release|Any CPU
		{66843A4F-544E-42D2-A2A7-3A90499598CC}.Release|Any CPU.Build.0 = Release|Any CPU
		{66843A4F-544E-42D2-A2A7-3A90499598CC}.Release|x64.ActiveCfg = Release|Any CPU
		{66843A4F-544E-42D2-A2A7-3A90499598CC}.Release|x64.Build.0 = Release|Any CPU
		{66843A4F-544E-42D2-A2A7-3A90499598CC}.Release|x86.ActiveCfg = Release|Any CPU
		{66843A4F-544E-42D2-A2A7-3A90499598CC}.Release|x86.Build.0 = Release|Any CPU
		{A55BA271-A9D9-4DBD-B4B5-38DDE86501BA}.Debug|Any CPU.ActiveCfg = Debug|Any CPU
		{A55BA271-A9D9-4DBD-B4B5-38DDE86501BA}.Debug|Any CPU.Build.0 = Debug|Any CPU
		{A55BA271-A9D9-4DBD-B4B5-38DDE86501BA}.Debug|x64.ActiveCfg = Debug|Any CPU
		{A55BA271-A9D9-4DBD-B4B5-38DDE86501BA}.Debug|x64.Build.0 = Debug|Any CPU
		{A55BA271-A9D9-4DBD-B4B5-38DDE86501BA}.Debug|x86.ActiveCfg = Debug|Any CPU
		{A55BA271-A9D9-4DBD-B4B5-38DDE86501BA}.Debug|x86.Build.0 = Debug|Any CPU
		{A55BA271-A9D9-4DBD-B4B5-38DDE86501BA}.Release|Any CPU.ActiveCfg = Release|Any CPU
		{A55BA271-A9D9-4DBD-B4B5-38DDE86501BA}.Release|Any CPU.Build.0 = Release|Any CPU
		{A55BA271-A9D9-4DBD-B4B5-38DDE86501BA}.Release|x64.ActiveCfg = Release|Any CPU
		{A55BA271-A9D9-4DBD-B4B5-38DDE86501BA}.Release|x64.Build.0 = Release|Any CPU
		{A55BA271-A9D9-4DBD-B4B5-38DDE86501BA}.Release|x86.ActiveCfg = Release|Any CPU
		{A55BA271-A9D9-4DBD-B4B5-38DDE86501BA}.Release|x86.Build.0 = Release|Any CPU
		{437ADAE7-C343-4DC4-B653-AA44BC140715}.Debug|Any CPU.ActiveCfg = Debug|Any CPU
		{437ADAE7-C343-4DC4-B653-AA44BC140715}.Debug|Any CPU.Build.0 = Debug|Any CPU
		{437ADAE7-C343-4DC4-B653-AA44BC140715}.Debug|x64.ActiveCfg = Debug|Any CPU
		{437ADAE7-C343-4DC4-B653-AA44BC140715}.Debug|x64.Build.0 = Debug|Any CPU
		{437ADAE7-C343-4DC4-B653-AA44BC140715}.Debug|x86.ActiveCfg = Debug|Any CPU
		{437ADAE7-C343-4DC4-B653-AA44BC140715}.Debug|x86.Build.0 = Debug|Any CPU
		{437ADAE7-C343-4DC4-B653-AA44BC140715}.Release|Any CPU.ActiveCfg = Release|Any CPU
		{437ADAE7-C343-4DC4-B653-AA44BC140715}.Release|Any CPU.Build.0 = Release|Any CPU
		{437ADAE7-C343-4DC4-B653-AA44BC140715}.Release|x64.ActiveCfg = Release|Any CPU
		{437ADAE7-C343-4DC4-B653-AA44BC140715}.Release|x64.Build.0 = Release|Any CPU
		{437ADAE7-C343-4DC4-B653-AA44BC140715}.Release|x86.ActiveCfg = Release|Any CPU
		{437ADAE7-C343-4DC4-B653-AA44BC140715}.Release|x86.Build.0 = Release|Any CPU
		{7F823E13-F110-4297-B399-5F5C5E18D296}.Debug|Any CPU.ActiveCfg = Debug|Any CPU
		{7F823E13-F110-4297-B399-5F5C5E18D296}.Debug|Any CPU.Build.0 = Debug|Any CPU
		{7F823E13-F110-4297-B399-5F5C5E18D296}.Debug|x64.ActiveCfg = Debug|Any CPU
		{7F823E13-F110-4297-B399-5F5C5E18D296}.Debug|x64.Build.0 = Debug|Any CPU
		{7F823E13-F110-4297-B399-5F5C5E18D296}.Debug|x86.ActiveCfg = Debug|Any CPU
		{7F823E13-F110-4297-B399-5F5C5E18D296}.Debug|x86.Build.0 = Debug|Any CPU
		{7F823E13-F110-4297-B399-5F5C5E18D296}.Release|Any CPU.ActiveCfg = Release|Any CPU
		{7F823E13-F110-4297-B399-5F5C5E18D296}.Release|Any CPU.Build.0 = Release|Any CPU
		{7F823E13-F110-4297-B399-5F5C5E18D296}.Release|x64.ActiveCfg = Release|Any CPU
		{7F823E13-F110-4297-B399-5F5C5E18D296}.Release|x64.Build.0 = Release|Any CPU
		{7F823E13-F110-4297-B399-5F5C5E18D296}.Release|x86.ActiveCfg = Release|Any CPU
		{7F823E13-F110-4297-B399-5F5C5E18D296}.Release|x86.Build.0 = Release|Any CPU
		{14D0E9AE-2C0A-4E9C-AFFC-859D82947107}.Debug|Any CPU.ActiveCfg = Debug|Any CPU
		{14D0E9AE-2C0A-4E9C-AFFC-859D82947107}.Debug|Any CPU.Build.0 = Debug|Any CPU
		{14D0E9AE-2C0A-4E9C-AFFC-859D82947107}.Debug|x64.ActiveCfg = Debug|Any CPU
		{14D0E9AE-2C0A-4E9C-AFFC-859D82947107}.Debug|x64.Build.0 = Debug|Any CPU
		{14D0E9AE-2C0A-4E9C-AFFC-859D82947107}.Debug|x86.ActiveCfg = Debug|Any CPU
		{14D0E9AE-2C0A-4E9C-AFFC-859D82947107}.Debug|x86.Build.0 = Debug|Any CPU
		{14D0E9AE-2C0A-4E9C-AFFC-859D82947107}.Release|Any CPU.ActiveCfg = Release|Any CPU
		{14D0E9AE-2C0A-4E9C-AFFC-859D82947107}.Release|Any CPU.Build.0 = Release|Any CPU
		{14D0E9AE-2C0A-4E9C-AFFC-859D82947107}.Release|x64.ActiveCfg = Release|Any CPU
		{14D0E9AE-2C0A-4E9C-AFFC-859D82947107}.Release|x64.Build.0 = Release|Any CPU
		{14D0E9AE-2C0A-4E9C-AFFC-859D82947107}.Release|x86.ActiveCfg = Release|Any CPU
		{14D0E9AE-2C0A-4E9C-AFFC-859D82947107}.Release|x86.Build.0 = Release|Any CPU
		{93358D18-9F6C-4A63-9550-604C78EB9DBF}.Debug|Any CPU.ActiveCfg = Debug|Any CPU
		{93358D18-9F6C-4A63-9550-604C78EB9DBF}.Debug|Any CPU.Build.0 = Debug|Any CPU
		{93358D18-9F6C-4A63-9550-604C78EB9DBF}.Debug|x64.ActiveCfg = Debug|Any CPU
		{93358D18-9F6C-4A63-9550-604C78EB9DBF}.Debug|x64.Build.0 = Debug|Any CPU
		{93358D18-9F6C-4A63-9550-604C78EB9DBF}.Debug|x86.ActiveCfg = Debug|Any CPU
		{93358D18-9F6C-4A63-9550-604C78EB9DBF}.Debug|x86.Build.0 = Debug|Any CPU
		{93358D18-9F6C-4A63-9550-604C78EB9DBF}.Release|Any CPU.ActiveCfg = Release|Any CPU
		{93358D18-9F6C-4A63-9550-604C78EB9DBF}.Release|Any CPU.Build.0 = Release|Any CPU
		{93358D18-9F6C-4A63-9550-604C78EB9DBF}.Release|x64.ActiveCfg = Release|Any CPU
		{93358D18-9F6C-4A63-9550-604C78EB9DBF}.Release|x64.Build.0 = Release|Any CPU
		{93358D18-9F6C-4A63-9550-604C78EB9DBF}.Release|x86.ActiveCfg = Release|Any CPU
		{93358D18-9F6C-4A63-9550-604C78EB9DBF}.Release|x86.Build.0 = Release|Any CPU
		{F44269C0-B2DD-4D4D-A3A7-8A1A0390F47C}.Debug|Any CPU.ActiveCfg = Debug|Any CPU
		{F44269C0-B2DD-4D4D-A3A7-8A1A0390F47C}.Debug|Any CPU.Build.0 = Debug|Any CPU
		{F44269C0-B2DD-4D4D-A3A7-8A1A0390F47C}.Debug|x64.ActiveCfg = Debug|Any CPU
		{F44269C0-B2DD-4D4D-A3A7-8A1A0390F47C}.Debug|x64.Build.0 = Debug|Any CPU
		{F44269C0-B2DD-4D4D-A3A7-8A1A0390F47C}.Debug|x86.ActiveCfg = Debug|Any CPU
		{F44269C0-B2DD-4D4D-A3A7-8A1A0390F47C}.Debug|x86.Build.0 = Debug|Any CPU
		{F44269C0-B2DD-4D4D-A3A7-8A1A0390F47C}.Release|Any CPU.ActiveCfg = Release|Any CPU
		{F44269C0-B2DD-4D4D-A3A7-8A1A0390F47C}.Release|Any CPU.Build.0 = Release|Any CPU
		{F44269C0-B2DD-4D4D-A3A7-8A1A0390F47C}.Release|x64.ActiveCfg = Release|Any CPU
		{F44269C0-B2DD-4D4D-A3A7-8A1A0390F47C}.Release|x64.Build.0 = Release|Any CPU
		{F44269C0-B2DD-4D4D-A3A7-8A1A0390F47C}.Release|x86.ActiveCfg = Release|Any CPU
		{F44269C0-B2DD-4D4D-A3A7-8A1A0390F47C}.Release|x86.Build.0 = Release|Any CPU
		{9777AAE7-5BE9-49F3-8689-8E394593E5C0}.Debug|Any CPU.ActiveCfg = Debug|Any CPU
		{9777AAE7-5BE9-49F3-8689-8E394593E5C0}.Debug|Any CPU.Build.0 = Debug|Any CPU
		{9777AAE7-5BE9-49F3-8689-8E394593E5C0}.Debug|x64.ActiveCfg = Debug|Any CPU
		{9777AAE7-5BE9-49F3-8689-8E394593E5C0}.Debug|x64.Build.0 = Debug|Any CPU
		{9777AAE7-5BE9-49F3-8689-8E394593E5C0}.Debug|x86.ActiveCfg = Debug|Any CPU
		{9777AAE7-5BE9-49F3-8689-8E394593E5C0}.Debug|x86.Build.0 = Debug|Any CPU
		{9777AAE7-5BE9-49F3-8689-8E394593E5C0}.Release|Any CPU.ActiveCfg = Release|Any CPU
		{9777AAE7-5BE9-49F3-8689-8E394593E5C0}.Release|Any CPU.Build.0 = Release|Any CPU
		{9777AAE7-5BE9-49F3-8689-8E394593E5C0}.Release|x64.ActiveCfg = Release|Any CPU
		{9777AAE7-5BE9-49F3-8689-8E394593E5C0}.Release|x64.Build.0 = Release|Any CPU
		{9777AAE7-5BE9-49F3-8689-8E394593E5C0}.Release|x86.ActiveCfg = Release|Any CPU
		{9777AAE7-5BE9-49F3-8689-8E394593E5C0}.Release|x86.Build.0 = Release|Any CPU
		{61AF8566-637D-45DB-B1BC-6BB43F20709D}.Debug|Any CPU.ActiveCfg = Debug|Any CPU
		{61AF8566-637D-45DB-B1BC-6BB43F20709D}.Debug|Any CPU.Build.0 = Debug|Any CPU
		{61AF8566-637D-45DB-B1BC-6BB43F20709D}.Debug|x64.ActiveCfg = Debug|Any CPU
		{61AF8566-637D-45DB-B1BC-6BB43F20709D}.Debug|x64.Build.0 = Debug|Any CPU
		{61AF8566-637D-45DB-B1BC-6BB43F20709D}.Debug|x86.ActiveCfg = Debug|Any CPU
		{61AF8566-637D-45DB-B1BC-6BB43F20709D}.Debug|x86.Build.0 = Debug|Any CPU
		{61AF8566-637D-45DB-B1BC-6BB43F20709D}.Release|Any CPU.ActiveCfg = Release|Any CPU
		{61AF8566-637D-45DB-B1BC-6BB43F20709D}.Release|Any CPU.Build.0 = Release|Any CPU
		{61AF8566-637D-45DB-B1BC-6BB43F20709D}.Release|x64.ActiveCfg = Release|Any CPU
		{61AF8566-637D-45DB-B1BC-6BB43F20709D}.Release|x64.Build.0 = Release|Any CPU
		{61AF8566-637D-45DB-B1BC-6BB43F20709D}.Release|x86.ActiveCfg = Release|Any CPU
		{61AF8566-637D-45DB-B1BC-6BB43F20709D}.Release|x86.Build.0 = Release|Any CPU
		{28EB48F7-86E5-4BC0-8D57-6766645BFA79}.Debug|Any CPU.ActiveCfg = Debug|Any CPU
		{28EB48F7-86E5-4BC0-8D57-6766645BFA79}.Debug|Any CPU.Build.0 = Debug|Any CPU
		{28EB48F7-86E5-4BC0-8D57-6766645BFA79}.Debug|x64.ActiveCfg = Debug|Any CPU
		{28EB48F7-86E5-4BC0-8D57-6766645BFA79}.Debug|x64.Build.0 = Debug|Any CPU
		{28EB48F7-86E5-4BC0-8D57-6766645BFA79}.Debug|x86.ActiveCfg = Debug|Any CPU
		{28EB48F7-86E5-4BC0-8D57-6766645BFA79}.Debug|x86.Build.0 = Debug|Any CPU
		{28EB48F7-86E5-4BC0-8D57-6766645BFA79}.Release|Any CPU.ActiveCfg = Release|Any CPU
		{28EB48F7-86E5-4BC0-8D57-6766645BFA79}.Release|Any CPU.Build.0 = Release|Any CPU
		{28EB48F7-86E5-4BC0-8D57-6766645BFA79}.Release|x64.ActiveCfg = Release|Any CPU
		{28EB48F7-86E5-4BC0-8D57-6766645BFA79}.Release|x64.Build.0 = Release|Any CPU
		{28EB48F7-86E5-4BC0-8D57-6766645BFA79}.Release|x86.ActiveCfg = Release|Any CPU
		{28EB48F7-86E5-4BC0-8D57-6766645BFA79}.Release|x86.Build.0 = Release|Any CPU
		{DCCBACD0-1169-40F5-81D1-80FFF69C18D9}.Debug|Any CPU.ActiveCfg = Debug|Any CPU
		{DCCBACD0-1169-40F5-81D1-80FFF69C18D9}.Debug|Any CPU.Build.0 = Debug|Any CPU
		{DCCBACD0-1169-40F5-81D1-80FFF69C18D9}.Debug|x64.ActiveCfg = Debug|Any CPU
		{DCCBACD0-1169-40F5-81D1-80FFF69C18D9}.Debug|x64.Build.0 = Debug|Any CPU
		{DCCBACD0-1169-40F5-81D1-80FFF69C18D9}.Debug|x86.ActiveCfg = Debug|Any CPU
		{DCCBACD0-1169-40F5-81D1-80FFF69C18D9}.Debug|x86.Build.0 = Debug|Any CPU
		{DCCBACD0-1169-40F5-81D1-80FFF69C18D9}.Release|Any CPU.ActiveCfg = Release|Any CPU
		{DCCBACD0-1169-40F5-81D1-80FFF69C18D9}.Release|Any CPU.Build.0 = Release|Any CPU
		{DCCBACD0-1169-40F5-81D1-80FFF69C18D9}.Release|x64.ActiveCfg = Release|Any CPU
		{DCCBACD0-1169-40F5-81D1-80FFF69C18D9}.Release|x64.Build.0 = Release|Any CPU
		{DCCBACD0-1169-40F5-81D1-80FFF69C18D9}.Release|x86.ActiveCfg = Release|Any CPU
		{DCCBACD0-1169-40F5-81D1-80FFF69C18D9}.Release|x86.Build.0 = Release|Any CPU
	EndGlobalSection
	GlobalSection(SolutionProperties) = preSolution
		HideSolutionNode = FALSE
	EndGlobalSection
	GlobalSection(NestedProjects) = preSolution
		{CBD394FD-8B9A-4AB0-86E7-3A10F5F710DB} = {823D4020-332D-2C13-F261-6F510F11A57E}
		{E66B6CEE-C231-4FFD-AEFB-FFFE02EB5B71} = {B8EFCA5F-814F-285C-A8CB-F00F14650265}
		{9E3560EC-DBA7-4918-BF68-15EA9F96DF17} = {B8EFCA5F-814F-285C-A8CB-F00F14650265}
		{E187A1A3-76D6-4DFE-9119-9FBB365081BE} = {B8EFCA5F-814F-285C-A8CB-F00F14650265}
		{3F5D6F69-8810-4D05-914C-1440251569AA} = {B8EFCA5F-814F-285C-A8CB-F00F14650265}
		{759DFC09-76F6-47BB-BE6C-A9E80916E52C} = {B8EFCA5F-814F-285C-A8CB-F00F14650265}
		{E4B200E6-44C9-4130-A705-66E5619B33EF} = {B8EFCA5F-814F-285C-A8CB-F00F14650265}
		{F5725DE8-DC19-4514-8182-853C0B4EDB18} = {B8EFCA5F-814F-285C-A8CB-F00F14650265}
		{821E5325-4977-453B-818E-7DBB56365847} = {B8EFCA5F-814F-285C-A8CB-F00F14650265}
		{0C0A0AEA-33E9-402C-AA5F-63B616CE6106} = {B8EFCA5F-814F-285C-A8CB-F00F14650265}
		{15D948EC-71B9-4091-B8C8-B5752525FB4A} = {B8EFCA5F-814F-285C-A8CB-F00F14650265}
		{0FCEA263-B5A3-48A9-AF25-E8294F4C64C4} = {B8EFCA5F-814F-285C-A8CB-F00F14650265}
		{0A017BD0-F6BC-4843-9B2E-9FE2EA3EACAD} = {B8EFCA5F-814F-285C-A8CB-F00F14650265}
		{A9FF048A-3E14-4621-BA8D-892C0175AB39} = {B8EFCA5F-814F-285C-A8CB-F00F14650265}
		{5E770656-7F52-4445-91FE-A99530CB8C04} = {B8EFCA5F-814F-285C-A8CB-F00F14650265}
		{0A399781-B7DD-45F0-A4C4-E59F5916DE29} = {B8EFCA5F-814F-285C-A8CB-F00F14650265}
		{57C32815-3FBE-42D9-94DC-2777D86A7875} = {B8EFCA5F-814F-285C-A8CB-F00F14650265}
		{18DA25F2-3D8F-4DCE-992C-FB4E6D90E92F} = {B8EFCA5F-814F-285C-A8CB-F00F14650265}
		{9FF6B562-F19E-40AE-BA5B-697529850B7D} = {B8EFCA5F-814F-285C-A8CB-F00F14650265}
		{EDE9D919-E58C-49B1-8FC9-062CEDD59FB7} = {B8EFCA5F-814F-285C-A8CB-F00F14650265}
		{53B909A8-20CF-4536-B167-A38C15F5B71F} = {B8EFCA5F-814F-285C-A8CB-F00F14650265}
		{23167B71-5D8E-4C5C-97AC-BE67A4611DB3} = {B8EFCA5F-814F-285C-A8CB-F00F14650265}
		{54282EFC-7422-4A03-8EBA-99BF889495ED} = {B8EFCA5F-814F-285C-A8CB-F00F14650265}
		{2521A038-1ECE-46E9-92CC-5491F213EB00} = {B8EFCA5F-814F-285C-A8CB-F00F14650265}
		{982E4490-782D-4672-9ABB-84A25D04B49D} = {B8EFCA5F-814F-285C-A8CB-F00F14650265}
		{8A02BE65-A91D-4E1E-92F4-70C577CA0081} = {B8EFCA5F-814F-285C-A8CB-F00F14650265}
		{0BC0D1D1-1040-4B51-8361-2F413C4C6224} = {B8EFCA5F-814F-285C-A8CB-F00F14650265}
		{155FD9CD-91D3-4A44-8E9A-4B088A9008A2} = {B8EFCA5F-814F-285C-A8CB-F00F14650265}
		{BCF04A99-7125-4D3B-B422-87946AB8CA12} = {B8EFCA5F-814F-285C-A8CB-F00F14650265}
		{66843A4F-544E-42D2-A2A7-3A90499598CC} = {B8EFCA5F-814F-285C-A8CB-F00F14650265}
		{A55BA271-A9D9-4DBD-B4B5-38DDE86501BA} = {B8EFCA5F-814F-285C-A8CB-F00F14650265}
		{437ADAE7-C343-4DC4-B653-AA44BC140715} = {B8EFCA5F-814F-285C-A8CB-F00F14650265}
		{7F823E13-F110-4297-B399-5F5C5E18D296} = {B8EFCA5F-814F-285C-A8CB-F00F14650265}
		{14D0E9AE-2C0A-4E9C-AFFC-859D82947107} = {B8EFCA5F-814F-285C-A8CB-F00F14650265}
		{93358D18-9F6C-4A63-9550-604C78EB9DBF} = {B8EFCA5F-814F-285C-A8CB-F00F14650265}
		{F44269C0-B2DD-4D4D-A3A7-8A1A0390F47C} = {B8EFCA5F-814F-285C-A8CB-F00F14650265}
		{9777AAE7-5BE9-49F3-8689-8E394593E5C0} = {B8EFCA5F-814F-285C-A8CB-F00F14650265}
		{61AF8566-637D-45DB-B1BC-6BB43F20709D} = {B8EFCA5F-814F-285C-A8CB-F00F14650265}
		{28EB48F7-86E5-4BC0-8D57-6766645BFA79} = {B8EFCA5F-814F-285C-A8CB-F00F14650265}
		{DCCBACD0-1169-40F5-81D1-80FFF69C18D9} = {B8EFCA5F-814F-285C-A8CB-F00F14650265}
	EndGlobalSection
EndGlobal
