
Microsoft Visual Studio Solution File, Format Version 12.00
# Visual Studio Version 17
VisualStudioVersion = 17.0.31903.59
MinimumVisualStudioVersion = 10.0.40219.1
Project("{2150E333-8FDC-42A3-9474-1A3956D46DE8}") = "Source", "Source", "{B8EFCA5F-814F-285C-A8CB-F00F14650265}"
EndProject
Project("{2150E333-8FDC-42A3-9474-1A3956D46DE8}") = "Clients", "Clients", "{A81B7D94-0155-67C9-365B-A79B854B2753}"
EndProject
Project("{2150E333-8FDC-42A3-9474-1A3956D46DE8}") = "Kernel", "Kernel", "{B8EFCA5F-814F-285C-A8CB-F00F14650266}"
EndProject
Project("{2150E333-8FDC-42A3-9474-1A3956D46DE8}") = "Tools", "Tools", "{B8EFCA5F-814F-285C-A8CB-F00F14650267}"
EndProject
Project("{2150E333-8FDC-42A3-9474-1A3956D46DE8}") = "Workbench", "Workbench", "{B8EFCA5F-814F-285C-A8CB-F00F14650268}"
EndProject
Project("{FAE04EC0-301F-11D3-BF4B-00C04F79EFBC}") = "Api", "Source\Clients\Api\Api.csproj", "{A81B7D94-0155-67C9-365B-A79B854B2754}"
EndProject
Project("{FAE04EC0-301F-11D3-BF4B-00C04F79EFBC}") = "AspNetCore", "Source\Clients\AspNetCore\AspNetCore.csproj", "{810CBE58-77B2-4B7B-8461-2A4F7AABAFAA}"
EndProject
Project("{FAE04EC0-301F-11D3-BF4B-00C04F79EFBC}") = "AspNetCore.Specs", "Source\Clients\AspNetCore.Specs\AspNetCore.Specs.csproj", "{9D480185-F7A1-4DDB-B3F4-366D48CA0B1D}"
EndProject
Project("{FAE04EC0-301F-11D3-BF4B-00C04F79EFBC}") = "Connections", "Source\Clients\Connections\Connections.csproj", "{6C1F3802-1E66-459E-BD0B-E8ABAA5674E8}"
EndProject
Project("{FAE04EC0-301F-11D3-BF4B-00C04F79EFBC}") = "DotNET", "Source\Clients\DotNET\DotNET.csproj", "{99E6200C-FECE-4B77-849D-DECB1F592203}"
EndProject
Project("{FAE04EC0-301F-11D3-BF4B-00C04F79EFBC}") = "DotNET.CodeAnalysis", "Source\Clients\DotNET.CodeAnalysis\DotNET.CodeAnalysis.csproj", "{A81B7D94-0155-67C9-365B-A79B854B2755}"
EndProject
Project("{FAE04EC0-301F-11D3-BF4B-00C04F79EFBC}") = "DotNET.CodeAnalysis.Specs", "Source\Clients\DotNET.CodeAnalysis.Specs\DotNET.CodeAnalysis.Specs.csproj", "{A81B7D94-0155-67C9-365B-A79B854B2756}"
EndProject
Project("{FAE04EC0-301F-11D3-BF4B-00C04F79EFBC}") = "DotNET.InProcess", "Source\Clients\DotNET.InProcess\DotNET.InProcess.csproj", "{E08A76CB-3E7E-4806-BC0A-B1753A5128F0}"
EndProject
Project("{FAE04EC0-301F-11D3-BF4B-00C04F79EFBC}") = "DotNET.InProcess.Specs", "Source\Clients\DotNET.InProcess.Specs\DotNET.InProcess.Specs.csproj", "{A1B2C3D4-E5F6-7890-1234-567890ABCDEF}"
EndProject
Project("{FAE04EC0-301F-11D3-BF4B-00C04F79EFBC}") = "DotNET.Specs", "Source\Clients\DotNET.Specs\DotNET.Specs.csproj", "{FDC5C379-6DE3-4018-B92A-3EA4BECA1A8C}"
EndProject
Project("{FAE04EC0-301F-11D3-BF4B-00C04F79EFBC}") = "Testing", "Source\Clients\Testing\Testing.csproj", "{DB9107A7-F79D-43E1-A307-591031E8B776}"
EndProject
Project("{FAE04EC0-301F-11D3-BF4B-00C04F79EFBC}") = "XUnit.Integration", "Source\Clients\XUnit.Integration\XUnit.Integration.csproj", "{CCA5CC3C-4A41-484C-A739-972E27BD87AD}"
EndProject
Project("{FAE04EC0-301F-11D3-BF4B-00C04F79EFBC}") = "Infrastructure", "Source\Infrastructure\Infrastructure.csproj", "{8C5B14F3-4B49-4A77-842E-3C7F5E7F5021}"
EndProject
Project("{FAE04EC0-301F-11D3-BF4B-00C04F79EFBC}") = "Infrastructure.Specs", "Source\Infrastructure.Specs\Infrastructure.Specs.csproj", "{73C9119D-8054-4FF5-B9F6-7FFD336FAC77}"
EndProject
Project("{FAE04EC0-301F-11D3-BF4B-00C04F79EFBC}") = "Concepts", "Source\Kernel\Concepts\Concepts.csproj", "{AE464D32-9CF9-4DFD-A34A-2E3181A0FF43}"
EndProject
Project("{FAE04EC0-301F-11D3-BF4B-00C04F79EFBC}") = "Concepts.Specs", "Source\Kernel\Concepts.Specs\Concepts.Specs.csproj", "{B8B1E1DE-6FEB-419E-96DA-03E8CE8E9B49}"
EndProject
Project("{FAE04EC0-301F-11D3-BF4B-00C04F79EFBC}") = "Contracts", "Source\Kernel\Contracts\Contracts.csproj", "{BEF00412-1FEF-4072-9CDE-51C016C4C80F}"
EndProject
Project("{FAE04EC0-301F-11D3-BF4B-00C04F79EFBC}") = "Core", "Source\Kernel\Core\Core.csproj", "{C0EE0002-0002-0002-0002-000000000002}"
EndProject
Project("{FAE04EC0-301F-11D3-BF4B-00C04F79EFBC}") = "Core.Specs", "Source\Kernel\Core.Specs\Core.Specs.csproj", "{C0EE0001-0001-0001-0001-000000000001}"
EndProject
Project("{FAE04EC0-301F-11D3-BF4B-00C04F79EFBC}") = "Server", "Source\Kernel\Server\Server.csproj", "{FDABBF4B-1B5A-4A50-8404-220355552569}"
EndProject
Project("{FAE04EC0-301F-11D3-BF4B-00C04F79EFBC}") = "Storage", "Source\Kernel\Storage\Storage.csproj", "{B8EFCA5F-814F-285C-A8CB-F00F14650271}"
EndProject
Project("{FAE04EC0-301F-11D3-BF4B-00C04F79EFBC}") = "Storage.MongoDB", "Source\Kernel\Storage.MongoDB\Storage.MongoDB.csproj", "{B8EFCA5F-814F-285C-A8CB-F00F14650272}"
EndProject
Project("{FAE04EC0-301F-11D3-BF4B-00C04F79EFBC}") = "Storage.MongoDB.Specs", "Source\Kernel\Storage.MongoDB.Specs\Storage.MongoDB.Specs.csproj", "{B8EFCA5F-814F-285C-A8CB-F00F14650273}"
EndProject
Project("{FAE04EC0-301F-11D3-BF4B-00C04F79EFBC}") = "Storage.Specs", "Source\Kernel\Storage.Specs\Storage.Specs.csproj", "{B8EFCA5F-814F-285C-A8CB-F00F14650274}"
EndProject
Project("{FAE04EC0-301F-11D3-BF4B-00C04F79EFBC}") = "AssemblyFixer", "Source\Tools\AssemblyFixer\AssemblyFixer.csproj", "{B8EFCA5F-814F-285C-A8CB-F00F14650275}"
EndProject
Project("{FAE04EC0-301F-11D3-BF4B-00C04F79EFBC}") = "GrpcClients", "Source\Tools\GrpcClients\GrpcClients.csproj", "{B8EFCA5F-814F-285C-A8CB-F00F14650276}"
EndProject
Project("{FAE04EC0-301F-11D3-BF4B-00C04F79EFBC}") = "InternalsVerifier", "Source\Tools\InternalsVerifier\InternalsVerifier.csproj", "{B8EFCA5F-814F-285C-A8CB-F00F14650277}"
EndProject
Project("{FAE04EC0-301F-11D3-BF4B-00C04F79EFBC}") = "ResourceEmbedder", "Source\Tools\ResourceEmbedder\ResourceEmbedder.csproj", "{B8EFCA5F-814F-285C-A8CB-F00F14650278}"
EndProject
Project("{FAE04EC0-301F-11D3-BF4B-00C04F79EFBC}") = "Embedded", "Source\Workbench\Embedded\Embedded.csproj", "{B8EFCA5F-814F-285C-A8CB-F00F14650279}"
EndProject
Project("{2150E333-8FDC-42A3-9474-1A3956D46DE8}") = "Integration", "Integration", "{823D4020-332D-2C13-F261-6F510F11A57E}"
EndProject
Project("{FAE04EC0-301F-11D3-BF4B-00C04F79EFBC}") = "Api", "Integration\Api\Api.csproj", "{AEA4A18B-FEE1-4FC6-BB7E-2394BB65FED5}"
EndProject
Global
	GlobalSection(SolutionConfigurationPlatforms) = preSolution
		Debug|Any CPU = Debug|Any CPU
		Debug|x64 = Debug|x64
		Debug|x86 = Debug|x86
		Release|Any CPU = Release|Any CPU
		Release|x64 = Release|x64
		Release|x86 = Release|x86
	EndGlobalSection
	GlobalSection(ProjectConfigurationPlatforms) = postSolution
		{A81B7D94-0155-67C9-365B-A79B854B2754}.Debug|Any CPU.ActiveCfg = Debug|Any CPU
		{A81B7D94-0155-67C9-365B-A79B854B2754}.Debug|Any CPU.Build.0 = Debug|Any CPU
		{A81B7D94-0155-67C9-365B-A79B854B2754}.Debug|x64.ActiveCfg = Debug|Any CPU
		{A81B7D94-0155-67C9-365B-A79B854B2754}.Debug|x64.Build.0 = Debug|Any CPU
		{A81B7D94-0155-67C9-365B-A79B854B2754}.Debug|x86.ActiveCfg = Debug|Any CPU
		{A81B7D94-0155-67C9-365B-A79B854B2754}.Debug|x86.Build.0 = Debug|Any CPU
		{A81B7D94-0155-67C9-365B-A79B854B2754}.Release|Any CPU.ActiveCfg = Release|Any CPU
		{A81B7D94-0155-67C9-365B-A79B854B2754}.Release|Any CPU.Build.0 = Release|Any CPU
		{A81B7D94-0155-67C9-365B-A79B854B2754}.Release|x64.ActiveCfg = Release|Any CPU
		{A81B7D94-0155-67C9-365B-A79B854B2754}.Release|x64.Build.0 = Release|Any CPU
		{A81B7D94-0155-67C9-365B-A79B854B2754}.Release|x86.ActiveCfg = Release|Any CPU
		{A81B7D94-0155-67C9-365B-A79B854B2754}.Release|x86.Build.0 = Release|Any CPU
		{810CBE58-77B2-4B7B-8461-2A4F7AABAFAA}.Debug|Any CPU.ActiveCfg = Debug|Any CPU
		{810CBE58-77B2-4B7B-8461-2A4F7AABAFAA}.Debug|Any CPU.Build.0 = Debug|Any CPU
		{810CBE58-77B2-4B7B-8461-2A4F7AABAFAA}.Debug|x64.ActiveCfg = Debug|Any CPU
		{810CBE58-77B2-4B7B-8461-2A4F7AABAFAA}.Debug|x64.Build.0 = Debug|Any CPU
		{810CBE58-77B2-4B7B-8461-2A4F7AABAFAA}.Debug|x86.ActiveCfg = Debug|Any CPU
		{810CBE58-77B2-4B7B-8461-2A4F7AABAFAA}.Debug|x86.Build.0 = Debug|Any CPU
		{810CBE58-77B2-4B7B-8461-2A4F7AABAFAA}.Release|Any CPU.ActiveCfg = Release|Any CPU
		{810CBE58-77B2-4B7B-8461-2A4F7AABAFAA}.Release|Any CPU.Build.0 = Release|Any CPU
		{810CBE58-77B2-4B7B-8461-2A4F7AABAFAA}.Release|x64.ActiveCfg = Release|Any CPU
		{810CBE58-77B2-4B7B-8461-2A4F7AABAFAA}.Release|x64.Build.0 = Release|Any CPU
		{810CBE58-77B2-4B7B-8461-2A4F7AABAFAA}.Release|x86.ActiveCfg = Release|Any CPU
		{810CBE58-77B2-4B7B-8461-2A4F7AABAFAA}.Release|x86.Build.0 = Release|Any CPU
		{9D480185-F7A1-4DDB-B3F4-366D48CA0B1D}.Debug|Any CPU.ActiveCfg = Debug|Any CPU
		{9D480185-F7A1-4DDB-B3F4-366D48CA0B1D}.Debug|Any CPU.Build.0 = Debug|Any CPU
		{9D480185-F7A1-4DDB-B3F4-366D48CA0B1D}.Debug|x64.ActiveCfg = Debug|Any CPU
		{9D480185-F7A1-4DDB-B3F4-366D48CA0B1D}.Debug|x64.Build.0 = Debug|Any CPU
		{9D480185-F7A1-4DDB-B3F4-366D48CA0B1D}.Debug|x86.ActiveCfg = Debug|Any CPU
		{9D480185-F7A1-4DDB-B3F4-366D48CA0B1D}.Debug|x86.Build.0 = Debug|Any CPU
		{9D480185-F7A1-4DDB-B3F4-366D48CA0B1D}.Release|Any CPU.ActiveCfg = Release|Any CPU
		{9D480185-F7A1-4DDB-B3F4-366D48CA0B1D}.Release|Any CPU.Build.0 = Release|Any CPU
		{9D480185-F7A1-4DDB-B3F4-366D48CA0B1D}.Release|x64.ActiveCfg = Release|Any CPU
		{9D480185-F7A1-4DDB-B3F4-366D48CA0B1D}.Release|x64.Build.0 = Release|Any CPU
		{9D480185-F7A1-4DDB-B3F4-366D48CA0B1D}.Release|x86.ActiveCfg = Release|Any CPU
		{9D480185-F7A1-4DDB-B3F4-366D48CA0B1D}.Release|x86.Build.0 = Release|Any CPU
		{6C1F3802-1E66-459E-BD0B-E8ABAA5674E8}.Debug|Any CPU.ActiveCfg = Debug|Any CPU
		{6C1F3802-1E66-459E-BD0B-E8ABAA5674E8}.Debug|Any CPU.Build.0 = Debug|Any CPU
		{6C1F3802-1E66-459E-BD0B-E8ABAA5674E8}.Debug|x64.ActiveCfg = Debug|Any CPU
		{6C1F3802-1E66-459E-BD0B-E8ABAA5674E8}.Debug|x64.Build.0 = Debug|Any CPU
		{6C1F3802-1E66-459E-BD0B-E8ABAA5674E8}.Debug|x86.ActiveCfg = Debug|Any CPU
		{6C1F3802-1E66-459E-BD0B-E8ABAA5674E8}.Debug|x86.Build.0 = Debug|Any CPU
		{6C1F3802-1E66-459E-BD0B-E8ABAA5674E8}.Release|Any CPU.ActiveCfg = Release|Any CPU
		{6C1F3802-1E66-459E-BD0B-E8ABAA5674E8}.Release|Any CPU.Build.0 = Release|Any CPU
		{6C1F3802-1E66-459E-BD0B-E8ABAA5674E8}.Release|x64.ActiveCfg = Release|Any CPU
		{6C1F3802-1E66-459E-BD0B-E8ABAA5674E8}.Release|x64.Build.0 = Release|Any CPU
		{6C1F3802-1E66-459E-BD0B-E8ABAA5674E8}.Release|x86.ActiveCfg = Release|Any CPU
		{6C1F3802-1E66-459E-BD0B-E8ABAA5674E8}.Release|x86.Build.0 = Release|Any CPU
		{99E6200C-FECE-4B77-849D-DECB1F592203}.Debug|Any CPU.ActiveCfg = Debug|Any CPU
		{99E6200C-FECE-4B77-849D-DECB1F592203}.Debug|Any CPU.Build.0 = Debug|Any CPU
		{99E6200C-FECE-4B77-849D-DECB1F592203}.Debug|x64.ActiveCfg = Debug|Any CPU
		{99E6200C-FECE-4B77-849D-DECB1F592203}.Debug|x64.Build.0 = Debug|Any CPU
		{99E6200C-FECE-4B77-849D-DECB1F592203}.Debug|x86.ActiveCfg = Debug|Any CPU
		{99E6200C-FECE-4B77-849D-DECB1F592203}.Debug|x86.Build.0 = Debug|Any CPU
		{99E6200C-FECE-4B77-849D-DECB1F592203}.Release|Any CPU.ActiveCfg = Release|Any CPU
		{99E6200C-FECE-4B77-849D-DECB1F592203}.Release|Any CPU.Build.0 = Release|Any CPU
		{99E6200C-FECE-4B77-849D-DECB1F592203}.Release|x64.ActiveCfg = Release|Any CPU
		{99E6200C-FECE-4B77-849D-DECB1F592203}.Release|x64.Build.0 = Release|Any CPU
		{99E6200C-FECE-4B77-849D-DECB1F592203}.Release|x86.ActiveCfg = Release|Any CPU
		{99E6200C-FECE-4B77-849D-DECB1F592203}.Release|x86.Build.0 = Release|Any CPU
		{A81B7D94-0155-67C9-365B-A79B854B2755}.Debug|Any CPU.ActiveCfg = Debug|Any CPU
		{A81B7D94-0155-67C9-365B-A79B854B2755}.Debug|Any CPU.Build.0 = Debug|Any CPU
		{A81B7D94-0155-67C9-365B-A79B854B2755}.Debug|x64.ActiveCfg = Debug|Any CPU
		{A81B7D94-0155-67C9-365B-A79B854B2755}.Debug|x64.Build.0 = Debug|Any CPU
		{A81B7D94-0155-67C9-365B-A79B854B2755}.Debug|x86.ActiveCfg = Debug|Any CPU
		{A81B7D94-0155-67C9-365B-A79B854B2755}.Debug|x86.Build.0 = Debug|Any CPU
		{A81B7D94-0155-67C9-365B-A79B854B2755}.Release|Any CPU.ActiveCfg = Release|Any CPU
		{A81B7D94-0155-67C9-365B-A79B854B2755}.Release|Any CPU.Build.0 = Release|Any CPU
		{A81B7D94-0155-67C9-365B-A79B854B2755}.Release|x64.ActiveCfg = Release|Any CPU
		{A81B7D94-0155-67C9-365B-A79B854B2755}.Release|x64.Build.0 = Release|Any CPU
		{A81B7D94-0155-67C9-365B-A79B854B2755}.Release|x86.ActiveCfg = Release|Any CPU
		{A81B7D94-0155-67C9-365B-A79B854B2755}.Release|x86.Build.0 = Release|Any CPU
		{A81B7D94-0155-67C9-365B-A79B854B2756}.Debug|Any CPU.ActiveCfg = Debug|Any CPU
		{A81B7D94-0155-67C9-365B-A79B854B2756}.Debug|Any CPU.Build.0 = Debug|Any CPU
		{A81B7D94-0155-67C9-365B-A79B854B2756}.Debug|x64.ActiveCfg = Debug|Any CPU
		{A81B7D94-0155-67C9-365B-A79B854B2756}.Debug|x64.Build.0 = Debug|Any CPU
		{A81B7D94-0155-67C9-365B-A79B854B2756}.Debug|x86.ActiveCfg = Debug|Any CPU
		{A81B7D94-0155-67C9-365B-A79B854B2756}.Debug|x86.Build.0 = Debug|Any CPU
		{A81B7D94-0155-67C9-365B-A79B854B2756}.Release|Any CPU.ActiveCfg = Release|Any CPU
		{A81B7D94-0155-67C9-365B-A79B854B2756}.Release|Any CPU.Build.0 = Release|Any CPU
		{A81B7D94-0155-67C9-365B-A79B854B2756}.Release|x64.ActiveCfg = Release|Any CPU
		{A81B7D94-0155-67C9-365B-A79B854B2756}.Release|x64.Build.0 = Release|Any CPU
		{A81B7D94-0155-67C9-365B-A79B854B2756}.Release|x86.ActiveCfg = Release|Any CPU
		{A81B7D94-0155-67C9-365B-A79B854B2756}.Release|x86.Build.0 = Release|Any CPU
		{E08A76CB-3E7E-4806-BC0A-B1753A5128F0}.Debug|Any CPU.ActiveCfg = Debug|Any CPU
		{E08A76CB-3E7E-4806-BC0A-B1753A5128F0}.Debug|Any CPU.Build.0 = Debug|Any CPU
		{E08A76CB-3E7E-4806-BC0A-B1753A5128F0}.Debug|x64.ActiveCfg = Debug|Any CPU
		{E08A76CB-3E7E-4806-BC0A-B1753A5128F0}.Debug|x64.Build.0 = Debug|Any CPU
		{E08A76CB-3E7E-4806-BC0A-B1753A5128F0}.Debug|x86.ActiveCfg = Debug|Any CPU
		{E08A76CB-3E7E-4806-BC0A-B1753A5128F0}.Debug|x86.Build.0 = Debug|Any CPU
		{E08A76CB-3E7E-4806-BC0A-B1753A5128F0}.Release|Any CPU.ActiveCfg = Release|Any CPU
		{E08A76CB-3E7E-4806-BC0A-B1753A5128F0}.Release|Any CPU.Build.0 = Release|Any CPU
		{E08A76CB-3E7E-4806-BC0A-B1753A5128F0}.Release|x64.ActiveCfg = Release|Any CPU
		{E08A76CB-3E7E-4806-BC0A-B1753A5128F0}.Release|x64.Build.0 = Release|Any CPU
		{E08A76CB-3E7E-4806-BC0A-B1753A5128F0}.Release|x86.ActiveCfg = Release|Any CPU
		{E08A76CB-3E7E-4806-BC0A-B1753A5128F0}.Release|x86.Build.0 = Release|Any CPU
		{A1B2C3D4-E5F6-7890-1234-567890ABCDEF}.Debug|Any CPU.ActiveCfg = Debug|Any CPU
		{A1B2C3D4-E5F6-7890-1234-567890ABCDEF}.Debug|Any CPU.Build.0 = Debug|Any CPU
		{A1B2C3D4-E5F6-7890-1234-567890ABCDEF}.Debug|x64.ActiveCfg = Debug|Any CPU
		{A1B2C3D4-E5F6-7890-1234-567890ABCDEF}.Debug|x64.Build.0 = Debug|Any CPU
		{A1B2C3D4-E5F6-7890-1234-567890ABCDEF}.Debug|x86.ActiveCfg = Debug|Any CPU
		{A1B2C3D4-E5F6-7890-1234-567890ABCDEF}.Debug|x86.Build.0 = Debug|Any CPU
		{A1B2C3D4-E5F6-7890-1234-567890ABCDEF}.Release|Any CPU.ActiveCfg = Release|Any CPU
		{A1B2C3D4-E5F6-7890-1234-567890ABCDEF}.Release|Any CPU.Build.0 = Release|Any CPU
		{A1B2C3D4-E5F6-7890-1234-567890ABCDEF}.Release|x64.ActiveCfg = Release|Any CPU
		{A1B2C3D4-E5F6-7890-1234-567890ABCDEF}.Release|x64.Build.0 = Release|Any CPU
		{A1B2C3D4-E5F6-7890-1234-567890ABCDEF}.Release|x86.ActiveCfg = Release|Any CPU
		{A1B2C3D4-E5F6-7890-1234-567890ABCDEF}.Release|x86.Build.0 = Release|Any CPU
		{FDC5C379-6DE3-4018-B92A-3EA4BECA1A8C}.Debug|Any CPU.ActiveCfg = Debug|Any CPU
		{FDC5C379-6DE3-4018-B92A-3EA4BECA1A8C}.Debug|Any CPU.Build.0 = Debug|Any CPU
		{FDC5C379-6DE3-4018-B92A-3EA4BECA1A8C}.Debug|x64.ActiveCfg = Debug|Any CPU
		{FDC5C379-6DE3-4018-B92A-3EA4BECA1A8C}.Debug|x64.Build.0 = Debug|Any CPU
		{FDC5C379-6DE3-4018-B92A-3EA4BECA1A8C}.Debug|x86.ActiveCfg = Debug|Any CPU
		{FDC5C379-6DE3-4018-B92A-3EA4BECA1A8C}.Debug|x86.Build.0 = Debug|Any CPU
		{FDC5C379-6DE3-4018-B92A-3EA4BECA1A8C}.Release|Any CPU.ActiveCfg = Release|Any CPU
		{FDC5C379-6DE3-4018-B92A-3EA4BECA1A8C}.Release|Any CPU.Build.0 = Release|Any CPU
		{FDC5C379-6DE3-4018-B92A-3EA4BECA1A8C}.Release|x64.ActiveCfg = Release|Any CPU
		{FDC5C379-6DE3-4018-B92A-3EA4BECA1A8C}.Release|x64.Build.0 = Release|Any CPU
		{FDC5C379-6DE3-4018-B92A-3EA4BECA1A8C}.Release|x86.ActiveCfg = Release|Any CPU
		{FDC5C379-6DE3-4018-B92A-3EA4BECA1A8C}.Release|x86.Build.0 = Release|Any CPU
		{DB9107A7-F79D-43E1-A307-591031E8B776}.Debug|Any CPU.ActiveCfg = Debug|Any CPU
		{DB9107A7-F79D-43E1-A307-591031E8B776}.Debug|Any CPU.Build.0 = Debug|Any CPU
		{DB9107A7-F79D-43E1-A307-591031E8B776}.Debug|x64.ActiveCfg = Debug|Any CPU
		{DB9107A7-F79D-43E1-A307-591031E8B776}.Debug|x64.Build.0 = Debug|Any CPU
		{DB9107A7-F79D-43E1-A307-591031E8B776}.Debug|x86.ActiveCfg = Debug|Any CPU
		{DB9107A7-F79D-43E1-A307-591031E8B776}.Debug|x86.Build.0 = Debug|Any CPU
		{DB9107A7-F79D-43E1-A307-591031E8B776}.Release|Any CPU.ActiveCfg = Release|Any CPU
		{DB9107A7-F79D-43E1-A307-591031E8B776}.Release|Any CPU.Build.0 = Release|Any CPU
		{DB9107A7-F79D-43E1-A307-591031E8B776}.Release|x64.ActiveCfg = Release|Any CPU
		{DB9107A7-F79D-43E1-A307-591031E8B776}.Release|x64.Build.0 = Release|Any CPU
		{DB9107A7-F79D-43E1-A307-591031E8B776}.Release|x86.ActiveCfg = Release|Any CPU
		{DB9107A7-F79D-43E1-A307-591031E8B776}.Release|x86.Build.0 = Release|Any CPU
		{CCA5CC3C-4A41-484C-A739-972E27BD87AD}.Debug|Any CPU.ActiveCfg = Debug|Any CPU
		{CCA5CC3C-4A41-484C-A739-972E27BD87AD}.Debug|Any CPU.Build.0 = Debug|Any CPU
		{CCA5CC3C-4A41-484C-A739-972E27BD87AD}.Debug|x64.ActiveCfg = Debug|Any CPU
		{CCA5CC3C-4A41-484C-A739-972E27BD87AD}.Debug|x64.Build.0 = Debug|Any CPU
		{CCA5CC3C-4A41-484C-A739-972E27BD87AD}.Debug|x86.ActiveCfg = Debug|Any CPU
		{CCA5CC3C-4A41-484C-A739-972E27BD87AD}.Debug|x86.Build.0 = Debug|Any CPU
		{CCA5CC3C-4A41-484C-A739-972E27BD87AD}.Release|Any CPU.ActiveCfg = Release|Any CPU
		{CCA5CC3C-4A41-484C-A739-972E27BD87AD}.Release|Any CPU.Build.0 = Release|Any CPU
		{CCA5CC3C-4A41-484C-A739-972E27BD87AD}.Release|x64.ActiveCfg = Release|Any CPU
		{CCA5CC3C-4A41-484C-A739-972E27BD87AD}.Release|x64.Build.0 = Release|Any CPU
		{CCA5CC3C-4A41-484C-A739-972E27BD87AD}.Release|x86.ActiveCfg = Release|Any CPU
		{CCA5CC3C-4A41-484C-A739-972E27BD87AD}.Release|x86.Build.0 = Release|Any CPU
		{8C5B14F3-4B49-4A77-842E-3C7F5E7F5021}.Debug|Any CPU.ActiveCfg = Debug|Any CPU
		{8C5B14F3-4B49-4A77-842E-3C7F5E7F5021}.Debug|Any CPU.Build.0 = Debug|Any CPU
		{8C5B14F3-4B49-4A77-842E-3C7F5E7F5021}.Debug|x64.ActiveCfg = Debug|Any CPU
		{8C5B14F3-4B49-4A77-842E-3C7F5E7F5021}.Debug|x64.Build.0 = Debug|Any CPU
		{8C5B14F3-4B49-4A77-842E-3C7F5E7F5021}.Debug|x86.ActiveCfg = Debug|Any CPU
		{8C5B14F3-4B49-4A77-842E-3C7F5E7F5021}.Debug|x86.Build.0 = Debug|Any CPU
		{8C5B14F3-4B49-4A77-842E-3C7F5E7F5021}.Release|Any CPU.ActiveCfg = Release|Any CPU
		{8C5B14F3-4B49-4A77-842E-3C7F5E7F5021}.Release|Any CPU.Build.0 = Release|Any CPU
		{8C5B14F3-4B49-4A77-842E-3C7F5E7F5021}.Release|x64.ActiveCfg = Release|Any CPU
		{8C5B14F3-4B49-4A77-842E-3C7F5E7F5021}.Release|x64.Build.0 = Release|Any CPU
		{8C5B14F3-4B49-4A77-842E-3C7F5E7F5021}.Release|x86.ActiveCfg = Release|Any CPU
		{8C5B14F3-4B49-4A77-842E-3C7F5E7F5021}.Release|x86.Build.0 = Release|Any CPU
		{73C9119D-8054-4FF5-B9F6-7FFD336FAC77}.Debug|Any CPU.ActiveCfg = Debug|Any CPU
		{73C9119D-8054-4FF5-B9F6-7FFD336FAC77}.Debug|Any CPU.Build.0 = Debug|Any CPU
		{73C9119D-8054-4FF5-B9F6-7FFD336FAC77}.Debug|x64.ActiveCfg = Debug|Any CPU
		{73C9119D-8054-4FF5-B9F6-7FFD336FAC77}.Debug|x64.Build.0 = Debug|Any CPU
		{73C9119D-8054-4FF5-B9F6-7FFD336FAC77}.Debug|x86.ActiveCfg = Debug|Any CPU
		{73C9119D-8054-4FF5-B9F6-7FFD336FAC77}.Debug|x86.Build.0 = Debug|Any CPU
		{73C9119D-8054-4FF5-B9F6-7FFD336FAC77}.Release|Any CPU.ActiveCfg = Release|Any CPU
		{73C9119D-8054-4FF5-B9F6-7FFD336FAC77}.Release|Any CPU.Build.0 = Release|Any CPU
		{73C9119D-8054-4FF5-B9F6-7FFD336FAC77}.Release|x64.ActiveCfg = Release|Any CPU
		{73C9119D-8054-4FF5-B9F6-7FFD336FAC77}.Release|x64.Build.0 = Release|Any CPU
		{73C9119D-8054-4FF5-B9F6-7FFD336FAC77}.Release|x86.ActiveCfg = Release|Any CPU
		{73C9119D-8054-4FF5-B9F6-7FFD336FAC77}.Release|x86.Build.0 = Release|Any CPU
		{AE464D32-9CF9-4DFD-A34A-2E3181A0FF43}.Debug|Any CPU.ActiveCfg = Debug|Any CPU
		{AE464D32-9CF9-4DFD-A34A-2E3181A0FF43}.Debug|Any CPU.Build.0 = Debug|Any CPU
		{AE464D32-9CF9-4DFD-A34A-2E3181A0FF43}.Debug|x64.ActiveCfg = Debug|Any CPU
		{AE464D32-9CF9-4DFD-A34A-2E3181A0FF43}.Debug|x64.Build.0 = Debug|Any CPU
		{AE464D32-9CF9-4DFD-A34A-2E3181A0FF43}.Debug|x86.ActiveCfg = Debug|Any CPU
		{AE464D32-9CF9-4DFD-A34A-2E3181A0FF43}.Debug|x86.Build.0 = Debug|Any CPU
		{AE464D32-9CF9-4DFD-A34A-2E3181A0FF43}.Release|Any CPU.ActiveCfg = Release|Any CPU
		{AE464D32-9CF9-4DFD-A34A-2E3181A0FF43}.Release|Any CPU.Build.0 = Release|Any CPU
		{AE464D32-9CF9-4DFD-A34A-2E3181A0FF43}.Release|x64.ActiveCfg = Release|Any CPU
		{AE464D32-9CF9-4DFD-A34A-2E3181A0FF43}.Release|x64.Build.0 = Release|Any CPU
		{AE464D32-9CF9-4DFD-A34A-2E3181A0FF43}.Release|x86.ActiveCfg = Release|Any CPU
		{AE464D32-9CF9-4DFD-A34A-2E3181A0FF43}.Release|x86.Build.0 = Release|Any CPU
		{B8B1E1DE-6FEB-419E-96DA-03E8CE8E9B49}.Debug|Any CPU.ActiveCfg = Debug|Any CPU
		{B8B1E1DE-6FEB-419E-96DA-03E8CE8E9B49}.Debug|Any CPU.Build.0 = Debug|Any CPU
		{B8B1E1DE-6FEB-419E-96DA-03E8CE8E9B49}.Debug|x64.ActiveCfg = Debug|Any CPU
		{B8B1E1DE-6FEB-419E-96DA-03E8CE8E9B49}.Debug|x64.Build.0 = Debug|Any CPU
		{B8B1E1DE-6FEB-419E-96DA-03E8CE8E9B49}.Debug|x86.ActiveCfg = Debug|Any CPU
		{B8B1E1DE-6FEB-419E-96DA-03E8CE8E9B49}.Debug|x86.Build.0 = Debug|Any CPU
		{B8B1E1DE-6FEB-419E-96DA-03E8CE8E9B49}.Release|Any CPU.ActiveCfg = Release|Any CPU
		{B8B1E1DE-6FEB-419E-96DA-03E8CE8E9B49}.Release|Any CPU.Build.0 = Release|Any CPU
		{B8B1E1DE-6FEB-419E-96DA-03E8CE8E9B49}.Release|x64.ActiveCfg = Release|Any CPU
		{B8B1E1DE-6FEB-419E-96DA-03E8CE8E9B49}.Release|x64.Build.0 = Release|Any CPU
		{B8B1E1DE-6FEB-419E-96DA-03E8CE8E9B49}.Release|x86.ActiveCfg = Release|Any CPU
		{B8B1E1DE-6FEB-419E-96DA-03E8CE8E9B49}.Release|x86.Build.0 = Release|Any CPU
		{BEF00412-1FEF-4072-9CDE-51C016C4C80F}.Debug|Any CPU.ActiveCfg = Debug|Any CPU
		{BEF00412-1FEF-4072-9CDE-51C016C4C80F}.Debug|Any CPU.Build.0 = Debug|Any CPU
		{BEF00412-1FEF-4072-9CDE-51C016C4C80F}.Debug|x64.ActiveCfg = Debug|Any CPU
		{BEF00412-1FEF-4072-9CDE-51C016C4C80F}.Debug|x64.Build.0 = Debug|Any CPU
		{BEF00412-1FEF-4072-9CDE-51C016C4C80F}.Debug|x86.ActiveCfg = Debug|Any CPU
		{BEF00412-1FEF-4072-9CDE-51C016C4C80F}.Debug|x86.Build.0 = Debug|Any CPU
		{BEF00412-1FEF-4072-9CDE-51C016C4C80F}.Release|Any CPU.ActiveCfg = Release|Any CPU
		{BEF00412-1FEF-4072-9CDE-51C016C4C80F}.Release|Any CPU.Build.0 = Release|Any CPU
		{BEF00412-1FEF-4072-9CDE-51C016C4C80F}.Release|x64.ActiveCfg = Release|Any CPU
		{BEF00412-1FEF-4072-9CDE-51C016C4C80F}.Release|x64.Build.0 = Release|Any CPU
		{BEF00412-1FEF-4072-9CDE-51C016C4C80F}.Release|x86.ActiveCfg = Release|Any CPU
		{BEF00412-1FEF-4072-9CDE-51C016C4C80F}.Release|x86.Build.0 = Release|Any CPU
		{C0EE0002-0002-0002-0002-000000000002}.Debug|Any CPU.ActiveCfg = Debug|Any CPU
		{C0EE0002-0002-0002-0002-000000000002}.Debug|Any CPU.Build.0 = Debug|Any CPU
		{C0EE0002-0002-0002-0002-000000000002}.Debug|x64.ActiveCfg = Debug|Any CPU
		{C0EE0002-0002-0002-0002-000000000002}.Debug|x64.Build.0 = Debug|Any CPU
		{C0EE0002-0002-0002-0002-000000000002}.Debug|x86.ActiveCfg = Debug|Any CPU
		{C0EE0002-0002-0002-0002-000000000002}.Debug|x86.Build.0 = Debug|Any CPU
		{C0EE0002-0002-0002-0002-000000000002}.Release|Any CPU.ActiveCfg = Release|Any CPU
		{C0EE0002-0002-0002-0002-000000000002}.Release|Any CPU.Build.0 = Release|Any CPU
		{C0EE0002-0002-0002-0002-000000000002}.Release|x64.ActiveCfg = Release|Any CPU
		{C0EE0002-0002-0002-0002-000000000002}.Release|x64.Build.0 = Release|Any CPU
		{C0EE0002-0002-0002-0002-000000000002}.Release|x86.ActiveCfg = Release|Any CPU
		{C0EE0002-0002-0002-0002-000000000002}.Release|x86.Build.0 = Release|Any CPU
		{C0EE0001-0001-0001-0001-000000000001}.Debug|Any CPU.ActiveCfg = Debug|Any CPU
		{C0EE0001-0001-0001-0001-000000000001}.Debug|Any CPU.Build.0 = Debug|Any CPU
		{C0EE0001-0001-0001-0001-000000000001}.Debug|x64.ActiveCfg = Debug|Any CPU
		{C0EE0001-0001-0001-0001-000000000001}.Debug|x64.Build.0 = Debug|Any CPU
		{C0EE0001-0001-0001-0001-000000000001}.Debug|x86.ActiveCfg = Debug|Any CPU
		{C0EE0001-0001-0001-0001-000000000001}.Debug|x86.Build.0 = Debug|Any CPU
		{C0EE0001-0001-0001-0001-000000000001}.Release|Any CPU.ActiveCfg = Release|Any CPU
		{C0EE0001-0001-0001-0001-000000000001}.Release|Any CPU.Build.0 = Release|Any CPU
		{C0EE0001-0001-0001-0001-000000000001}.Release|x64.ActiveCfg = Release|Any CPU
		{C0EE0001-0001-0001-0001-000000000001}.Release|x64.Build.0 = Release|Any CPU
		{C0EE0001-0001-0001-0001-000000000001}.Release|x86.ActiveCfg = Release|Any CPU
		{C0EE0001-0001-0001-0001-000000000001}.Release|x86.Build.0 = Release|Any CPU
		{FDABBF4B-1B5A-4A50-8404-220355552569}.Debug|Any CPU.ActiveCfg = Debug|Any CPU
		{FDABBF4B-1B5A-4A50-8404-220355552569}.Debug|Any CPU.Build.0 = Debug|Any CPU
		{FDABBF4B-1B5A-4A50-8404-220355552569}.Debug|x64.ActiveCfg = Debug|Any CPU
		{FDABBF4B-1B5A-4A50-8404-220355552569}.Debug|x64.Build.0 = Debug|Any CPU
		{FDABBF4B-1B5A-4A50-8404-220355552569}.Debug|x86.ActiveCfg = Debug|Any CPU
		{FDABBF4B-1B5A-4A50-8404-220355552569}.Debug|x86.Build.0 = Debug|Any CPU
		{FDABBF4B-1B5A-4A50-8404-220355552569}.Release|Any CPU.ActiveCfg = Release|Any CPU
		{FDABBF4B-1B5A-4A50-8404-220355552569}.Release|Any CPU.Build.0 = Release|Any CPU
		{FDABBF4B-1B5A-4A50-8404-220355552569}.Release|x64.ActiveCfg = Release|Any CPU
		{FDABBF4B-1B5A-4A50-8404-220355552569}.Release|x64.Build.0 = Release|Any CPU
		{FDABBF4B-1B5A-4A50-8404-220355552569}.Release|x86.ActiveCfg = Release|Any CPU
		{FDABBF4B-1B5A-4A50-8404-220355552569}.Release|x86.Build.0 = Release|Any CPU
		{B8EFCA5F-814F-285C-A8CB-F00F14650271}.Debug|Any CPU.ActiveCfg = Debug|Any CPU
		{B8EFCA5F-814F-285C-A8CB-F00F14650271}.Debug|Any CPU.Build.0 = Debug|Any CPU
		{B8EFCA5F-814F-285C-A8CB-F00F14650271}.Debug|x64.ActiveCfg = Debug|Any CPU
		{B8EFCA5F-814F-285C-A8CB-F00F14650271}.Debug|x64.Build.0 = Debug|Any CPU
		{B8EFCA5F-814F-285C-A8CB-F00F14650271}.Debug|x86.ActiveCfg = Debug|Any CPU
		{B8EFCA5F-814F-285C-A8CB-F00F14650271}.Debug|x86.Build.0 = Debug|Any CPU
		{B8EFCA5F-814F-285C-A8CB-F00F14650271}.Release|Any CPU.ActiveCfg = Release|Any CPU
		{B8EFCA5F-814F-285C-A8CB-F00F14650271}.Release|Any CPU.Build.0 = Release|Any CPU
		{B8EFCA5F-814F-285C-A8CB-F00F14650271}.Release|x64.ActiveCfg = Release|Any CPU
		{B8EFCA5F-814F-285C-A8CB-F00F14650271}.Release|x64.Build.0 = Release|Any CPU
		{B8EFCA5F-814F-285C-A8CB-F00F14650271}.Release|x86.ActiveCfg = Release|Any CPU
		{B8EFCA5F-814F-285C-A8CB-F00F14650271}.Release|x86.Build.0 = Release|Any CPU
		{B8EFCA5F-814F-285C-A8CB-F00F14650272}.Debug|Any CPU.ActiveCfg = Debug|Any CPU
		{B8EFCA5F-814F-285C-A8CB-F00F14650272}.Debug|Any CPU.Build.0 = Debug|Any CPU
		{B8EFCA5F-814F-285C-A8CB-F00F14650272}.Debug|x64.ActiveCfg = Debug|Any CPU
		{B8EFCA5F-814F-285C-A8CB-F00F14650272}.Debug|x64.Build.0 = Debug|Any CPU
		{B8EFCA5F-814F-285C-A8CB-F00F14650272}.Debug|x86.ActiveCfg = Debug|Any CPU
		{B8EFCA5F-814F-285C-A8CB-F00F14650272}.Debug|x86.Build.0 = Debug|Any CPU
		{B8EFCA5F-814F-285C-A8CB-F00F14650272}.Release|Any CPU.ActiveCfg = Release|Any CPU
		{B8EFCA5F-814F-285C-A8CB-F00F14650272}.Release|Any CPU.Build.0 = Release|Any CPU
		{B8EFCA5F-814F-285C-A8CB-F00F14650272}.Release|x64.ActiveCfg = Release|Any CPU
		{B8EFCA5F-814F-285C-A8CB-F00F14650272}.Release|x64.Build.0 = Release|Any CPU
		{B8EFCA5F-814F-285C-A8CB-F00F14650272}.Release|x86.ActiveCfg = Release|Any CPU
		{B8EFCA5F-814F-285C-A8CB-F00F14650272}.Release|x86.Build.0 = Release|Any CPU
		{B8EFCA5F-814F-285C-A8CB-F00F14650273}.Debug|Any CPU.ActiveCfg = Debug|Any CPU
		{B8EFCA5F-814F-285C-A8CB-F00F14650273}.Debug|Any CPU.Build.0 = Debug|Any CPU
		{B8EFCA5F-814F-285C-A8CB-F00F14650273}.Debug|x64.ActiveCfg = Debug|Any CPU
		{B8EFCA5F-814F-285C-A8CB-F00F14650273}.Debug|x64.Build.0 = Debug|Any CPU
		{B8EFCA5F-814F-285C-A8CB-F00F14650273}.Debug|x86.ActiveCfg = Debug|Any CPU
		{B8EFCA5F-814F-285C-A8CB-F00F14650273}.Debug|x86.Build.0 = Debug|Any CPU
		{B8EFCA5F-814F-285C-A8CB-F00F14650273}.Release|Any CPU.ActiveCfg = Release|Any CPU
		{B8EFCA5F-814F-285C-A8CB-F00F14650273}.Release|Any CPU.Build.0 = Release|Any CPU
		{B8EFCA5F-814F-285C-A8CB-F00F14650273}.Release|x64.ActiveCfg = Release|Any CPU
		{B8EFCA5F-814F-285C-A8CB-F00F14650273}.Release|x64.Build.0 = Release|Any CPU
		{B8EFCA5F-814F-285C-A8CB-F00F14650273}.Release|x86.ActiveCfg = Release|Any CPU
		{B8EFCA5F-814F-285C-A8CB-F00F14650273}.Release|x86.Build.0 = Release|Any CPU
		{B8EFCA5F-814F-285C-A8CB-F00F14650274}.Debug|Any CPU.ActiveCfg = Debug|Any CPU
		{B8EFCA5F-814F-285C-A8CB-F00F14650274}.Debug|Any CPU.Build.0 = Debug|Any CPU
		{B8EFCA5F-814F-285C-A8CB-F00F14650274}.Debug|x64.ActiveCfg = Debug|Any CPU
		{B8EFCA5F-814F-285C-A8CB-F00F14650274}.Debug|x64.Build.0 = Debug|Any CPU
		{B8EFCA5F-814F-285C-A8CB-F00F14650274}.Debug|x86.ActiveCfg = Debug|Any CPU
		{B8EFCA5F-814F-285C-A8CB-F00F14650274}.Debug|x86.Build.0 = Debug|Any CPU
		{B8EFCA5F-814F-285C-A8CB-F00F14650274}.Release|Any CPU.ActiveCfg = Release|Any CPU
		{B8EFCA5F-814F-285C-A8CB-F00F14650274}.Release|Any CPU.Build.0 = Release|Any CPU
		{B8EFCA5F-814F-285C-A8CB-F00F14650274}.Release|x64.ActiveCfg = Release|Any CPU
		{B8EFCA5F-814F-285C-A8CB-F00F14650274}.Release|x64.Build.0 = Release|Any CPU
		{B8EFCA5F-814F-285C-A8CB-F00F14650274}.Release|x86.ActiveCfg = Release|Any CPU
		{B8EFCA5F-814F-285C-A8CB-F00F14650274}.Release|x86.Build.0 = Release|Any CPU
		{B8EFCA5F-814F-285C-A8CB-F00F14650275}.Debug|Any CPU.ActiveCfg = Debug|Any CPU
		{B8EFCA5F-814F-285C-A8CB-F00F14650275}.Debug|Any CPU.Build.0 = Debug|Any CPU
		{B8EFCA5F-814F-285C-A8CB-F00F14650275}.Debug|x64.ActiveCfg = Debug|Any CPU
		{B8EFCA5F-814F-285C-A8CB-F00F14650275}.Debug|x64.Build.0 = Debug|Any CPU
		{B8EFCA5F-814F-285C-A8CB-F00F14650275}.Debug|x86.ActiveCfg = Debug|Any CPU
		{B8EFCA5F-814F-285C-A8CB-F00F14650275}.Debug|x86.Build.0 = Debug|Any CPU
		{B8EFCA5F-814F-285C-A8CB-F00F14650275}.Release|Any CPU.ActiveCfg = Release|Any CPU
		{B8EFCA5F-814F-285C-A8CB-F00F14650275}.Release|Any CPU.Build.0 = Release|Any CPU
		{B8EFCA5F-814F-285C-A8CB-F00F14650275}.Release|x64.ActiveCfg = Release|Any CPU
		{B8EFCA5F-814F-285C-A8CB-F00F14650275}.Release|x64.Build.0 = Release|Any CPU
		{B8EFCA5F-814F-285C-A8CB-F00F14650275}.Release|x86.ActiveCfg = Release|Any CPU
		{B8EFCA5F-814F-285C-A8CB-F00F14650275}.Release|x86.Build.0 = Release|Any CPU
		{B8EFCA5F-814F-285C-A8CB-F00F14650276}.Debug|Any CPU.ActiveCfg = Debug|Any CPU
		{B8EFCA5F-814F-285C-A8CB-F00F14650276}.Debug|Any CPU.Build.0 = Debug|Any CPU
		{B8EFCA5F-814F-285C-A8CB-F00F14650276}.Debug|x64.ActiveCfg = Debug|Any CPU
		{B8EFCA5F-814F-285C-A8CB-F00F14650276}.Debug|x64.Build.0 = Debug|Any CPU
		{B8EFCA5F-814F-285C-A8CB-F00F14650276}.Debug|x86.ActiveCfg = Debug|Any CPU
		{B8EFCA5F-814F-285C-A8CB-F00F14650276}.Debug|x86.Build.0 = Debug|Any CPU
		{B8EFCA5F-814F-285C-A8CB-F00F14650276}.Release|Any CPU.ActiveCfg = Release|Any CPU
		{B8EFCA5F-814F-285C-A8CB-F00F14650276}.Release|Any CPU.Build.0 = Release|Any CPU
		{B8EFCA5F-814F-285C-A8CB-F00F14650276}.Release|x64.ActiveCfg = Release|Any CPU
		{B8EFCA5F-814F-285C-A8CB-F00F14650276}.Release|x64.Build.0 = Release|Any CPU
		{B8EFCA5F-814F-285C-A8CB-F00F14650276}.Release|x86.ActiveCfg = Release|Any CPU
		{B8EFCA5F-814F-285C-A8CB-F00F14650276}.Release|x86.Build.0 = Release|Any CPU
		{B8EFCA5F-814F-285C-A8CB-F00F14650277}.Debug|Any CPU.ActiveCfg = Debug|Any CPU
		{B8EFCA5F-814F-285C-A8CB-F00F14650277}.Debug|Any CPU.Build.0 = Debug|Any CPU
		{B8EFCA5F-814F-285C-A8CB-F00F14650277}.Debug|x64.ActiveCfg = Debug|Any CPU
		{B8EFCA5F-814F-285C-A8CB-F00F14650277}.Debug|x64.Build.0 = Debug|Any CPU
		{B8EFCA5F-814F-285C-A8CB-F00F14650277}.Debug|x86.ActiveCfg = Debug|Any CPU
		{B8EFCA5F-814F-285C-A8CB-F00F14650277}.Debug|x86.Build.0 = Debug|Any CPU
		{B8EFCA5F-814F-285C-A8CB-F00F14650277}.Release|Any CPU.ActiveCfg = Release|Any CPU
		{B8EFCA5F-814F-285C-A8CB-F00F14650277}.Release|Any CPU.Build.0 = Release|Any CPU
		{B8EFCA5F-814F-285C-A8CB-F00F14650277}.Release|x64.ActiveCfg = Release|Any CPU
		{B8EFCA5F-814F-285C-A8CB-F00F14650277}.Release|x64.Build.0 = Release|Any CPU
		{B8EFCA5F-814F-285C-A8CB-F00F14650277}.Release|x86.ActiveCfg = Release|Any CPU
		{B8EFCA5F-814F-285C-A8CB-F00F14650277}.Release|x86.Build.0 = Release|Any CPU
		{B8EFCA5F-814F-285C-A8CB-F00F14650278}.Debug|Any CPU.ActiveCfg = Debug|Any CPU
		{B8EFCA5F-814F-285C-A8CB-F00F14650278}.Debug|Any CPU.Build.0 = Debug|Any CPU
		{B8EFCA5F-814F-285C-A8CB-F00F14650278}.Debug|x64.ActiveCfg = Debug|Any CPU
		{B8EFCA5F-814F-285C-A8CB-F00F14650278}.Debug|x64.Build.0 = Debug|Any CPU
		{B8EFCA5F-814F-285C-A8CB-F00F14650278}.Debug|x86.ActiveCfg = Debug|Any CPU
		{B8EFCA5F-814F-285C-A8CB-F00F14650278}.Debug|x86.Build.0 = Debug|Any CPU
		{B8EFCA5F-814F-285C-A8CB-F00F14650278}.Release|Any CPU.ActiveCfg = Release|Any CPU
		{B8EFCA5F-814F-285C-A8CB-F00F14650278}.Release|Any CPU.Build.0 = Release|Any CPU
		{B8EFCA5F-814F-285C-A8CB-F00F14650278}.Release|x64.ActiveCfg = Release|Any CPU
		{B8EFCA5F-814F-285C-A8CB-F00F14650278}.Release|x64.Build.0 = Release|Any CPU
		{B8EFCA5F-814F-285C-A8CB-F00F14650278}.Release|x86.ActiveCfg = Release|Any CPU
		{B8EFCA5F-814F-285C-A8CB-F00F14650278}.Release|x86.Build.0 = Release|Any CPU
		{B8EFCA5F-814F-285C-A8CB-F00F14650279}.Debug|Any CPU.ActiveCfg = Debug|Any CPU
		{B8EFCA5F-814F-285C-A8CB-F00F14650279}.Debug|Any CPU.Build.0 = Debug|Any CPU
		{B8EFCA5F-814F-285C-A8CB-F00F14650279}.Debug|x64.ActiveCfg = Debug|Any CPU
		{B8EFCA5F-814F-285C-A8CB-F00F14650279}.Debug|x64.Build.0 = Debug|Any CPU
		{B8EFCA5F-814F-285C-A8CB-F00F14650279}.Debug|x86.ActiveCfg = Debug|Any CPU
		{B8EFCA5F-814F-285C-A8CB-F00F14650279}.Debug|x86.Build.0 = Debug|Any CPU
		{B8EFCA5F-814F-285C-A8CB-F00F14650279}.Release|Any CPU.ActiveCfg = Release|Any CPU
		{B8EFCA5F-814F-285C-A8CB-F00F14650279}.Release|Any CPU.Build.0 = Release|Any CPU
		{B8EFCA5F-814F-285C-A8CB-F00F14650279}.Release|x64.ActiveCfg = Release|Any CPU
		{B8EFCA5F-814F-285C-A8CB-F00F14650279}.Release|x64.Build.0 = Release|Any CPU
		{B8EFCA5F-814F-285C-A8CB-F00F14650279}.Release|x86.ActiveCfg = Release|Any CPU
		{B8EFCA5F-814F-285C-A8CB-F00F14650279}.Release|x86.Build.0 = Release|Any CPU
		{AEA4A18B-FEE1-4FC6-BB7E-2394BB65FED5}.Debug|Any CPU.ActiveCfg = Debug|Any CPU
		{AEA4A18B-FEE1-4FC6-BB7E-2394BB65FED5}.Debug|Any CPU.Build.0 = Debug|Any CPU
		{AEA4A18B-FEE1-4FC6-BB7E-2394BB65FED5}.Debug|x64.ActiveCfg = Debug|Any CPU
		{AEA4A18B-FEE1-4FC6-BB7E-2394BB65FED5}.Debug|x64.Build.0 = Debug|Any CPU
		{AEA4A18B-FEE1-4FC6-BB7E-2394BB65FED5}.Debug|x86.ActiveCfg = Debug|Any CPU
		{AEA4A18B-FEE1-4FC6-BB7E-2394BB65FED5}.Debug|x86.Build.0 = Debug|Any CPU
		{AEA4A18B-FEE1-4FC6-BB7E-2394BB65FED5}.Release|Any CPU.ActiveCfg = Release|Any CPU
		{AEA4A18B-FEE1-4FC6-BB7E-2394BB65FED5}.Release|Any CPU.Build.0 = Release|Any CPU
		{AEA4A18B-FEE1-4FC6-BB7E-2394BB65FED5}.Release|x64.ActiveCfg = Release|Any CPU
		{AEA4A18B-FEE1-4FC6-BB7E-2394BB65FED5}.Release|x64.Build.0 = Release|Any CPU
		{AEA4A18B-FEE1-4FC6-BB7E-2394BB65FED5}.Release|x86.ActiveCfg = Release|Any CPU
		{AEA4A18B-FEE1-4FC6-BB7E-2394BB65FED5}.Release|x86.Build.0 = Release|Any CPU
	EndGlobalSection
	GlobalSection(SolutionProperties) = preSolution
		HideSolutionNode = FALSE
	EndGlobalSection
	GlobalSection(NestedProjects) = preSolution
		{A81B7D94-0155-67C9-365B-A79B854B2753} = {B8EFCA5F-814F-285C-A8CB-F00F14650265}
		{B8EFCA5F-814F-285C-A8CB-F00F14650266} = {B8EFCA5F-814F-285C-A8CB-F00F14650265}
		{B8EFCA5F-814F-285C-A8CB-F00F14650267} = {B8EFCA5F-814F-285C-A8CB-F00F14650265}
		{B8EFCA5F-814F-285C-A8CB-F00F14650268} = {B8EFCA5F-814F-285C-A8CB-F00F14650265}
		{A81B7D94-0155-67C9-365B-A79B854B2754} = {A81B7D94-0155-67C9-365B-A79B854B2753}
		{810CBE58-77B2-4B7B-8461-2A4F7AABAFAA} = {A81B7D94-0155-67C9-365B-A79B854B2753}
		{9D480185-F7A1-4DDB-B3F4-366D48CA0B1D} = {A81B7D94-0155-67C9-365B-A79B854B2753}
		{6C1F3802-1E66-459E-BD0B-E8ABAA5674E8} = {A81B7D94-0155-67C9-365B-A79B854B2753}
		{99E6200C-FECE-4B77-849D-DECB1F592203} = {A81B7D94-0155-67C9-365B-A79B854B2753}
		{A81B7D94-0155-67C9-365B-A79B854B2755} = {A81B7D94-0155-67C9-365B-A79B854B2753}
		{A81B7D94-0155-67C9-365B-A79B854B2756} = {A81B7D94-0155-67C9-365B-A79B854B2753}
		{E08A76CB-3E7E-4806-BC0A-B1753A5128F0} = {A81B7D94-0155-67C9-365B-A79B854B2753}
		{A1B2C3D4-E5F6-7890-1234-567890ABCDEF} = {A81B7D94-0155-67C9-365B-A79B854B2753}
		{FDC5C379-6DE3-4018-B92A-3EA4BECA1A8C} = {A81B7D94-0155-67C9-365B-A79B854B2753}
		{DB9107A7-F79D-43E1-A307-591031E8B776} = {A81B7D94-0155-67C9-365B-A79B854B2753}
		{CCA5CC3C-4A41-484C-A739-972E27BD87AD} = {A81B7D94-0155-67C9-365B-A79B854B2753}
		{8C5B14F3-4B49-4A77-842E-3C7F5E7F5021} = {B8EFCA5F-814F-285C-A8CB-F00F14650265}
		{73C9119D-8054-4FF5-B9F6-7FFD336FAC77} = {B8EFCA5F-814F-285C-A8CB-F00F14650265}
		{AE464D32-9CF9-4DFD-A34A-2E3181A0FF43} = {B8EFCA5F-814F-285C-A8CB-F00F14650266}
		{B8B1E1DE-6FEB-419E-96DA-03E8CE8E9B49} = {B8EFCA5F-814F-285C-A8CB-F00F14650266}
		{BEF00412-1FEF-4072-9CDE-51C016C4C80F} = {B8EFCA5F-814F-285C-A8CB-F00F14650266}
		{C0EE0002-0002-0002-0002-000000000002} = {B8EFCA5F-814F-285C-A8CB-F00F14650266}
		{C0EE0001-0001-0001-0001-000000000001} = {B8EFCA5F-814F-285C-A8CB-F00F14650266}
		{FDABBF4B-1B5A-4A50-8404-220355552569} = {B8EFCA5F-814F-285C-A8CB-F00F14650266}
		{B8EFCA5F-814F-285C-A8CB-F00F14650271} = {B8EFCA5F-814F-285C-A8CB-F00F14650266}
		{B8EFCA5F-814F-285C-A8CB-F00F14650272} = {B8EFCA5F-814F-285C-A8CB-F00F14650266}
		{B8EFCA5F-814F-285C-A8CB-F00F14650273} = {B8EFCA5F-814F-285C-A8CB-F00F14650266}
		{B8EFCA5F-814F-285C-A8CB-F00F14650274} = {B8EFCA5F-814F-285C-A8CB-F00F14650266}
		{B8EFCA5F-814F-285C-A8CB-F00F14650275} = {B8EFCA5F-814F-285C-A8CB-F00F14650267}
		{B8EFCA5F-814F-285C-A8CB-F00F14650276} = {B8EFCA5F-814F-285C-A8CB-F00F14650267}
		{B8EFCA5F-814F-285C-A8CB-F00F14650277} = {B8EFCA5F-814F-285C-A8CB-F00F14650267}
		{B8EFCA5F-814F-285C-A8CB-F00F14650278} = {B8EFCA5F-814F-285C-A8CB-F00F14650267}
		{B8EFCA5F-814F-285C-A8CB-F00F14650279} = {B8EFCA5F-814F-285C-A8CB-F00F14650268}
		{AEA4A18B-FEE1-4FC6-BB7E-2394BB65FED5} = {823D4020-332D-2C13-F261-6F510F11A57E}
	EndGlobalSection
	GlobalSection(ExtensibilityGlobals) = postSolution
		SolutionGuid = {A81B7D94-0155-67C9-365B-A79B854B2753}
	EndGlobalSection
EndGlobal
