
Microsoft Visual Studio Solution File, Format Version 12.00
# Visual Studio Version 17
VisualStudioVersion = 17.0.31903.59
MinimumVisualStudioVersion = 10.0.40219.1
Project("{2150E333-8FDC-42A3-9474-1A3956D46DE8}") = "Source", "Source", "{216800F4-7820-46A5-A3AD-4FCE82927B8D}"
EndProject
Project("{2150E333-8FDC-42A3-9474-1A3956D46DE8}") = "Clients", "Clients", "{F1A70D86-CE4A-443C-B4F9-EEFBC3E896F3}"
EndProject
Project("{FAE04EC0-301F-11D3-BF4B-00C04F79EFBC}") = "DotNET", "Source\Clients\DotNET\DotNET.csproj", "{67DB4E6C-3A64-47AC-B6C6-EED15CCEED3A}"
EndProject
Project("{FAE04EC0-301F-11D3-BF4B-00C04F79EFBC}") = "AspNetCore", "Source\Clients\AspNetCore\AspNetCore.csproj", "{88430E7C-A817-4CDE-8450-E614F42A9923}"
EndProject
Project("{FAE04EC0-301F-11D3-BF4B-00C04F79EFBC}") = "Specifications", "Source\Clients\Specifications\Specifications.csproj", "{C805F01B-9EBB-4B5B-99CA-7CF2A4541C14}"
EndProject
Project("{2150E333-8FDC-42A3-9474-1A3956D46DE8}") = "Kernel", "Kernel", "{7AD8BE82-9E08-46FB-ADCB-7D788BAFD76D}"
EndProject
Project("{FAE04EC0-301F-11D3-BF4B-00C04F79EFBC}") = "Common", "Source\Kernel\Common\Common.csproj", "{14C7C2C6-894E-4BA3-A0B3-AFB5284E87A2}"
EndProject
Project("{FAE04EC0-301F-11D3-BF4B-00C04F79EFBC}") = "Projections", "Source\Kernel\Projections\Projections.csproj", "{0DEE1B78-92D5-47BC-A919-29A59ADB3F2A}"
EndProject
Project("{FAE04EC0-301F-11D3-BF4B-00C04F79EFBC}") = "Grains", "Source\Kernel\Grains\Grains.csproj", "{B2248238-4234-406E-84B3-CB1199A75D0F}"
EndProject
Project("{FAE04EC0-301F-11D3-BF4B-00C04F79EFBC}") = "Grains.Interfaces", "Source\Kernel\Grains.Interfaces\Grains.Interfaces.csproj", "{6CF4E8F5-0676-4AB0-AD11-0959D58808EC}"
EndProject
Project("{FAE04EC0-301F-11D3-BF4B-00C04F79EFBC}") = "Storage.MongoDB", "Source\Kernel\Storage.MongoDB\Storage.MongoDB.csproj", "{CE28CE1B-5042-4926-A411-7B33D21F0BB9}"
EndProject
Project("{FAE04EC0-301F-11D3-BF4B-00C04F79EFBC}") = "Orleans", "Source\Kernel\Orleans\Orleans.csproj", "{6880135B-1294-4772-9F71-AB9D2901737B}"
EndProject
Project("{FAE04EC0-301F-11D3-BF4B-00C04F79EFBC}") = "Server", "Source\Kernel\Server\Server.csproj", "{C91FB1BA-9018-4927-AE3C-EA6031947356}"
EndProject
Project("{FAE04EC0-301F-11D3-BF4B-00C04F79EFBC}") = "Shared", "Source\Kernel\Shared\Shared.csproj", "{0B505754-3854-413C-9CA0-BD071F939F14}"
EndProject
Project("{2150E333-8FDC-42A3-9474-1A3956D46DE8}") = "Clients", "Clients", "{E869A3EF-3FB6-4602-BC29-4EFC6678EBC4}"
EndProject
Project("{FAE04EC0-301F-11D3-BF4B-00C04F79EFBC}") = "DotNET", "Specifications\Clients\DotNET\DotNET.csproj", "{F69E1020-5FB2-4AD0-A7E0-C0E2FE7307D4}"
EndProject
Project("{FAE04EC0-301F-11D3-BF4B-00C04F79EFBC}") = "Common", "Specifications\Common\Common.csproj", "{644CD37D-84BA-471A-9BD0-17503CC9B802}"
EndProject
Project("{2150E333-8FDC-42A3-9474-1A3956D46DE8}") = "Extensions", "Extensions", "{B0CC511C-E9E1-4D26-AA59-B1ED3AE95498}"
EndProject
Project("{FAE04EC0-301F-11D3-BF4B-00C04F79EFBC}") = "Specifications.Specs", "Specifications\Clients\Specifications\Specifications.csproj", "{E5191E5A-73E2-4AB9-A863-09422A9B0C8E}"
EndProject
Project("{2150E333-8FDC-42A3-9474-1A3956D46DE8}") = "Kernel", "Kernel", "{57F044DE-7383-42BB-A079-3F12DABCBA9C}"
EndProject
Project("{FAE04EC0-301F-11D3-BF4B-00C04F79EFBC}") = "Projections", "Specifications\Kernel\Projections\Projections.csproj", "{C86797FA-4518-4479-A506-9955367A8AD8}"
EndProject
Project("{FAE04EC0-301F-11D3-BF4B-00C04F79EFBC}") = "Grains", "Specifications\Kernel\Grains\Grains.csproj", "{85B03B72-1B65-4F3F-AF36-843667B2E6DF}"
EndProject
Project("{FAE04EC0-301F-11D3-BF4B-00C04F79EFBC}") = "Orleans", "Specifications\Kernel\Orleans\Orleans.csproj", "{BA0D143A-8DCA-4FB8-BE12-13A5E6C680E2}"
EndProject
Project("{FAE04EC0-301F-11D3-BF4B-00C04F79EFBC}") = "Shared", "Specifications\Kernel\Shared\Shared.csproj", "{E73FAA76-51D9-4193-9A61-1624D16D258A}"
EndProject
Project("{FAE04EC0-301F-11D3-BF4B-00C04F79EFBC}") = "AspNetCore", "Specifications\Clients\AspNetCore\AspNetCore.csproj", "{F760F08E-D943-4361-9ECB-E62D2EAC76C2}"
EndProject
Project("{FAE04EC0-301F-11D3-BF4B-00C04F79EFBC}") = "Infrastructure", "Specifications\Infrastructure\Infrastructure.csproj", "{7A418228-D4B6-49BF-AD26-7FA2FE82A578}"
EndProject
Project("{FAE04EC0-301F-11D3-BF4B-00C04F79EFBC}") = "Storage.MongoDB", "Specifications\Kernel\Storage.MongoDB\Storage.MongoDB.csproj", "{663BAF26-8EA4-4D4D-9782-A96CF52D8491}"
EndProject
Project("{FAE04EC0-301F-11D3-BF4B-00C04F79EFBC}") = "Infrastructure", "Source\Infrastructure\Infrastructure.csproj", "{180308E8-D5D4-4B5F-8558-FAA1B4246F70}"
EndProject
Project("{FAE04EC0-301F-11D3-BF4B-00C04F79EFBC}") = "Benchmarks", "Benchmarks\Benchmarks.csproj", "{C922D61D-3CFF-470E-8845-4EBC974257A5}"
EndProject
Project("{FAE04EC0-301F-11D3-BF4B-00C04F79EFBC}") = "Contracts", "Source\Kernel\Contracts\Contracts.csproj", "{00276604-9641-47E3-B500-CA42271608B7}"
EndProject
Project("{FAE04EC0-301F-11D3-BF4B-00C04F79EFBC}") = "Services", "Source\Kernel\Services\Services.csproj", "{46F29420-EDCB-495D-A3F3-9CECBE7A614D}"
EndProject
Project("{FAE04EC0-301F-11D3-BF4B-00C04F79EFBC}") = "Grains.Interfaces", "Specifications\Kernel\Grains.Interfaces\Grains.Interfaces.csproj", "{9D12ECE0-763A-4743-98D5-561A348ADFD3}"
EndProject
Project("{FAE04EC0-301F-11D3-BF4B-00C04F79EFBC}") = "Storage", "Source\Kernel\Storage\Storage.csproj", "{540799D7-A383-4DCD-B7F4-96FD4056D7A1}"
EndProject
Project("{2150E333-8FDC-42A3-9474-1A3956D46DE8}") = "Integration", "Integration", "{25011E0A-4967-4A8E-BCC7-48FE8F8453C4}"
EndProject
Project("{FAE04EC0-301F-11D3-BF4B-00C04F79EFBC}") = "Kernel", "Specifications\Integration\Kernel\Kernel.csproj", "{1C757327-F744-41EB-8489-D8C34FB4B1AE}"
EndProject
Project("{FAE04EC0-301F-11D3-BF4B-00C04F79EFBC}") = "Roslyn.Extensions", "Source\Tools\Roslyn.Extensions\Roslyn.Extensions.csproj", "{4B9A23BE-CE65-4A84-8BC7-819B359DF779}"
EndProject
Project("{FAE04EC0-301F-11D3-BF4B-00C04F79EFBC}") = "Compliance", "Source\Kernel\Compliance\Compliance.csproj", "{55FC426B-B94E-45BB-B129-B8B041986001}"
EndProject
Project("{FAE04EC0-301F-11D3-BF4B-00C04F79EFBC}") = "Projections", "Specifications\Kernel\Projections\Projections.csproj", "{EB05ADEF-418B-4813-AE17-A6CAD303AE1E}"
EndProject
Project("{FAE04EC0-301F-11D3-BF4B-00C04F79EFBC}") = "Storage", "Specifications\Kernel\Storage\Storage.csproj", "{1BD95388-6A0C-49CC-88D9-6F9893D49632}"
EndProject
Project("{FAE04EC0-301F-11D3-BF4B-00C04F79EFBC}") = "Compliance", "Specifications\Kernel\Compliance\Compliance.csproj", "{664DAFCE-FA72-4954-8EE5-BB8EB62F5BD1}"
EndProject
Project("{FAE04EC0-301F-11D3-BF4B-00C04F79EFBC}") = "API", "Source\API\API.csproj", "{BEFF54CD-CF84-40E8-9A52-BA084BE628A3}"
EndProject
Project("{FAE04EC0-301F-11D3-BF4B-00C04F79EFBC}") = "MongoDB", "Source\MongoDB\MongoDB.csproj", "{7078A4A3-E6AD-411F-8E0F-9DAD1405C43B}"
EndProject
Project("{2150E333-8FDC-42A3-9474-1A3956D46DE8}") = "Samples", "Samples", "{58E6DB1C-699A-4D7C-93B5-4551D705B789}"
EndProject
Project("{FAE04EC0-301F-11D3-BF4B-00C04F79EFBC}") = "Basic", "Samples\Basic\Basic.csproj", "{EEA1DF35-11A0-4726-8649-055CFEF74107}"
EndProject
Project("{2150E333-8FDC-42A3-9474-1A3956D46DE8}") = "Tools", "Tools", "{FC685917-615A-4563-913C-F5956515E5F3}"
EndProject
Project("{FAE04EC0-301F-11D3-BF4B-00C04F79EFBC}") = "ProxyGenerator", "Source\Tools\ProxyGenerator\ProxyGenerator.csproj", "{2E77FB36-E842-4D49-98BE-B0CE94765AD0}"
EndProject
Global
	GlobalSection(SolutionConfigurationPlatforms) = preSolution
		Debug|Any CPU = Debug|Any CPU
		Release|Any CPU = Release|Any CPU
	EndGlobalSection
	GlobalSection(SolutionProperties) = preSolution
		HideSolutionNode = FALSE
	EndGlobalSection
	GlobalSection(ProjectConfigurationPlatforms) = postSolution
		{67DB4E6C-3A64-47AC-B6C6-EED15CCEED3A}.Debug|Any CPU.ActiveCfg = Debug|Any CPU
		{67DB4E6C-3A64-47AC-B6C6-EED15CCEED3A}.Debug|Any CPU.Build.0 = Debug|Any CPU
		{67DB4E6C-3A64-47AC-B6C6-EED15CCEED3A}.Release|Any CPU.ActiveCfg = Release|Any CPU
		{67DB4E6C-3A64-47AC-B6C6-EED15CCEED3A}.Release|Any CPU.Build.0 = Release|Any CPU
		{88430E7C-A817-4CDE-8450-E614F42A9923}.Debug|Any CPU.ActiveCfg = Debug|Any CPU
		{88430E7C-A817-4CDE-8450-E614F42A9923}.Debug|Any CPU.Build.0 = Debug|Any CPU
		{88430E7C-A817-4CDE-8450-E614F42A9923}.Release|Any CPU.ActiveCfg = Release|Any CPU
		{88430E7C-A817-4CDE-8450-E614F42A9923}.Release|Any CPU.Build.0 = Release|Any CPU
		{C805F01B-9EBB-4B5B-99CA-7CF2A4541C14}.Debug|Any CPU.ActiveCfg = Debug|Any CPU
		{C805F01B-9EBB-4B5B-99CA-7CF2A4541C14}.Debug|Any CPU.Build.0 = Debug|Any CPU
		{C805F01B-9EBB-4B5B-99CA-7CF2A4541C14}.Release|Any CPU.ActiveCfg = Release|Any CPU
		{C805F01B-9EBB-4B5B-99CA-7CF2A4541C14}.Release|Any CPU.Build.0 = Release|Any CPU
		{14C7C2C6-894E-4BA3-A0B3-AFB5284E87A2}.Debug|Any CPU.ActiveCfg = Debug|Any CPU
		{14C7C2C6-894E-4BA3-A0B3-AFB5284E87A2}.Debug|Any CPU.Build.0 = Debug|Any CPU
		{14C7C2C6-894E-4BA3-A0B3-AFB5284E87A2}.Release|Any CPU.ActiveCfg = Release|Any CPU
		{14C7C2C6-894E-4BA3-A0B3-AFB5284E87A2}.Release|Any CPU.Build.0 = Release|Any CPU
		{0DEE1B78-92D5-47BC-A919-29A59ADB3F2A}.Debug|Any CPU.ActiveCfg = Debug|Any CPU
		{0DEE1B78-92D5-47BC-A919-29A59ADB3F2A}.Debug|Any CPU.Build.0 = Debug|Any CPU
		{0DEE1B78-92D5-47BC-A919-29A59ADB3F2A}.Release|Any CPU.ActiveCfg = Release|Any CPU
		{0DEE1B78-92D5-47BC-A919-29A59ADB3F2A}.Release|Any CPU.Build.0 = Release|Any CPU
		{B2248238-4234-406E-84B3-CB1199A75D0F}.Debug|Any CPU.ActiveCfg = Debug|Any CPU
		{B2248238-4234-406E-84B3-CB1199A75D0F}.Debug|Any CPU.Build.0 = Debug|Any CPU
		{B2248238-4234-406E-84B3-CB1199A75D0F}.Release|Any CPU.ActiveCfg = Release|Any CPU
		{B2248238-4234-406E-84B3-CB1199A75D0F}.Release|Any CPU.Build.0 = Release|Any CPU
		{6CF4E8F5-0676-4AB0-AD11-0959D58808EC}.Debug|Any CPU.ActiveCfg = Debug|Any CPU
		{6CF4E8F5-0676-4AB0-AD11-0959D58808EC}.Debug|Any CPU.Build.0 = Debug|Any CPU
		{6CF4E8F5-0676-4AB0-AD11-0959D58808EC}.Release|Any CPU.ActiveCfg = Release|Any CPU
		{6CF4E8F5-0676-4AB0-AD11-0959D58808EC}.Release|Any CPU.Build.0 = Release|Any CPU
		{CE28CE1B-5042-4926-A411-7B33D21F0BB9}.Debug|Any CPU.ActiveCfg = Debug|Any CPU
		{CE28CE1B-5042-4926-A411-7B33D21F0BB9}.Debug|Any CPU.Build.0 = Debug|Any CPU
		{CE28CE1B-5042-4926-A411-7B33D21F0BB9}.Release|Any CPU.ActiveCfg = Release|Any CPU
		{CE28CE1B-5042-4926-A411-7B33D21F0BB9}.Release|Any CPU.Build.0 = Release|Any CPU
		{6880135B-1294-4772-9F71-AB9D2901737B}.Debug|Any CPU.ActiveCfg = Debug|Any CPU
		{6880135B-1294-4772-9F71-AB9D2901737B}.Debug|Any CPU.Build.0 = Debug|Any CPU
		{6880135B-1294-4772-9F71-AB9D2901737B}.Release|Any CPU.ActiveCfg = Release|Any CPU
		{6880135B-1294-4772-9F71-AB9D2901737B}.Release|Any CPU.Build.0 = Release|Any CPU
		{C91FB1BA-9018-4927-AE3C-EA6031947356}.Debug|Any CPU.ActiveCfg = Debug|Any CPU
		{C91FB1BA-9018-4927-AE3C-EA6031947356}.Debug|Any CPU.Build.0 = Debug|Any CPU
		{C91FB1BA-9018-4927-AE3C-EA6031947356}.Release|Any CPU.ActiveCfg = Release|Any CPU
		{C91FB1BA-9018-4927-AE3C-EA6031947356}.Release|Any CPU.Build.0 = Release|Any CPU
		{0B505754-3854-413C-9CA0-BD071F939F14}.Debug|Any CPU.ActiveCfg = Debug|Any CPU
		{0B505754-3854-413C-9CA0-BD071F939F14}.Debug|Any CPU.Build.0 = Debug|Any CPU
		{0B505754-3854-413C-9CA0-BD071F939F14}.Release|Any CPU.ActiveCfg = Release|Any CPU
		{0B505754-3854-413C-9CA0-BD071F939F14}.Release|Any CPU.Build.0 = Release|Any CPU
		{F69E1020-5FB2-4AD0-A7E0-C0E2FE7307D4}.Debug|Any CPU.ActiveCfg = Debug|Any CPU
		{F69E1020-5FB2-4AD0-A7E0-C0E2FE7307D4}.Debug|Any CPU.Build.0 = Debug|Any CPU
		{F69E1020-5FB2-4AD0-A7E0-C0E2FE7307D4}.Release|Any CPU.ActiveCfg = Release|Any CPU
		{F69E1020-5FB2-4AD0-A7E0-C0E2FE7307D4}.Release|Any CPU.Build.0 = Release|Any CPU
		{644CD37D-84BA-471A-9BD0-17503CC9B802}.Debug|Any CPU.ActiveCfg = Debug|Any CPU
		{644CD37D-84BA-471A-9BD0-17503CC9B802}.Debug|Any CPU.Build.0 = Debug|Any CPU
		{644CD37D-84BA-471A-9BD0-17503CC9B802}.Release|Any CPU.ActiveCfg = Release|Any CPU
		{644CD37D-84BA-471A-9BD0-17503CC9B802}.Release|Any CPU.Build.0 = Release|Any CPU
		{E5191E5A-73E2-4AB9-A863-09422A9B0C8E}.Debug|Any CPU.ActiveCfg = Debug|Any CPU
		{E5191E5A-73E2-4AB9-A863-09422A9B0C8E}.Debug|Any CPU.Build.0 = Debug|Any CPU
		{E5191E5A-73E2-4AB9-A863-09422A9B0C8E}.Release|Any CPU.ActiveCfg = Release|Any CPU
		{E5191E5A-73E2-4AB9-A863-09422A9B0C8E}.Release|Any CPU.Build.0 = Release|Any CPU
		{C86797FA-4518-4479-A506-9955367A8AD8}.Debug|Any CPU.ActiveCfg = Debug|Any CPU
		{C86797FA-4518-4479-A506-9955367A8AD8}.Debug|Any CPU.Build.0 = Debug|Any CPU
		{C86797FA-4518-4479-A506-9955367A8AD8}.Release|Any CPU.ActiveCfg = Release|Any CPU
		{C86797FA-4518-4479-A506-9955367A8AD8}.Release|Any CPU.Build.0 = Release|Any CPU
		{85B03B72-1B65-4F3F-AF36-843667B2E6DF}.Debug|Any CPU.ActiveCfg = Debug|Any CPU
		{85B03B72-1B65-4F3F-AF36-843667B2E6DF}.Debug|Any CPU.Build.0 = Debug|Any CPU
		{85B03B72-1B65-4F3F-AF36-843667B2E6DF}.Release|Any CPU.ActiveCfg = Release|Any CPU
		{85B03B72-1B65-4F3F-AF36-843667B2E6DF}.Release|Any CPU.Build.0 = Release|Any CPU
		{BA0D143A-8DCA-4FB8-BE12-13A5E6C680E2}.Debug|Any CPU.ActiveCfg = Debug|Any CPU
		{BA0D143A-8DCA-4FB8-BE12-13A5E6C680E2}.Debug|Any CPU.Build.0 = Debug|Any CPU
		{BA0D143A-8DCA-4FB8-BE12-13A5E6C680E2}.Release|Any CPU.ActiveCfg = Release|Any CPU
		{BA0D143A-8DCA-4FB8-BE12-13A5E6C680E2}.Release|Any CPU.Build.0 = Release|Any CPU
		{E73FAA76-51D9-4193-9A61-1624D16D258A}.Debug|Any CPU.ActiveCfg = Debug|Any CPU
		{E73FAA76-51D9-4193-9A61-1624D16D258A}.Debug|Any CPU.Build.0 = Debug|Any CPU
		{E73FAA76-51D9-4193-9A61-1624D16D258A}.Release|Any CPU.ActiveCfg = Release|Any CPU
		{E73FAA76-51D9-4193-9A61-1624D16D258A}.Release|Any CPU.Build.0 = Release|Any CPU
		{F760F08E-D943-4361-9ECB-E62D2EAC76C2}.Debug|Any CPU.ActiveCfg = Debug|Any CPU
		{F760F08E-D943-4361-9ECB-E62D2EAC76C2}.Debug|Any CPU.Build.0 = Debug|Any CPU
		{F760F08E-D943-4361-9ECB-E62D2EAC76C2}.Release|Any CPU.ActiveCfg = Release|Any CPU
		{F760F08E-D943-4361-9ECB-E62D2EAC76C2}.Release|Any CPU.Build.0 = Release|Any CPU
		{7A418228-D4B6-49BF-AD26-7FA2FE82A578}.Debug|Any CPU.ActiveCfg = Debug|Any CPU
		{7A418228-D4B6-49BF-AD26-7FA2FE82A578}.Debug|Any CPU.Build.0 = Debug|Any CPU
		{7A418228-D4B6-49BF-AD26-7FA2FE82A578}.Release|Any CPU.ActiveCfg = Release|Any CPU
		{7A418228-D4B6-49BF-AD26-7FA2FE82A578}.Release|Any CPU.Build.0 = Release|Any CPU
		{663BAF26-8EA4-4D4D-9782-A96CF52D8491}.Debug|Any CPU.ActiveCfg = Debug|Any CPU
		{663BAF26-8EA4-4D4D-9782-A96CF52D8491}.Debug|Any CPU.Build.0 = Debug|Any CPU
		{663BAF26-8EA4-4D4D-9782-A96CF52D8491}.Release|Any CPU.ActiveCfg = Release|Any CPU
		{663BAF26-8EA4-4D4D-9782-A96CF52D8491}.Release|Any CPU.Build.0 = Release|Any CPU
		{180308E8-D5D4-4B5F-8558-FAA1B4246F70}.Debug|Any CPU.ActiveCfg = Debug|Any CPU
		{180308E8-D5D4-4B5F-8558-FAA1B4246F70}.Debug|Any CPU.Build.0 = Debug|Any CPU
		{180308E8-D5D4-4B5F-8558-FAA1B4246F70}.Release|Any CPU.ActiveCfg = Release|Any CPU
		{180308E8-D5D4-4B5F-8558-FAA1B4246F70}.Release|Any CPU.Build.0 = Release|Any CPU
		{C922D61D-3CFF-470E-8845-4EBC974257A5}.Debug|Any CPU.ActiveCfg = Debug|Any CPU
		{C922D61D-3CFF-470E-8845-4EBC974257A5}.Debug|Any CPU.Build.0 = Debug|Any CPU
		{C922D61D-3CFF-470E-8845-4EBC974257A5}.Release|Any CPU.ActiveCfg = Release|Any CPU
		{C922D61D-3CFF-470E-8845-4EBC974257A5}.Release|Any CPU.Build.0 = Release|Any CPU
		{00276604-9641-47E3-B500-CA42271608B7}.Debug|Any CPU.ActiveCfg = Debug|Any CPU
		{00276604-9641-47E3-B500-CA42271608B7}.Debug|Any CPU.Build.0 = Debug|Any CPU
		{00276604-9641-47E3-B500-CA42271608B7}.Release|Any CPU.ActiveCfg = Release|Any CPU
		{00276604-9641-47E3-B500-CA42271608B7}.Release|Any CPU.Build.0 = Release|Any CPU
		{46F29420-EDCB-495D-A3F3-9CECBE7A614D}.Debug|Any CPU.ActiveCfg = Debug|Any CPU
		{46F29420-EDCB-495D-A3F3-9CECBE7A614D}.Debug|Any CPU.Build.0 = Debug|Any CPU
		{46F29420-EDCB-495D-A3F3-9CECBE7A614D}.Release|Any CPU.ActiveCfg = Release|Any CPU
		{46F29420-EDCB-495D-A3F3-9CECBE7A614D}.Release|Any CPU.Build.0 = Release|Any CPU
		{9D12ECE0-763A-4743-98D5-561A348ADFD3}.Debug|Any CPU.ActiveCfg = Debug|Any CPU
		{9D12ECE0-763A-4743-98D5-561A348ADFD3}.Debug|Any CPU.Build.0 = Debug|Any CPU
		{9D12ECE0-763A-4743-98D5-561A348ADFD3}.Release|Any CPU.ActiveCfg = Release|Any CPU
		{9D12ECE0-763A-4743-98D5-561A348ADFD3}.Release|Any CPU.Build.0 = Release|Any CPU
		{540799D7-A383-4DCD-B7F4-96FD4056D7A1}.Debug|Any CPU.ActiveCfg = Debug|Any CPU
		{540799D7-A383-4DCD-B7F4-96FD4056D7A1}.Debug|Any CPU.Build.0 = Debug|Any CPU
		{540799D7-A383-4DCD-B7F4-96FD4056D7A1}.Release|Any CPU.ActiveCfg = Release|Any CPU
		{540799D7-A383-4DCD-B7F4-96FD4056D7A1}.Release|Any CPU.Build.0 = Release|Any CPU
		{1C757327-F744-41EB-8489-D8C34FB4B1AE}.Debug|Any CPU.ActiveCfg = Debug|Any CPU
		{1C757327-F744-41EB-8489-D8C34FB4B1AE}.Debug|Any CPU.Build.0 = Debug|Any CPU
		{1C757327-F744-41EB-8489-D8C34FB4B1AE}.Release|Any CPU.ActiveCfg = Release|Any CPU
		{1C757327-F744-41EB-8489-D8C34FB4B1AE}.Release|Any CPU.Build.0 = Release|Any CPU
		{4B9A23BE-CE65-4A84-8BC7-819B359DF779}.Debug|Any CPU.ActiveCfg = Debug|Any CPU
		{4B9A23BE-CE65-4A84-8BC7-819B359DF779}.Debug|Any CPU.Build.0 = Debug|Any CPU
		{4B9A23BE-CE65-4A84-8BC7-819B359DF779}.Release|Any CPU.ActiveCfg = Release|Any CPU
		{4B9A23BE-CE65-4A84-8BC7-819B359DF779}.Release|Any CPU.Build.0 = Release|Any CPU
		{55FC426B-B94E-45BB-B129-B8B041986001}.Debug|Any CPU.ActiveCfg = Debug|Any CPU
		{55FC426B-B94E-45BB-B129-B8B041986001}.Debug|Any CPU.Build.0 = Debug|Any CPU
		{55FC426B-B94E-45BB-B129-B8B041986001}.Release|Any CPU.ActiveCfg = Release|Any CPU
		{55FC426B-B94E-45BB-B129-B8B041986001}.Release|Any CPU.Build.0 = Release|Any CPU
		{EB05ADEF-418B-4813-AE17-A6CAD303AE1E}.Debug|Any CPU.ActiveCfg = Debug|Any CPU
		{EB05ADEF-418B-4813-AE17-A6CAD303AE1E}.Debug|Any CPU.Build.0 = Debug|Any CPU
		{EB05ADEF-418B-4813-AE17-A6CAD303AE1E}.Release|Any CPU.ActiveCfg = Release|Any CPU
		{EB05ADEF-418B-4813-AE17-A6CAD303AE1E}.Release|Any CPU.Build.0 = Release|Any CPU
		{1BD95388-6A0C-49CC-88D9-6F9893D49632}.Debug|Any CPU.ActiveCfg = Debug|Any CPU
		{1BD95388-6A0C-49CC-88D9-6F9893D49632}.Debug|Any CPU.Build.0 = Debug|Any CPU
		{1BD95388-6A0C-49CC-88D9-6F9893D49632}.Release|Any CPU.ActiveCfg = Release|Any CPU
		{1BD95388-6A0C-49CC-88D9-6F9893D49632}.Release|Any CPU.Build.0 = Release|Any CPU
		{664DAFCE-FA72-4954-8EE5-BB8EB62F5BD1}.Debug|Any CPU.ActiveCfg = Debug|Any CPU
		{664DAFCE-FA72-4954-8EE5-BB8EB62F5BD1}.Debug|Any CPU.Build.0 = Debug|Any CPU
		{664DAFCE-FA72-4954-8EE5-BB8EB62F5BD1}.Release|Any CPU.ActiveCfg = Release|Any CPU
		{664DAFCE-FA72-4954-8EE5-BB8EB62F5BD1}.Release|Any CPU.Build.0 = Release|Any CPU
		{BEFF54CD-CF84-40E8-9A52-BA084BE628A3}.Debug|Any CPU.ActiveCfg = Debug|Any CPU
		{BEFF54CD-CF84-40E8-9A52-BA084BE628A3}.Debug|Any CPU.Build.0 = Debug|Any CPU
		{BEFF54CD-CF84-40E8-9A52-BA084BE628A3}.Release|Any CPU.ActiveCfg = Release|Any CPU
		{BEFF54CD-CF84-40E8-9A52-BA084BE628A3}.Release|Any CPU.Build.0 = Release|Any CPU
		{7078A4A3-E6AD-411F-8E0F-9DAD1405C43B}.Debug|Any CPU.ActiveCfg = Debug|Any CPU
		{7078A4A3-E6AD-411F-8E0F-9DAD1405C43B}.Debug|Any CPU.Build.0 = Debug|Any CPU
		{7078A4A3-E6AD-411F-8E0F-9DAD1405C43B}.Release|Any CPU.ActiveCfg = Release|Any CPU
		{7078A4A3-E6AD-411F-8E0F-9DAD1405C43B}.Release|Any CPU.Build.0 = Release|Any CPU
		{EEA1DF35-11A0-4726-8649-055CFEF74107}.Debug|Any CPU.ActiveCfg = Debug|Any CPU
		{EEA1DF35-11A0-4726-8649-055CFEF74107}.Debug|Any CPU.Build.0 = Debug|Any CPU
		{EEA1DF35-11A0-4726-8649-055CFEF74107}.Release|Any CPU.ActiveCfg = Release|Any CPU
		{EEA1DF35-11A0-4726-8649-055CFEF74107}.Release|Any CPU.Build.0 = Release|Any CPU
		{2E77FB36-E842-4D49-98BE-B0CE94765AD0}.Debug|Any CPU.ActiveCfg = Debug|Any CPU
		{2E77FB36-E842-4D49-98BE-B0CE94765AD0}.Debug|Any CPU.Build.0 = Debug|Any CPU
		{2E77FB36-E842-4D49-98BE-B0CE94765AD0}.Release|Any CPU.ActiveCfg = Release|Any CPU
		{2E77FB36-E842-4D49-98BE-B0CE94765AD0}.Release|Any CPU.Build.0 = Release|Any CPU
	EndGlobalSection
	GlobalSection(NestedProjects) = preSolution
		{F1A70D86-CE4A-443C-B4F9-EEFBC3E896F3} = {216800F4-7820-46A5-A3AD-4FCE82927B8D}
		{67DB4E6C-3A64-47AC-B6C6-EED15CCEED3A} = {F1A70D86-CE4A-443C-B4F9-EEFBC3E896F3}
		{88430E7C-A817-4CDE-8450-E614F42A9923} = {F1A70D86-CE4A-443C-B4F9-EEFBC3E896F3}
		{7AD8BE82-9E08-46FB-ADCB-7D788BAFD76D} = {216800F4-7820-46A5-A3AD-4FCE82927B8D}
		{14C7C2C6-894E-4BA3-A0B3-AFB5284E87A2} = {7AD8BE82-9E08-46FB-ADCB-7D788BAFD76D}
		{0DEE1B78-92D5-47BC-A919-29A59ADB3F2A} = {7AD8BE82-9E08-46FB-ADCB-7D788BAFD76D}
		{B2248238-4234-406E-84B3-CB1199A75D0F} = {7AD8BE82-9E08-46FB-ADCB-7D788BAFD76D}
		{6CF4E8F5-0676-4AB0-AD11-0959D58808EC} = {7AD8BE82-9E08-46FB-ADCB-7D788BAFD76D}
		{CE28CE1B-5042-4926-A411-7B33D21F0BB9} = {7AD8BE82-9E08-46FB-ADCB-7D788BAFD76D}
		{6880135B-1294-4772-9F71-AB9D2901737B} = {7AD8BE82-9E08-46FB-ADCB-7D788BAFD76D}
		{C91FB1BA-9018-4927-AE3C-EA6031947356} = {7AD8BE82-9E08-46FB-ADCB-7D788BAFD76D}
		{0B505754-3854-413C-9CA0-BD071F939F14} = {7AD8BE82-9E08-46FB-ADCB-7D788BAFD76D}
		{F69E1020-5FB2-4AD0-A7E0-C0E2FE7307D4} = {E869A3EF-3FB6-4602-BC29-4EFC6678EBC4}
		{E5191E5A-73E2-4AB9-A863-09422A9B0C8E} = {B0CC511C-E9E1-4D26-AA59-B1ED3AE95498}
		{C86797FA-4518-4479-A506-9955367A8AD8} = {57F044DE-7383-42BB-A079-3F12DABCBA9C}
		{85B03B72-1B65-4F3F-AF36-843667B2E6DF} = {57F044DE-7383-42BB-A079-3F12DABCBA9C}
		{BA0D143A-8DCA-4FB8-BE12-13A5E6C680E2} = {57F044DE-7383-42BB-A079-3F12DABCBA9C}
		{E73FAA76-51D9-4193-9A61-1624D16D258A} = {57F044DE-7383-42BB-A079-3F12DABCBA9C}
		{180308E8-D5D4-4B5F-8558-FAA1B4246F70} = {216800F4-7820-46A5-A3AD-4FCE82927B8D}
		{00276604-9641-47E3-B500-CA42271608B7} = {7AD8BE82-9E08-46FB-ADCB-7D788BAFD76D}
		{46F29420-EDCB-495D-A3F3-9CECBE7A614D} = {7AD8BE82-9E08-46FB-ADCB-7D788BAFD76D}
		{540799D7-A383-4DCD-B7F4-96FD4056D7A1} = {7AD8BE82-9E08-46FB-ADCB-7D788BAFD76D}
		{1C757327-F744-41EB-8489-D8C34FB4B1AE} = {25011E0A-4967-4A8E-BCC7-48FE8F8453C4}
		{4B9A23BE-CE65-4A84-8BC7-819B359DF779} = {216800F4-7820-46A5-A3AD-4FCE82927B8D}
		{55FC426B-B94E-45BB-B129-B8B041986001} = {7AD8BE82-9E08-46FB-ADCB-7D788BAFD76D}
		{BEFF54CD-CF84-40E8-9A52-BA084BE628A3} = {216800F4-7820-46A5-A3AD-4FCE82927B8D}
		{7078A4A3-E6AD-411F-8E0F-9DAD1405C43B} = {216800F4-7820-46A5-A3AD-4FCE82927B8D}
		{EEA1DF35-11A0-4726-8649-055CFEF74107} = {58E6DB1C-699A-4D7C-93B5-4551D705B789}
		{FC685917-615A-4563-913C-F5956515E5F3} = {216800F4-7820-46A5-A3AD-4FCE82927B8D}
		{2E77FB36-E842-4D49-98BE-B0CE94765AD0} = {FC685917-615A-4563-913C-F5956515E5F3}
	EndGlobalSection
EndGlobal
