
Microsoft Visual Studio Solution File, Format Version 12.00
# Visual Studio Version 17
VisualStudioVersion = 17.0.31903.59
MinimumVisualStudioVersion = 10.0.40219.1
Project("{FAE04EC0-301F-11D3-BF4B-00C04F79EFBC}") = "DotNET", "DotNET\DotNET.csproj", "{481B91B3-028E-4D50-A57F-2E49CF1E34C1}"
EndProject
Project("{FAE04EC0-301F-11D3-BF4B-00C04F79EFBC}") = "AspNetCore", "AspNetCore\AspNetCore.csproj", "{CEF3B78C-7386-4909-8CAC-7CCB296B7BAF}"
EndProject
Project("{FAE04EC0-301F-11D3-BF4B-00C04F79EFBC}") = "DotNET.InProcess", "DotNET.InProcess\DotNET.InProcess.csproj", "{C56E14FE-4DC3-4788-846B-E69D97ED2F4D}"
EndProject
Project("{FAE04EC0-301F-11D3-BF4B-00C04F79EFBC}") = "Testing", "Testing\Testing.csproj", "{1D97E5AE-D223-4288-BD3E-B1494D35B6B5}"
EndProject
Project("{FAE04EC0-301F-11D3-BF4B-00C04F79EFBC}") = "XUnit.Integration", "XUnit.Integration\XUnit.Integration.csproj", "{3F3F03CE-8B3E-4079-BFB6-0546693F71F9}"
EndProject
Project("{FAE04EC0-301F-11D3-BF4B-00C04F79EFBC}") = "Embedded", "..\Workbench\Embedded\Embedded.csproj", "{8D4FD872-375A-4D43-91A6-2C56BC29262C}"
EndProject
Project("{FAE04EC0-301F-11D3-BF4B-00C04F79EFBC}") = "Api", "Api\Api.csproj", "{795FD6B5-B742-4D5A-BE0A-B819853A675B}"
EndProject
Global
	GlobalSection(SolutionConfigurationPlatforms) = preSolution
		Debug|Any CPU = Debug|Any CPU
		Debug|x64 = Debug|x64
		Debug|x86 = Debug|x86
		Release|Any CPU = Release|Any CPU
		Release|x64 = Release|x64
		Release|x86 = Release|x86
	EndGlobalSection
	GlobalSection(ProjectConfigurationPlatforms) = postSolution
		{481B91B3-028E-4D50-A57F-2E49CF1E34C1}.Debug|Any CPU.ActiveCfg = Debug|Any CPU
		{481B91B3-028E-4D50-A57F-2E49CF1E34C1}.Debug|Any CPU.Build.0 = Debug|Any CPU
		{481B91B3-028E-4D50-A57F-2E49CF1E34C1}.Debug|x64.ActiveCfg = Debug|Any CPU
		{481B91B3-028E-4D50-A57F-2E49CF1E34C1}.Debug|x64.Build.0 = Debug|Any CPU
		{481B91B3-028E-4D50-A57F-2E49CF1E34C1}.Debug|x86.ActiveCfg = Debug|Any CPU
		{481B91B3-028E-4D50-A57F-2E49CF1E34C1}.Debug|x86.Build.0 = Debug|Any CPU
		{481B91B3-028E-4D50-A57F-2E49CF1E34C1}.Release|Any CPU.ActiveCfg = Release|Any CPU
		{481B91B3-028E-4D50-A57F-2E49CF1E34C1}.Release|Any CPU.Build.0 = Release|Any CPU
		{481B91B3-028E-4D50-A57F-2E49CF1E34C1}.Release|x64.ActiveCfg = Release|Any CPU
		{481B91B3-028E-4D50-A57F-2E49CF1E34C1}.Release|x64.Build.0 = Release|Any CPU
		{481B91B3-028E-4D50-A57F-2E49CF1E34C1}.Release|x86.ActiveCfg = Release|Any CPU
		{481B91B3-028E-4D50-A57F-2E49CF1E34C1}.Release|x86.Build.0 = Release|Any CPU
		{CEF3B78C-7386-4909-8CAC-7CCB296B7BAF}.Debug|Any CPU.ActiveCfg = Debug|Any CPU
		{CEF3B78C-7386-4909-8CAC-7CCB296B7BAF}.Debug|Any CPU.Build.0 = Debug|Any CPU
		{CEF3B78C-7386-4909-8CAC-7CCB296B7BAF}.Debug|x64.ActiveCfg = Debug|Any CPU
		{CEF3B78C-7386-4909-8CAC-7CCB296B7BAF}.Debug|x64.Build.0 = Debug|Any CPU
		{CEF3B78C-7386-4909-8CAC-7CCB296B7BAF}.Debug|x86.ActiveCfg = Debug|Any CPU
		{CEF3B78C-7386-4909-8CAC-7CCB296B7BAF}.Debug|x86.Build.0 = Debug|Any CPU
		{CEF3B78C-7386-4909-8CAC-7CCB296B7BAF}.Release|Any CPU.ActiveCfg = Release|Any CPU
		{CEF3B78C-7386-4909-8CAC-7CCB296B7BAF}.Release|Any CPU.Build.0 = Release|Any CPU
		{CEF3B78C-7386-4909-8CAC-7CCB296B7BAF}.Release|x64.ActiveCfg = Release|Any CPU
		{CEF3B78C-7386-4909-8CAC-7CCB296B7BAF}.Release|x64.Build.0 = Release|Any CPU
		{CEF3B78C-7386-4909-8CAC-7CCB296B7BAF}.Release|x86.ActiveCfg = Release|Any CPU
		{CEF3B78C-7386-4909-8CAC-7CCB296B7BAF}.Release|x86.Build.0 = Release|Any CPU
		{C56E14FE-4DC3-4788-846B-E69D97ED2F4D}.Debug|Any CPU.ActiveCfg = Debug|Any CPU
		{C56E14FE-4DC3-4788-846B-E69D97ED2F4D}.Debug|Any CPU.Build.0 = Debug|Any CPU
		{C56E14FE-4DC3-4788-846B-E69D97ED2F4D}.Debug|x64.ActiveCfg = Debug|Any CPU
		{C56E14FE-4DC3-4788-846B-E69D97ED2F4D}.Debug|x64.Build.0 = Debug|Any CPU
		{C56E14FE-4DC3-4788-846B-E69D97ED2F4D}.Debug|x86.ActiveCfg = Debug|Any CPU
		{C56E14FE-4DC3-4788-846B-E69D97ED2F4D}.Debug|x86.Build.0 = Debug|Any CPU
		{C56E14FE-4DC3-4788-846B-E69D97ED2F4D}.Release|Any CPU.ActiveCfg = Release|Any CPU
		{C56E14FE-4DC3-4788-846B-E69D97ED2F4D}.Release|Any CPU.Build.0 = Release|Any CPU
		{C56E14FE-4DC3-4788-846B-E69D97ED2F4D}.Release|x64.ActiveCfg = Release|Any CPU
		{C56E14FE-4DC3-4788-846B-E69D97ED2F4D}.Release|x64.Build.0 = Release|Any CPU
		{C56E14FE-4DC3-4788-846B-E69D97ED2F4D}.Release|x86.ActiveCfg = Release|Any CPU
		{C56E14FE-4DC3-4788-846B-E69D97ED2F4D}.Release|x86.Build.0 = Release|Any CPU
		{1D97E5AE-D223-4288-BD3E-B1494D35B6B5}.Debug|Any CPU.ActiveCfg = Debug|Any CPU
		{1D97E5AE-D223-4288-BD3E-B1494D35B6B5}.Debug|Any CPU.Build.0 = Debug|Any CPU
		{1D97E5AE-D223-4288-BD3E-B1494D35B6B5}.Debug|x64.ActiveCfg = Debug|Any CPU
		{1D97E5AE-D223-4288-BD3E-B1494D35B6B5}.Debug|x64.Build.0 = Debug|Any CPU
		{1D97E5AE-D223-4288-BD3E-B1494D35B6B5}.Debug|x86.ActiveCfg = Debug|Any CPU
		{1D97E5AE-D223-4288-BD3E-B1494D35B6B5}.Debug|x86.Build.0 = Debug|Any CPU
		{1D97E5AE-D223-4288-BD3E-B1494D35B6B5}.Release|Any CPU.ActiveCfg = Release|Any CPU
		{1D97E5AE-D223-4288-BD3E-B1494D35B6B5}.Release|Any CPU.Build.0 = Release|Any CPU
		{1D97E5AE-D223-4288-BD3E-B1494D35B6B5}.Release|x64.ActiveCfg = Release|Any CPU
		{1D97E5AE-D223-4288-BD3E-B1494D35B6B5}.Release|x64.Build.0 = Release|Any CPU
		{1D97E5AE-D223-4288-BD3E-B1494D35B6B5}.Release|x86.ActiveCfg = Release|Any CPU
		{1D97E5AE-D223-4288-BD3E-B1494D35B6B5}.Release|x86.Build.0 = Release|Any CPU
		{3F3F03CE-8B3E-4079-BFB6-0546693F71F9}.Debug|Any CPU.ActiveCfg = Debug|Any CPU
		{3F3F03CE-8B3E-4079-BFB6-0546693F71F9}.Debug|Any CPU.Build.0 = Debug|Any CPU
		{3F3F03CE-8B3E-4079-BFB6-0546693F71F9}.Debug|x64.ActiveCfg = Debug|Any CPU
		{3F3F03CE-8B3E-4079-BFB6-0546693F71F9}.Debug|x64.Build.0 = Debug|Any CPU
		{3F3F03CE-8B3E-4079-BFB6-0546693F71F9}.Debug|x86.ActiveCfg = Debug|Any CPU
		{3F3F03CE-8B3E-4079-BFB6-0546693F71F9}.Debug|x86.Build.0 = Debug|Any CPU
		{3F3F03CE-8B3E-4079-BFB6-0546693F71F9}.Release|Any CPU.ActiveCfg = Release|Any CPU
		{3F3F03CE-8B3E-4079-BFB6-0546693F71F9}.Release|Any CPU.Build.0 = Release|Any CPU
		{3F3F03CE-8B3E-4079-BFB6-0546693F71F9}.Release|x64.ActiveCfg = Release|Any CPU
		{3F3F03CE-8B3E-4079-BFB6-0546693F71F9}.Release|x64.Build.0 = Release|Any CPU
		{3F3F03CE-8B3E-4079-BFB6-0546693F71F9}.Release|x86.ActiveCfg = Release|Any CPU
		{3F3F03CE-8B3E-4079-BFB6-0546693F71F9}.Release|x86.Build.0 = Release|Any CPU
		{8D4FD872-375A-4D43-91A6-2C56BC29262C}.Debug|Any CPU.ActiveCfg = Debug|Any CPU
		{8D4FD872-375A-4D43-91A6-2C56BC29262C}.Debug|Any CPU.Build.0 = Debug|Any CPU
		{8D4FD872-375A-4D43-91A6-2C56BC29262C}.Debug|x64.ActiveCfg = Debug|Any CPU
		{8D4FD872-375A-4D43-91A6-2C56BC29262C}.Debug|x64.Build.0 = Debug|Any CPU
		{8D4FD872-375A-4D43-91A6-2C56BC29262C}.Debug|x86.ActiveCfg = Debug|Any CPU
		{8D4FD872-375A-4D43-91A6-2C56BC29262C}.Debug|x86.Build.0 = Debug|Any CPU
		{8D4FD872-375A-4D43-91A6-2C56BC29262C}.Release|Any CPU.ActiveCfg = Release|Any CPU
		{8D4FD872-375A-4D43-91A6-2C56BC29262C}.Release|Any CPU.Build.0 = Release|Any CPU
		{8D4FD872-375A-4D43-91A6-2C56BC29262C}.Release|x64.ActiveCfg = Release|Any CPU
		{8D4FD872-375A-4D43-91A6-2C56BC29262C}.Release|x64.Build.0 = Release|Any CPU
		{8D4FD872-375A-4D43-91A6-2C56BC29262C}.Release|x86.ActiveCfg = Release|Any CPU
		{8D4FD872-375A-4D43-91A6-2C56BC29262C}.Release|x86.Build.0 = Release|Any CPU
		{795FD6B5-B742-4D5A-BE0A-B819853A675B}.Debug|Any CPU.ActiveCfg = Debug|Any CPU
		{795FD6B5-B742-4D5A-BE0A-B819853A675B}.Debug|Any CPU.Build.0 = Debug|Any CPU
		{795FD6B5-B742-4D5A-BE0A-B819853A675B}.Debug|x64.ActiveCfg = Debug|Any CPU
		{795FD6B5-B742-4D5A-BE0A-B819853A675B}.Debug|x64.Build.0 = Debug|Any CPU
		{795FD6B5-B742-4D5A-BE0A-B819853A675B}.Debug|x86.ActiveCfg = Debug|Any CPU
		{795FD6B5-B742-4D5A-BE0A-B819853A675B}.Debug|x86.Build.0 = Debug|Any CPU
		{795FD6B5-B742-4D5A-BE0A-B819853A675B}.Release|Any CPU.ActiveCfg = Release|Any CPU
		{795FD6B5-B742-4D5A-BE0A-B819853A675B}.Release|Any CPU.Build.0 = Release|Any CPU
		{795FD6B5-B742-4D5A-BE0A-B819853A675B}.Release|x64.ActiveCfg = Release|Any CPU
		{795FD6B5-B742-4D5A-BE0A-B819853A675B}.Release|x64.Build.0 = Release|Any CPU
		{795FD6B5-B742-4D5A-BE0A-B819853A675B}.Release|x86.ActiveCfg = Release|Any CPU
		{795FD6B5-B742-4D5A-BE0A-B819853A675B}.Release|x86.Build.0 = Release|Any CPU
	EndGlobalSection
	GlobalSection(SolutionProperties) = preSolution
		HideSolutionNode = FALSE
	EndGlobalSection
EndGlobal
