
Microsoft Visual Studio Solution File, Format Version 12.00
# Visual Studio Version 16
VisualStudioVersion = 16.0.30114.105
MinimumVisualStudioVersion = 10.0.40219.1
Project("{FAE04EC0-301F-11D3-BF4B-00C04F79EFBC}") = "Main", "Main\Main.csproj", "{04F895A1-03C9-4436-B5E2-3F9431B56A5F}"
EndProject
Project("{FAE04EC0-301F-11D3-BF4B-00C04F79EFBC}") = "Read.Specs", "Read.Specs\Read.Specs.csproj", "{CD4C1508-A98B-4703-A425-E121A6535A68}"
EndProject
Project("{FAE04EC0-301F-11D3-BF4B-00C04F79EFBC}") = "Domain.Specs", "Domain.Specs\Domain.Specs.csproj", "{316FEDD1-2B1C-41F1-A443-915B6C6B7D5D}"
EndProject
Project("{FAE04EC0-301F-11D3-BF4B-00C04F79EFBC}") = "Integration.Specs", "Integration.Specs\Integration.Specs.csproj", "{48C9F551-707F-4A24-A543-EA0206ED40AA}"
EndProject
Project("{FAE04EC0-301F-11D3-BF4B-00C04F79EFBC}") = "Events.Public", "Events.Public\Events.Public.csproj", "{8AEF1560-F9FD-4048-8BCE-A7F543A0091B}"
EndProject
Project("{FAE04EC0-301F-11D3-BF4B-00C04F79EFBC}") = "Integration", "Integration\Integration.csproj", "{ABEE9A21-013D-4D30-B456-101BD722E9EA}"
EndProject
Project("{FAE04EC0-301F-11D3-BF4B-00C04F79EFBC}") = "Reactions", "Reactions\Reactions.csproj", "{62517BA3-4623-478D-A909-98AC0CFB41AA}"
EndProject
Project("{FAE04EC0-301F-11D3-BF4B-00C04F79EFBC}") = "Public", "Public\Public.csproj", "{AF4FA8C9-A5C7-4F22-930B-15447DA5DD41}"
EndProject
Project("{FAE04EC0-301F-11D3-BF4B-00C04F79EFBC}") = "Concepts", "Concepts\Concepts.csproj", "{E63F2C52-6023-4B33-B907-1363C0C5B94B}"
EndProject
Project("{FAE04EC0-301F-11D3-BF4B-00C04F79EFBC}") = "Domain", "Domain\Domain.csproj", "{7828C401-AE34-493D-8B94-3481AA9B08A8}"
EndProject
Project("{FAE04EC0-301F-11D3-BF4B-00C04F79EFBC}") = "Events", "Events\Events.csproj", "{2798D72C-231C-41F1-81DB-028199AAE5EB}"
EndProject
Project("{FAE04EC0-301F-11D3-BF4B-00C04F79EFBC}") = "Read", "Read\Read.csproj", "{321858FD-9E7D-40CF-864B-1A02D5E18CA2}"
EndProject
Global
	GlobalSection(SolutionConfigurationPlatforms) = preSolution
		Debug|Any CPU = Debug|Any CPU
		Release|Any CPU = Release|Any CPU
	EndGlobalSection
	GlobalSection(SolutionProperties) = preSolution
		HideSolutionNode = FALSE
	EndGlobalSection
	GlobalSection(ProjectConfigurationPlatforms) = postSolution
		{04F895A1-03C9-4436-B5E2-3F9431B56A5F}.Debug|Any CPU.ActiveCfg = Debug|Any CPU
		{04F895A1-03C9-4436-B5E2-3F9431B56A5F}.Debug|Any CPU.Build.0 = Debug|Any CPU
		{04F895A1-03C9-4436-B5E2-3F9431B56A5F}.Release|Any CPU.ActiveCfg = Release|Any CPU
		{04F895A1-03C9-4436-B5E2-3F9431B56A5F}.Release|Any CPU.Build.0 = Release|Any CPU
		{CD4C1508-A98B-4703-A425-E121A6535A68}.Debug|Any CPU.ActiveCfg = Debug|Any CPU
		{CD4C1508-A98B-4703-A425-E121A6535A68}.Debug|Any CPU.Build.0 = Debug|Any CPU
		{CD4C1508-A98B-4703-A425-E121A6535A68}.Release|Any CPU.ActiveCfg = Release|Any CPU
		{CD4C1508-A98B-4703-A425-E121A6535A68}.Release|Any CPU.Build.0 = Release|Any CPU
		{316FEDD1-2B1C-41F1-A443-915B6C6B7D5D}.Debug|Any CPU.ActiveCfg = Debug|Any CPU
		{316FEDD1-2B1C-41F1-A443-915B6C6B7D5D}.Debug|Any CPU.Build.0 = Debug|Any CPU
		{316FEDD1-2B1C-41F1-A443-915B6C6B7D5D}.Release|Any CPU.ActiveCfg = Release|Any CPU
		{316FEDD1-2B1C-41F1-A443-915B6C6B7D5D}.Release|Any CPU.Build.0 = Release|Any CPU
		{48C9F551-707F-4A24-A543-EA0206ED40AA}.Debug|Any CPU.ActiveCfg = Debug|Any CPU
		{48C9F551-707F-4A24-A543-EA0206ED40AA}.Debug|Any CPU.Build.0 = Debug|Any CPU
		{48C9F551-707F-4A24-A543-EA0206ED40AA}.Release|Any CPU.ActiveCfg = Release|Any CPU
		{48C9F551-707F-4A24-A543-EA0206ED40AA}.Release|Any CPU.Build.0 = Release|Any CPU
		{8AEF1560-F9FD-4048-8BCE-A7F543A0091B}.Debug|Any CPU.ActiveCfg = Debug|Any CPU
		{8AEF1560-F9FD-4048-8BCE-A7F543A0091B}.Debug|Any CPU.Build.0 = Debug|Any CPU
		{8AEF1560-F9FD-4048-8BCE-A7F543A0091B}.Release|Any CPU.ActiveCfg = Release|Any CPU
		{8AEF1560-F9FD-4048-8BCE-A7F543A0091B}.Release|Any CPU.Build.0 = Release|Any CPU
		{ABEE9A21-013D-4D30-B456-101BD722E9EA}.Debug|Any CPU.ActiveCfg = Debug|Any CPU
		{ABEE9A21-013D-4D30-B456-101BD722E9EA}.Debug|Any CPU.Build.0 = Debug|Any CPU
		{ABEE9A21-013D-4D30-B456-101BD722E9EA}.Release|Any CPU.ActiveCfg = Release|Any CPU
		{ABEE9A21-013D-4D30-B456-101BD722E9EA}.Release|Any CPU.Build.0 = Release|Any CPU
		{62517BA3-4623-478D-A909-98AC0CFB41AA}.Debug|Any CPU.ActiveCfg = Debug|Any CPU
		{62517BA3-4623-478D-A909-98AC0CFB41AA}.Debug|Any CPU.Build.0 = Debug|Any CPU
		{62517BA3-4623-478D-A909-98AC0CFB41AA}.Release|Any CPU.ActiveCfg = Release|Any CPU
		{62517BA3-4623-478D-A909-98AC0CFB41AA}.Release|Any CPU.Build.0 = Release|Any CPU
		{AF4FA8C9-A5C7-4F22-930B-15447DA5DD41}.Debug|Any CPU.ActiveCfg = Debug|Any CPU
		{AF4FA8C9-A5C7-4F22-930B-15447DA5DD41}.Debug|Any CPU.Build.0 = Debug|Any CPU
		{AF4FA8C9-A5C7-4F22-930B-15447DA5DD41}.Release|Any CPU.ActiveCfg = Release|Any CPU
		{AF4FA8C9-A5C7-4F22-930B-15447DA5DD41}.Release|Any CPU.Build.0 = Release|Any CPU
		{E63F2C52-6023-4B33-B907-1363C0C5B94B}.Debug|Any CPU.ActiveCfg = Debug|Any CPU
		{E63F2C52-6023-4B33-B907-1363C0C5B94B}.Debug|Any CPU.Build.0 = Debug|Any CPU
		{E63F2C52-6023-4B33-B907-1363C0C5B94B}.Release|Any CPU.ActiveCfg = Release|Any CPU
		{E63F2C52-6023-4B33-B907-1363C0C5B94B}.Release|Any CPU.Build.0 = Release|Any CPU
		{7828C401-AE34-493D-8B94-3481AA9B08A8}.Debug|Any CPU.ActiveCfg = Debug|Any CPU
		{7828C401-AE34-493D-8B94-3481AA9B08A8}.Debug|Any CPU.Build.0 = Debug|Any CPU
		{7828C401-AE34-493D-8B94-3481AA9B08A8}.Release|Any CPU.ActiveCfg = Release|Any CPU
		{7828C401-AE34-493D-8B94-3481AA9B08A8}.Release|Any CPU.Build.0 = Release|Any CPU
		{2798D72C-231C-41F1-81DB-028199AAE5EB}.Debug|Any CPU.ActiveCfg = Debug|Any CPU
		{2798D72C-231C-41F1-81DB-028199AAE5EB}.Debug|Any CPU.Build.0 = Debug|Any CPU
		{2798D72C-231C-41F1-81DB-028199AAE5EB}.Release|Any CPU.ActiveCfg = Release|Any CPU
		{2798D72C-231C-41F1-81DB-028199AAE5EB}.Release|Any CPU.Build.0 = Release|Any CPU
		{321858FD-9E7D-40CF-864B-1A02D5E18CA2}.Debug|Any CPU.ActiveCfg = Debug|Any CPU
		{321858FD-9E7D-40CF-864B-1A02D5E18CA2}.Debug|Any CPU.Build.0 = Debug|Any CPU
		{321858FD-9E7D-40CF-864B-1A02D5E18CA2}.Release|Any CPU.ActiveCfg = Release|Any CPU
		{321858FD-9E7D-40CF-864B-1A02D5E18CA2}.Release|Any CPU.Build.0 = Release|Any CPU
	EndGlobalSection
EndGlobal
